<?xml version="1.0" encoding="utf-8"?>
<Project ToolsVersion="4.0" xmlns="http://schemas.microsoft.com/developer/msbuild/2003">
  <ItemGroup>
    <Filter Include="Entities">
      <UniqueIdentifier>{e1dc2c6e-b72e-477d-ab28-11a8263e9105}</UniqueIdentifier>
    </Filter>
    <Filter Include="Managed">
      <UniqueIdentifier>{8d3d7347-a8ae-437f-b0a4-66459dc74b97}</UniqueIdentifier>
    </Filter>
    <Filter Include="Rendering">
      <UniqueIdentifier>{67491453-4c6f-4ff1-a0f5-7a7e818bc0de}</UniqueIdentifier>
    </Filter>
    <Filter Include="Physics">
      <UniqueIdentifier>{910aefbb-cd49-4dd6-8086-550b9cfe0e38}</UniqueIdentifier>
    </Filter>
    <Filter Include="Misc">
      <UniqueIdentifier>{73af430f-3ece-46d9-a9d0-5084c3f0dea2}</UniqueIdentifier>
    </Filter>
    <Filter Include="Thirdparty">
      <UniqueIdentifier>{b8800892-a38d-4e8b-a5c8-00c57ad936f7}</UniqueIdentifier>
    </Filter>
    <Filter Include="Thirdparty\Jolt">
      <UniqueIdentifier>{d4102107-d308-498c-98a2-22a36d65f86b}</UniqueIdentifier>
    </Filter>
    <Filter Include="Thirdparty\ImGUI">
      <UniqueIdentifier>{1f1c5f15-df2f-4cac-9335-d99e0ed70408}</UniqueIdentifier>
    </Filter>
    <Filter Include="Thirdparty\RenderDoc">
      <UniqueIdentifier>{4c378f27-e1f1-4b17-8590-ce23bcc620ff}</UniqueIdentifier>
    </Filter>
    <Filter Include="Thirdparty\VkBootstrap">
      <UniqueIdentifier>{000eed11-3c4b-4229-a145-12325af8cc5b}</UniqueIdentifier>
    </Filter>
    <Filter Include="Root">
      <UniqueIdentifier>{285f0ce0-3c10-46b4-9596-eb7dbf2d091b}</UniqueIdentifier>
    </Filter>
    <Filter Include="Rendering\Assets">
      <UniqueIdentifier>{ca723609-bf7e-40d4-b6d0-7e1e77239234}</UniqueIdentifier>
    </Filter>
    <Filter Include="Thirdparty\FontAwesome">
      <UniqueIdentifier>{decdf9eb-0f40-445e-91c2-c4f91ba7c493}</UniqueIdentifier>
    </Filter>
    <Filter Include="Thirdparty\ImPlot">
      <UniqueIdentifier>{1ed25892-3413-420a-a1dd-e8459eccf314}</UniqueIdentifier>
    </Filter>
    <Filter Include="Thirdparty\Volk">
      <UniqueIdentifier>{4591a9b7-aad3-486b-b73c-00c53b036c12}</UniqueIdentifier>
    </Filter>
    <Filter Include="Rendering\Platform">
      <UniqueIdentifier>{a9bab490-1b10-4fcb-915c-ac3ea029d4dd}</UniqueIdentifier>
    </Filter>
    <Filter Include="Rendering\Platform\Vulkan">
      <UniqueIdentifier>{542b08c0-946d-486f-bf41-85a032c27422}</UniqueIdentifier>
    </Filter>
    <Filter Include="Util">
      <UniqueIdentifier>{7f4b2273-d77c-4a42-80df-5d0ae84ac90d}</UniqueIdentifier>
    </Filter>
    <Filter Include="Managed\Bindings">
      <UniqueIdentifier>{adff9618-14a2-4b36-b617-c90e0464d6a3}</UniqueIdentifier>
    </Filter>
  </ItemGroup>
  <ItemGroup>
    <ClCompile Include="modelentity.cpp">
      <Filter>Entities</Filter>
    </ClCompile>
    <ClCompile Include="window.cpp">
      <Filter>Rendering</Filter>
    </ClCompile>
    <ClCompile Include="physicsmanager.cpp">
      <Filter>Physics</Filter>
    </ClCompile>
    <ClCompile Include="logmanager.cpp">
      <Filter>Misc</Filter>
    </ClCompile>
    <ClCompile Include="renderdocmanager.cpp">
      <Filter>Rendering</Filter>
    </ClCompile>
    <ClCompile Include="cvarmanager.cpp">
      <Filter>Misc</Filter>
    </ClCompile>
    <ClCompile Include="root.cpp">
      <Filter>Root</Filter>
    </ClCompile>
    <ClCompile Include="main.cpp">
      <Filter>Root</Filter>
    </ClCompile>
    <ClCompile Include="thirdparty\imgui\imgui_tables.cpp">
      <Filter>Thirdparty\ImGUI</Filter>
    </ClCompile>
    <ClCompile Include="thirdparty\imgui\imgui_widgets.cpp">
      <Filter>Thirdparty\ImGUI</Filter>
    </ClCompile>
    <ClCompile Include="thirdparty\imgui\imgui.cpp">
      <Filter>Thirdparty\ImGUI</Filter>
    </ClCompile>
    <ClCompile Include="thirdparty\imgui\imgui_demo.cpp">
      <Filter>Thirdparty\ImGUI</Filter>
    </ClCompile>
    <ClCompile Include="thirdparty\imgui\imgui_draw.cpp">
      <Filter>Thirdparty\ImGUI</Filter>
    </ClCompile>
    <ClCompile Include="thirdparty\imgui\backends\imgui_impl_sdl.cpp">
      <Filter>Thirdparty\ImGUI</Filter>
    </ClCompile>
    <ClCompile Include="thirdparty\imgui\backends\imgui_impl_vulkan.cpp">
      <Filter>Thirdparty\ImGUI</Filter>
    </ClCompile>
    <ClCompile Include="thirdparty\JoltPhysics\Jolt\Math\UVec4.cpp">
      <Filter>Thirdparty\Jolt</Filter>
    </ClCompile>
    <ClCompile Include="thirdparty\JoltPhysics\Jolt\Math\Vec3.cpp">
      <Filter>Thirdparty\Jolt</Filter>
    </ClCompile>
    <ClCompile Include="thirdparty\JoltPhysics\Jolt\ObjectStream\ObjectStream.cpp">
      <Filter>Thirdparty\Jolt</Filter>
    </ClCompile>
    <ClCompile Include="thirdparty\JoltPhysics\Jolt\ObjectStream\ObjectStreamBinaryIn.cpp">
      <Filter>Thirdparty\Jolt</Filter>
    </ClCompile>
    <ClCompile Include="thirdparty\JoltPhysics\Jolt\ObjectStream\ObjectStreamBinaryOut.cpp">
      <Filter>Thirdparty\Jolt</Filter>
    </ClCompile>
    <ClCompile Include="thirdparty\JoltPhysics\Jolt\ObjectStream\ObjectStreamIn.cpp">
      <Filter>Thirdparty\Jolt</Filter>
    </ClCompile>
    <ClCompile Include="thirdparty\JoltPhysics\Jolt\ObjectStream\ObjectStreamOut.cpp">
      <Filter>Thirdparty\Jolt</Filter>
    </ClCompile>
    <ClCompile Include="thirdparty\JoltPhysics\Jolt\ObjectStream\ObjectStreamTextIn.cpp">
      <Filter>Thirdparty\Jolt</Filter>
    </ClCompile>
    <ClCompile Include="thirdparty\JoltPhysics\Jolt\ObjectStream\ObjectStreamTextOut.cpp">
      <Filter>Thirdparty\Jolt</Filter>
    </ClCompile>
    <ClCompile Include="thirdparty\JoltPhysics\Jolt\ObjectStream\SerializableObject.cpp">
      <Filter>Thirdparty\Jolt</Filter>
    </ClCompile>
    <ClCompile Include="thirdparty\JoltPhysics\Jolt\ObjectStream\TypeDeclarations.cpp">
      <Filter>Thirdparty\Jolt</Filter>
    </ClCompile>
    <ClCompile Include="thirdparty\JoltPhysics\Jolt\Physics\Body\Body.cpp">
      <Filter>Thirdparty\Jolt</Filter>
    </ClCompile>
    <ClCompile Include="thirdparty\JoltPhysics\Jolt\Physics\Body\BodyAccess.cpp">
      <Filter>Thirdparty\Jolt</Filter>
    </ClCompile>
    <ClCompile Include="thirdparty\JoltPhysics\Jolt\Physics\Body\BodyCreationSettings.cpp">
      <Filter>Thirdparty\Jolt</Filter>
    </ClCompile>
    <ClCompile Include="thirdparty\JoltPhysics\Jolt\Physics\Body\BodyInterface.cpp">
      <Filter>Thirdparty\Jolt</Filter>
    </ClCompile>
    <ClCompile Include="thirdparty\JoltPhysics\Jolt\Physics\Body\BodyManager.cpp">
      <Filter>Thirdparty\Jolt</Filter>
    </ClCompile>
    <ClCompile Include="thirdparty\JoltPhysics\Jolt\Physics\Body\MassProperties.cpp">
      <Filter>Thirdparty\Jolt</Filter>
    </ClCompile>
    <ClCompile Include="thirdparty\JoltPhysics\Jolt\Physics\Body\MotionProperties.cpp">
      <Filter>Thirdparty\Jolt</Filter>
    </ClCompile>
    <ClCompile Include="thirdparty\JoltPhysics\Jolt\Physics\Character\Character.cpp">
      <Filter>Thirdparty\Jolt</Filter>
    </ClCompile>
    <ClCompile Include="thirdparty\JoltPhysics\Jolt\Physics\Character\CharacterBase.cpp">
      <Filter>Thirdparty\Jolt</Filter>
    </ClCompile>
    <ClCompile Include="thirdparty\JoltPhysics\Jolt\Physics\Character\CharacterVirtual.cpp">
      <Filter>Thirdparty\Jolt</Filter>
    </ClCompile>
    <ClCompile Include="thirdparty\JoltPhysics\Jolt\Physics\Collision\BroadPhase\BroadPhase.cpp">
      <Filter>Thirdparty\Jolt</Filter>
    </ClCompile>
    <ClCompile Include="thirdparty\JoltPhysics\Jolt\Physics\Collision\BroadPhase\BroadPhaseBruteForce.cpp">
      <Filter>Thirdparty\Jolt</Filter>
    </ClCompile>
    <ClCompile Include="thirdparty\JoltPhysics\Jolt\Physics\Collision\BroadPhase\BroadPhaseQuadTree.cpp">
      <Filter>Thirdparty\Jolt</Filter>
    </ClCompile>
    <ClCompile Include="thirdparty\JoltPhysics\Jolt\Physics\Collision\BroadPhase\QuadTree.cpp">
      <Filter>Thirdparty\Jolt</Filter>
    </ClCompile>
    <ClCompile Include="thirdparty\JoltPhysics\Jolt\Physics\Collision\CastConvexVsTriangles.cpp">
      <Filter>Thirdparty\Jolt</Filter>
    </ClCompile>
    <ClCompile Include="thirdparty\JoltPhysics\Jolt\Physics\Collision\CastSphereVsTriangles.cpp">
      <Filter>Thirdparty\Jolt</Filter>
    </ClCompile>
    <ClCompile Include="thirdparty\JoltPhysics\Jolt\Physics\Collision\CollideConvexVsTriangles.cpp">
      <Filter>Thirdparty\Jolt</Filter>
    </ClCompile>
    <ClCompile Include="thirdparty\JoltPhysics\Jolt\Physics\Collision\CollideSphereVsTriangles.cpp">
      <Filter>Thirdparty\Jolt</Filter>
    </ClCompile>
    <ClCompile Include="thirdparty\JoltPhysics\Jolt\Physics\Collision\CollisionDispatch.cpp">
      <Filter>Thirdparty\Jolt</Filter>
    </ClCompile>
    <ClCompile Include="thirdparty\JoltPhysics\Jolt\Physics\Collision\CollisionGroup.cpp">
      <Filter>Thirdparty\Jolt</Filter>
    </ClCompile>
    <ClCompile Include="thirdparty\JoltPhysics\Jolt\Physics\Collision\GroupFilter.cpp">
      <Filter>Thirdparty\Jolt</Filter>
    </ClCompile>
    <ClCompile Include="thirdparty\JoltPhysics\Jolt\Physics\Collision\GroupFilterTable.cpp">
      <Filter>Thirdparty\Jolt</Filter>
    </ClCompile>
    <ClCompile Include="thirdparty\JoltPhysics\Jolt\Physics\Collision\ManifoldBetweenTwoFaces.cpp">
      <Filter>Thirdparty\Jolt</Filter>
    </ClCompile>
    <ClCompile Include="thirdparty\JoltPhysics\Jolt\Physics\Collision\NarrowPhaseQuery.cpp">
      <Filter>Thirdparty\Jolt</Filter>
    </ClCompile>
    <ClCompile Include="thirdparty\JoltPhysics\Jolt\Physics\Collision\NarrowPhaseStats.cpp">
      <Filter>Thirdparty\Jolt</Filter>
    </ClCompile>
    <ClCompile Include="thirdparty\JoltPhysics\Jolt\Physics\Collision\PhysicsMaterial.cpp">
      <Filter>Thirdparty\Jolt</Filter>
    </ClCompile>
    <ClCompile Include="thirdparty\JoltPhysics\Jolt\Physics\Collision\PhysicsMaterialSimple.cpp">
      <Filter>Thirdparty\Jolt</Filter>
    </ClCompile>
    <ClCompile Include="thirdparty\JoltPhysics\Jolt\Physics\Collision\Shape\BoxShape.cpp">
      <Filter>Thirdparty\Jolt</Filter>
    </ClCompile>
    <ClCompile Include="thirdparty\JoltPhysics\Jolt\Physics\Collision\Shape\CapsuleShape.cpp">
      <Filter>Thirdparty\Jolt</Filter>
    </ClCompile>
    <ClCompile Include="thirdparty\JoltPhysics\Jolt\Physics\Collision\Shape\CompoundShape.cpp">
      <Filter>Thirdparty\Jolt</Filter>
    </ClCompile>
    <ClCompile Include="thirdparty\JoltPhysics\Jolt\Physics\Collision\Shape\ConvexHullShape.cpp">
      <Filter>Thirdparty\Jolt</Filter>
    </ClCompile>
    <ClCompile Include="thirdparty\JoltPhysics\Jolt\Physics\Collision\Shape\ConvexShape.cpp">
      <Filter>Thirdparty\Jolt</Filter>
    </ClCompile>
    <ClCompile Include="thirdparty\JoltPhysics\Jolt\Physics\Collision\Shape\CylinderShape.cpp">
      <Filter>Thirdparty\Jolt</Filter>
    </ClCompile>
    <ClCompile Include="thirdparty\JoltPhysics\Jolt\Physics\Collision\Shape\DecoratedShape.cpp">
      <Filter>Thirdparty\Jolt</Filter>
    </ClCompile>
    <ClCompile Include="thirdparty\JoltPhysics\Jolt\Physics\Collision\Shape\HeightFieldShape.cpp">
      <Filter>Thirdparty\Jolt</Filter>
    </ClCompile>
    <ClCompile Include="thirdparty\JoltPhysics\Jolt\Physics\Collision\Shape\MeshShape.cpp">
      <Filter>Thirdparty\Jolt</Filter>
    </ClCompile>
    <ClCompile Include="thirdparty\JoltPhysics\Jolt\Physics\Collision\Shape\MutableCompoundShape.cpp">
      <Filter>Thirdparty\Jolt</Filter>
    </ClCompile>
    <ClCompile Include="thirdparty\JoltPhysics\Jolt\Physics\Collision\Shape\OffsetCenterOfMassShape.cpp">
      <Filter>Thirdparty\Jolt</Filter>
    </ClCompile>
    <ClCompile Include="thirdparty\JoltPhysics\Jolt\Physics\Collision\Shape\RotatedTranslatedShape.cpp">
      <Filter>Thirdparty\Jolt</Filter>
    </ClCompile>
    <ClCompile Include="thirdparty\JoltPhysics\Jolt\Physics\Collision\Shape\ScaledShape.cpp">
      <Filter>Thirdparty\Jolt</Filter>
    </ClCompile>
    <ClCompile Include="thirdparty\JoltPhysics\Jolt\Physics\Collision\Shape\Shape.cpp">
      <Filter>Thirdparty\Jolt</Filter>
    </ClCompile>
    <ClCompile Include="thirdparty\JoltPhysics\Jolt\Physics\Collision\Shape\SphereShape.cpp">
      <Filter>Thirdparty\Jolt</Filter>
    </ClCompile>
    <ClCompile Include="thirdparty\JoltPhysics\Jolt\Physics\Collision\Shape\StaticCompoundShape.cpp">
      <Filter>Thirdparty\Jolt</Filter>
    </ClCompile>
    <ClCompile Include="thirdparty\JoltPhysics\Jolt\Physics\Collision\Shape\TaperedCapsuleShape.cpp">
      <Filter>Thirdparty\Jolt</Filter>
    </ClCompile>
    <ClCompile Include="thirdparty\JoltPhysics\Jolt\Physics\Collision\Shape\TriangleShape.cpp">
      <Filter>Thirdparty\Jolt</Filter>
    </ClCompile>
    <ClCompile Include="thirdparty\JoltPhysics\Jolt\Physics\Collision\TransformedShape.cpp">
      <Filter>Thirdparty\Jolt</Filter>
    </ClCompile>
    <ClCompile Include="thirdparty\JoltPhysics\Jolt\Physics\Constraints\ConeConstraint.cpp">
      <Filter>Thirdparty\Jolt</Filter>
    </ClCompile>
    <ClCompile Include="thirdparty\JoltPhysics\Jolt\Physics\Constraints\Constraint.cpp">
      <Filter>Thirdparty\Jolt</Filter>
    </ClCompile>
    <ClCompile Include="thirdparty\JoltPhysics\Jolt\Physics\Constraints\ConstraintManager.cpp">
      <Filter>Thirdparty\Jolt</Filter>
    </ClCompile>
    <ClCompile Include="thirdparty\JoltPhysics\Jolt\Physics\Constraints\ContactConstraintManager.cpp">
      <Filter>Thirdparty\Jolt</Filter>
    </ClCompile>
    <ClCompile Include="thirdparty\JoltPhysics\Jolt\Physics\Constraints\DistanceConstraint.cpp">
      <Filter>Thirdparty\Jolt</Filter>
    </ClCompile>
    <ClCompile Include="thirdparty\JoltPhysics\Jolt\Physics\Constraints\FixedConstraint.cpp">
      <Filter>Thirdparty\Jolt</Filter>
    </ClCompile>
    <ClCompile Include="thirdparty\JoltPhysics\Jolt\Physics\Constraints\GearConstraint.cpp">
      <Filter>Thirdparty\Jolt</Filter>
    </ClCompile>
    <ClCompile Include="thirdparty\JoltPhysics\Jolt\Physics\Constraints\HingeConstraint.cpp">
      <Filter>Thirdparty\Jolt</Filter>
    </ClCompile>
    <ClCompile Include="thirdparty\JoltPhysics\Jolt\Physics\Constraints\MotorSettings.cpp">
      <Filter>Thirdparty\Jolt</Filter>
    </ClCompile>
    <ClCompile Include="thirdparty\JoltPhysics\Jolt\Physics\Constraints\PathConstraint.cpp">
      <Filter>Thirdparty\Jolt</Filter>
    </ClCompile>
    <ClCompile Include="thirdparty\JoltPhysics\Jolt\Physics\Constraints\PathConstraintPath.cpp">
      <Filter>Thirdparty\Jolt</Filter>
    </ClCompile>
    <ClCompile Include="thirdparty\JoltPhysics\Jolt\Physics\Constraints\PathConstraintPathHermite.cpp">
      <Filter>Thirdparty\Jolt</Filter>
    </ClCompile>
    <ClCompile Include="thirdparty\JoltPhysics\Jolt\Physics\Constraints\PointConstraint.cpp">
      <Filter>Thirdparty\Jolt</Filter>
    </ClCompile>
    <ClCompile Include="thirdparty\JoltPhysics\Jolt\Physics\Constraints\PulleyConstraint.cpp">
      <Filter>Thirdparty\Jolt</Filter>
    </ClCompile>
    <ClCompile Include="thirdparty\JoltPhysics\Jolt\Physics\Constraints\RackAndPinionConstraint.cpp">
      <Filter>Thirdparty\Jolt</Filter>
    </ClCompile>
    <ClCompile Include="thirdparty\JoltPhysics\Jolt\Physics\Constraints\SixDOFConstraint.cpp">
      <Filter>Thirdparty\Jolt</Filter>
    </ClCompile>
    <ClCompile Include="thirdparty\JoltPhysics\Jolt\Physics\Constraints\SliderConstraint.cpp">
      <Filter>Thirdparty\Jolt</Filter>
    </ClCompile>
    <ClCompile Include="thirdparty\JoltPhysics\Jolt\Physics\Constraints\SwingTwistConstraint.cpp">
      <Filter>Thirdparty\Jolt</Filter>
    </ClCompile>
    <ClCompile Include="thirdparty\JoltPhysics\Jolt\Physics\Constraints\TwoBodyConstraint.cpp">
      <Filter>Thirdparty\Jolt</Filter>
    </ClCompile>
    <ClCompile Include="thirdparty\JoltPhysics\Jolt\Physics\DeterminismLog.cpp">
      <Filter>Thirdparty\Jolt</Filter>
    </ClCompile>
    <ClCompile Include="thirdparty\JoltPhysics\Jolt\Physics\IslandBuilder.cpp">
      <Filter>Thirdparty\Jolt</Filter>
    </ClCompile>
    <ClCompile Include="thirdparty\JoltPhysics\Jolt\Physics\PhysicsLock.cpp">
      <Filter>Thirdparty\Jolt</Filter>
    </ClCompile>
    <ClCompile Include="thirdparty\JoltPhysics\Jolt\Physics\PhysicsScene.cpp">
      <Filter>Thirdparty\Jolt</Filter>
    </ClCompile>
    <ClCompile Include="thirdparty\JoltPhysics\Jolt\Physics\PhysicsSystem.cpp">
      <Filter>Thirdparty\Jolt</Filter>
    </ClCompile>
    <ClCompile Include="thirdparty\JoltPhysics\Jolt\Physics\PhysicsUpdateContext.cpp">
      <Filter>Thirdparty\Jolt</Filter>
    </ClCompile>
    <ClCompile Include="thirdparty\JoltPhysics\Jolt\Physics\Ragdoll\Ragdoll.cpp">
      <Filter>Thirdparty\Jolt</Filter>
    </ClCompile>
    <ClCompile Include="thirdparty\JoltPhysics\Jolt\Physics\StateRecorderImpl.cpp">
      <Filter>Thirdparty\Jolt</Filter>
    </ClCompile>
    <ClCompile Include="thirdparty\JoltPhysics\Jolt\Physics\Vehicle\TrackedVehicleController.cpp">
      <Filter>Thirdparty\Jolt</Filter>
    </ClCompile>
    <ClCompile Include="thirdparty\JoltPhysics\Jolt\Physics\Vehicle\VehicleAntiRollBar.cpp">
      <Filter>Thirdparty\Jolt</Filter>
    </ClCompile>
    <ClCompile Include="thirdparty\JoltPhysics\Jolt\Physics\Vehicle\VehicleCollisionTester.cpp">
      <Filter>Thirdparty\Jolt</Filter>
    </ClCompile>
    <ClCompile Include="thirdparty\JoltPhysics\Jolt\Physics\Vehicle\VehicleConstraint.cpp">
      <Filter>Thirdparty\Jolt</Filter>
    </ClCompile>
    <ClCompile Include="thirdparty\JoltPhysics\Jolt\Physics\Vehicle\VehicleController.cpp">
      <Filter>Thirdparty\Jolt</Filter>
    </ClCompile>
    <ClCompile Include="thirdparty\JoltPhysics\Jolt\Physics\Vehicle\VehicleDifferential.cpp">
      <Filter>Thirdparty\Jolt</Filter>
    </ClCompile>
    <ClCompile Include="thirdparty\JoltPhysics\Jolt\Physics\Vehicle\VehicleEngine.cpp">
      <Filter>Thirdparty\Jolt</Filter>
    </ClCompile>
    <ClCompile Include="thirdparty\JoltPhysics\Jolt\Physics\Vehicle\VehicleTrack.cpp">
      <Filter>Thirdparty\Jolt</Filter>
    </ClCompile>
    <ClCompile Include="thirdparty\JoltPhysics\Jolt\Physics\Vehicle\VehicleTransmission.cpp">
      <Filter>Thirdparty\Jolt</Filter>
    </ClCompile>
    <ClCompile Include="thirdparty\JoltPhysics\Jolt\Physics\Vehicle\Wheel.cpp">
      <Filter>Thirdparty\Jolt</Filter>
    </ClCompile>
    <ClCompile Include="thirdparty\JoltPhysics\Jolt\Physics\Vehicle\WheeledVehicleController.cpp">
      <Filter>Thirdparty\Jolt</Filter>
    </ClCompile>
    <ClCompile Include="thirdparty\JoltPhysics\Jolt\Renderer\DebugRenderer.cpp">
      <Filter>Thirdparty\Jolt</Filter>
    </ClCompile>
    <ClCompile Include="thirdparty\JoltPhysics\Jolt\Renderer\DebugRendererPlayback.cpp">
      <Filter>Thirdparty\Jolt</Filter>
    </ClCompile>
    <ClCompile Include="thirdparty\JoltPhysics\Jolt\Renderer\DebugRendererRecorder.cpp">
      <Filter>Thirdparty\Jolt</Filter>
    </ClCompile>
    <ClCompile Include="thirdparty\JoltPhysics\Jolt\Skeleton\SkeletalAnimation.cpp">
      <Filter>Thirdparty\Jolt</Filter>
    </ClCompile>
    <ClCompile Include="thirdparty\JoltPhysics\Jolt\Skeleton\Skeleton.cpp">
      <Filter>Thirdparty\Jolt</Filter>
    </ClCompile>
    <ClCompile Include="thirdparty\JoltPhysics\Jolt\Skeleton\SkeletonMapper.cpp">
      <Filter>Thirdparty\Jolt</Filter>
    </ClCompile>
    <ClCompile Include="thirdparty\JoltPhysics\Jolt\Skeleton\SkeletonPose.cpp">
      <Filter>Thirdparty\Jolt</Filter>
    </ClCompile>
    <ClCompile Include="thirdparty\JoltPhysics\Jolt\TriangleGrouper\TriangleGrouperClosestCentroid.cpp">
      <Filter>Thirdparty\Jolt</Filter>
    </ClCompile>
    <ClCompile Include="thirdparty\JoltPhysics\Jolt\TriangleGrouper\TriangleGrouperMorton.cpp">
      <Filter>Thirdparty\Jolt</Filter>
    </ClCompile>
    <ClCompile Include="thirdparty\JoltPhysics\Jolt\TriangleSplitter\TriangleSplitter.cpp">
      <Filter>Thirdparty\Jolt</Filter>
    </ClCompile>
    <ClCompile Include="thirdparty\JoltPhysics\Jolt\TriangleSplitter\TriangleSplitterBinning.cpp">
      <Filter>Thirdparty\Jolt</Filter>
    </ClCompile>
    <ClCompile Include="thirdparty\JoltPhysics\Jolt\TriangleSplitter\TriangleSplitterFixedLeafSize.cpp">
      <Filter>Thirdparty\Jolt</Filter>
    </ClCompile>
    <ClCompile Include="thirdparty\JoltPhysics\Jolt\TriangleSplitter\TriangleSplitterLongestAxis.cpp">
      <Filter>Thirdparty\Jolt</Filter>
    </ClCompile>
    <ClCompile Include="thirdparty\JoltPhysics\Jolt\TriangleSplitter\TriangleSplitterMean.cpp">
      <Filter>Thirdparty\Jolt</Filter>
    </ClCompile>
    <ClCompile Include="thirdparty\JoltPhysics\Jolt\TriangleSplitter\TriangleSplitterMorton.cpp">
      <Filter>Thirdparty\Jolt</Filter>
    </ClCompile>
    <ClCompile Include="thirdparty\JoltPhysics\Jolt\RegisterTypes.cpp">
      <Filter>Thirdparty\Jolt</Filter>
    </ClCompile>
    <ClCompile Include="thirdparty\JoltPhysics\Jolt\AABBTree\AABBTreeBuilder.cpp">
      <Filter>Thirdparty\Jolt</Filter>
    </ClCompile>
    <ClCompile Include="thirdparty\JoltPhysics\Jolt\Core\Color.cpp">
      <Filter>Thirdparty\Jolt</Filter>
    </ClCompile>
    <ClCompile Include="thirdparty\JoltPhysics\Jolt\Core\Factory.cpp">
      <Filter>Thirdparty\Jolt</Filter>
    </ClCompile>
    <ClCompile Include="thirdparty\JoltPhysics\Jolt\Core\IssueReporting.cpp">
      <Filter>Thirdparty\Jolt</Filter>
    </ClCompile>
    <ClCompile Include="thirdparty\JoltPhysics\Jolt\Core\JobSystemThreadPool.cpp">
      <Filter>Thirdparty\Jolt</Filter>
    </ClCompile>
    <ClCompile Include="thirdparty\JoltPhysics\Jolt\Core\LinearCurve.cpp">
      <Filter>Thirdparty\Jolt</Filter>
    </ClCompile>
    <ClCompile Include="thirdparty\JoltPhysics\Jolt\Core\Memory.cpp">
      <Filter>Thirdparty\Jolt</Filter>
    </ClCompile>
    <ClCompile Include="thirdparty\JoltPhysics\Jolt\Core\Profiler.cpp">
      <Filter>Thirdparty\Jolt</Filter>
    </ClCompile>
    <ClCompile Include="thirdparty\JoltPhysics\Jolt\Core\RTTI.cpp">
      <Filter>Thirdparty\Jolt</Filter>
    </ClCompile>
    <ClCompile Include="thirdparty\JoltPhysics\Jolt\Core\StringTools.cpp">
      <Filter>Thirdparty\Jolt</Filter>
    </ClCompile>
    <ClCompile Include="thirdparty\JoltPhysics\Jolt\Core\TickCounter.cpp">
      <Filter>Thirdparty\Jolt</Filter>
    </ClCompile>
    <ClCompile Include="thirdparty\JoltPhysics\Jolt\Geometry\ConvexHullBuilder.cpp">
      <Filter>Thirdparty\Jolt</Filter>
    </ClCompile>
    <ClCompile Include="thirdparty\JoltPhysics\Jolt\Geometry\ConvexHullBuilder2D.cpp">
      <Filter>Thirdparty\Jolt</Filter>
    </ClCompile>
    <ClCompile Include="thirdparty\JoltPhysics\Jolt\Geometry\Indexify.cpp">
      <Filter>Thirdparty\Jolt</Filter>
    </ClCompile>
    <ClCompile Include="thirdparty\JoltPhysics\Jolt\Geometry\OrientedBox.cpp">
      <Filter>Thirdparty\Jolt</Filter>
    </ClCompile>
    <ClCompile Include="thirdparty\vk-bootstrap\src\VkBootstrap.cpp">
      <Filter>Thirdparty\VkBootstrap</Filter>
    </ClCompile>
    <ClCompile Include="inputmanager.cpp">
      <Filter>Misc</Filter>
    </ClCompile>
    <ClCompile Include="texture.cpp">
      <Filter>Rendering\Assets</Filter>
    </ClCompile>
    <ClCompile Include="material.cpp">
      <Filter>Rendering\Assets</Filter>
    </ClCompile>
    <ClCompile Include="rendermanager.cpp">
      <Filter>Rendering</Filter>
    </ClCompile>
    <ClCompile Include="model.cpp">
      <Filter>Rendering\Assets</Filter>
    </ClCompile>
    <ClCompile Include="hostmanager.cpp">
      <Filter>Managed</Filter>
    </ClCompile>
    <ClCompile Include="thirdparty\implot\implot_items.cpp">
      <Filter>Thirdparty\ImPlot</Filter>
    </ClCompile>
    <ClCompile Include="thirdparty\implot\implot.cpp">
      <Filter>Thirdparty\ImPlot</Filter>
    </ClCompile>
    <ClCompile Include="thirdparty\implot\implot_demo.cpp">
      <Filter>Thirdparty\ImPlot</Filter>
    </ClCompile>
    <ClCompile Include="thirdparty\volk\volk.c">
      <Filter>Thirdparty\Volk</Filter>
    </ClCompile>
    <ClCompile Include="vulkanrendercontext.cpp">
      <Filter>Rendering\Platform\Vulkan</Filter>
    </ClCompile>
    <ClCompile Include="baserendercontext.cpp">
      <Filter>Rendering\Platform</Filter>
    </ClCompile>
    <ClCompile Include="pipeline.cpp">
      <Filter>Rendering\Platform\Vulkan</Filter>
    </ClCompile>
    <ClCompile Include="shadercompiler.cpp">
      <Filter>Rendering</Filter>
    </ClCompile>
    <ClCompile Include="projectmanager.cpp">
      <Filter>Misc</Filter>
    </ClCompile>
  </ItemGroup>
  <ItemGroup>
    <ClInclude Include="modelentity.h">
      <Filter>Entities</Filter>
    </ClInclude>
    <ClInclude Include="baseentity.h">
      <Filter>Entities</Filter>
    </ClInclude>
    <ClInclude Include="entitymanager.h">
      <Filter>Entities</Filter>
    </ClInclude>
    <ClInclude Include="window.h">
      <Filter>Rendering</Filter>
    </ClInclude>
    <ClInclude Include="physicsmanager.h">
      <Filter>Physics</Filter>
    </ClInclude>
    <ClInclude Include="defs.h">
      <Filter>Misc</Filter>
    </ClInclude>
    <ClInclude Include="globalvars.h">
      <Filter>Misc</Filter>
    </ClInclude>
    <ClInclude Include="subsystem.h">
      <Filter>Misc</Filter>
    </ClInclude>
    <ClInclude Include="logmanager.h">
      <Filter>Misc</Filter>
    </ClInclude>
    <ClInclude Include="renderdocmanager.h">
      <Filter>Rendering</Filter>
    </ClInclude>
    <ClInclude Include="cvarmanager.h">
      <Filter>Misc</Filter>
    </ClInclude>
    <ClInclude Include="root.h">
      <Filter>Root</Filter>
    </ClInclude>
    <ClInclude Include="thirdparty\imgui\imgui_internal.h">
      <Filter>Thirdparty\ImGUI</Filter>
    </ClInclude>
    <ClInclude Include="thirdparty\imgui\imstb_rectpack.h">
      <Filter>Thirdparty\ImGUI</Filter>
    </ClInclude>
    <ClInclude Include="thirdparty\imgui\imstb_textedit.h">
      <Filter>Thirdparty\ImGUI</Filter>
    </ClInclude>
    <ClInclude Include="thirdparty\imgui\imstb_truetype.h">
      <Filter>Thirdparty\ImGUI</Filter>
    </ClInclude>
    <ClInclude Include="thirdparty\imgui\imgui.h">
      <Filter>Thirdparty\ImGUI</Filter>
    </ClInclude>
    <ClInclude Include="thirdparty\imgui\backends\imgui_impl_sdl.h">
      <Filter>Thirdparty\ImGUI</Filter>
    </ClInclude>
    <ClInclude Include="thirdparty\imgui\backends\imgui_impl_vulkan.h">
      <Filter>Thirdparty\ImGUI</Filter>
    </ClInclude>
    <ClInclude Include="thirdparty\JoltPhysics\Jolt\Math\DVec3.h">
      <Filter>Thirdparty\Jolt</Filter>
    </ClInclude>
    <ClInclude Include="thirdparty\JoltPhysics\Jolt\Math\DynMatrix.h">
      <Filter>Thirdparty\Jolt</Filter>
    </ClInclude>
    <ClInclude Include="thirdparty\JoltPhysics\Jolt\Math\EigenValueSymmetric.h">
      <Filter>Thirdparty\Jolt</Filter>
    </ClInclude>
    <ClInclude Include="thirdparty\JoltPhysics\Jolt\Math\FindRoot.h">
      <Filter>Thirdparty\Jolt</Filter>
    </ClInclude>
    <ClInclude Include="thirdparty\JoltPhysics\Jolt\Math\Float2.h">
      <Filter>Thirdparty\Jolt</Filter>
    </ClInclude>
    <ClInclude Include="thirdparty\JoltPhysics\Jolt\Math\Float3.h">
      <Filter>Thirdparty\Jolt</Filter>
    </ClInclude>
    <ClInclude Include="thirdparty\JoltPhysics\Jolt\Math\Float4.h">
      <Filter>Thirdparty\Jolt</Filter>
    </ClInclude>
    <ClInclude Include="thirdparty\JoltPhysics\Jolt\Math\GaussianElimination.h">
      <Filter>Thirdparty\Jolt</Filter>
    </ClInclude>
    <ClInclude Include="thirdparty\JoltPhysics\Jolt\Math\HalfFloat.h">
      <Filter>Thirdparty\Jolt</Filter>
    </ClInclude>
    <ClInclude Include="thirdparty\JoltPhysics\Jolt\Math\Mat44.h">
      <Filter>Thirdparty\Jolt</Filter>
    </ClInclude>
    <ClInclude Include="thirdparty\JoltPhysics\Jolt\Math\Math.h">
      <Filter>Thirdparty\Jolt</Filter>
    </ClInclude>
    <ClInclude Include="thirdparty\JoltPhysics\Jolt\Math\MathTypes.h">
      <Filter>Thirdparty\Jolt</Filter>
    </ClInclude>
    <ClInclude Include="thirdparty\JoltPhysics\Jolt\Math\Matrix.h">
      <Filter>Thirdparty\Jolt</Filter>
    </ClInclude>
    <ClInclude Include="thirdparty\JoltPhysics\Jolt\Math\Quat.h">
      <Filter>Thirdparty\Jolt</Filter>
    </ClInclude>
    <ClInclude Include="thirdparty\JoltPhysics\Jolt\Math\Swizzle.h">
      <Filter>Thirdparty\Jolt</Filter>
    </ClInclude>
    <ClInclude Include="thirdparty\JoltPhysics\Jolt\Math\Trigonometry.h">
      <Filter>Thirdparty\Jolt</Filter>
    </ClInclude>
    <ClInclude Include="thirdparty\JoltPhysics\Jolt\Math\UVec4.h">
      <Filter>Thirdparty\Jolt</Filter>
    </ClInclude>
    <ClInclude Include="thirdparty\JoltPhysics\Jolt\Math\UVec8.h">
      <Filter>Thirdparty\Jolt</Filter>
    </ClInclude>
    <ClInclude Include="thirdparty\JoltPhysics\Jolt\Math\Vec3.h">
      <Filter>Thirdparty\Jolt</Filter>
    </ClInclude>
    <ClInclude Include="thirdparty\JoltPhysics\Jolt\Math\Vec4.h">
      <Filter>Thirdparty\Jolt</Filter>
    </ClInclude>
    <ClInclude Include="thirdparty\JoltPhysics\Jolt\Math\Vec8.h">
      <Filter>Thirdparty\Jolt</Filter>
    </ClInclude>
    <ClInclude Include="thirdparty\JoltPhysics\Jolt\Math\Vector.h">
      <Filter>Thirdparty\Jolt</Filter>
    </ClInclude>
    <ClInclude Include="thirdparty\JoltPhysics\Jolt\ObjectStream\GetPrimitiveTypeOfType.h">
      <Filter>Thirdparty\Jolt</Filter>
    </ClInclude>
    <ClInclude Include="thirdparty\JoltPhysics\Jolt\ObjectStream\ObjectStream.h">
      <Filter>Thirdparty\Jolt</Filter>
    </ClInclude>
    <ClInclude Include="thirdparty\JoltPhysics\Jolt\ObjectStream\ObjectStreamBinaryIn.h">
      <Filter>Thirdparty\Jolt</Filter>
    </ClInclude>
    <ClInclude Include="thirdparty\JoltPhysics\Jolt\ObjectStream\ObjectStreamBinaryOut.h">
      <Filter>Thirdparty\Jolt</Filter>
    </ClInclude>
    <ClInclude Include="thirdparty\JoltPhysics\Jolt\ObjectStream\ObjectStreamIn.h">
      <Filter>Thirdparty\Jolt</Filter>
    </ClInclude>
    <ClInclude Include="thirdparty\JoltPhysics\Jolt\ObjectStream\ObjectStreamOut.h">
      <Filter>Thirdparty\Jolt</Filter>
    </ClInclude>
    <ClInclude Include="thirdparty\JoltPhysics\Jolt\ObjectStream\ObjectStreamTextIn.h">
      <Filter>Thirdparty\Jolt</Filter>
    </ClInclude>
    <ClInclude Include="thirdparty\JoltPhysics\Jolt\ObjectStream\ObjectStreamTextOut.h">
      <Filter>Thirdparty\Jolt</Filter>
    </ClInclude>
    <ClInclude Include="thirdparty\JoltPhysics\Jolt\ObjectStream\ObjectStreamTypes.h">
      <Filter>Thirdparty\Jolt</Filter>
    </ClInclude>
    <ClInclude Include="thirdparty\JoltPhysics\Jolt\ObjectStream\SerializableAttribute.h">
      <Filter>Thirdparty\Jolt</Filter>
    </ClInclude>
    <ClInclude Include="thirdparty\JoltPhysics\Jolt\ObjectStream\SerializableAttributeEnum.h">
      <Filter>Thirdparty\Jolt</Filter>
    </ClInclude>
    <ClInclude Include="thirdparty\JoltPhysics\Jolt\ObjectStream\SerializableAttributeTyped.h">
      <Filter>Thirdparty\Jolt</Filter>
    </ClInclude>
    <ClInclude Include="thirdparty\JoltPhysics\Jolt\ObjectStream\SerializableObject.h">
      <Filter>Thirdparty\Jolt</Filter>
    </ClInclude>
    <ClInclude Include="thirdparty\JoltPhysics\Jolt\ObjectStream\TypeDeclarations.h">
      <Filter>Thirdparty\Jolt</Filter>
    </ClInclude>
    <ClInclude Include="thirdparty\JoltPhysics\Jolt\Physics\Body\Body.h">
      <Filter>Thirdparty\Jolt</Filter>
    </ClInclude>
    <ClInclude Include="thirdparty\JoltPhysics\Jolt\Physics\Body\BodyAccess.h">
      <Filter>Thirdparty\Jolt</Filter>
    </ClInclude>
    <ClInclude Include="thirdparty\JoltPhysics\Jolt\Physics\Body\BodyActivationListener.h">
      <Filter>Thirdparty\Jolt</Filter>
    </ClInclude>
    <ClInclude Include="thirdparty\JoltPhysics\Jolt\Physics\Body\BodyCreationSettings.h">
      <Filter>Thirdparty\Jolt</Filter>
    </ClInclude>
    <ClInclude Include="thirdparty\JoltPhysics\Jolt\Physics\Body\BodyFilter.h">
      <Filter>Thirdparty\Jolt</Filter>
    </ClInclude>
    <ClInclude Include="thirdparty\JoltPhysics\Jolt\Physics\Body\BodyID.h">
      <Filter>Thirdparty\Jolt</Filter>
    </ClInclude>
    <ClInclude Include="thirdparty\JoltPhysics\Jolt\Physics\Body\BodyInterface.h">
      <Filter>Thirdparty\Jolt</Filter>
    </ClInclude>
    <ClInclude Include="thirdparty\JoltPhysics\Jolt\Physics\Body\BodyLock.h">
      <Filter>Thirdparty\Jolt</Filter>
    </ClInclude>
    <ClInclude Include="thirdparty\JoltPhysics\Jolt\Physics\Body\BodyLockInterface.h">
      <Filter>Thirdparty\Jolt</Filter>
    </ClInclude>
    <ClInclude Include="thirdparty\JoltPhysics\Jolt\Physics\Body\BodyLockMulti.h">
      <Filter>Thirdparty\Jolt</Filter>
    </ClInclude>
    <ClInclude Include="thirdparty\JoltPhysics\Jolt\Physics\Body\BodyManager.h">
      <Filter>Thirdparty\Jolt</Filter>
    </ClInclude>
    <ClInclude Include="thirdparty\JoltPhysics\Jolt\Physics\Body\BodyPair.h">
      <Filter>Thirdparty\Jolt</Filter>
    </ClInclude>
    <ClInclude Include="thirdparty\JoltPhysics\Jolt\Physics\Body\MassProperties.h">
      <Filter>Thirdparty\Jolt</Filter>
    </ClInclude>
    <ClInclude Include="thirdparty\JoltPhysics\Jolt\Physics\Body\MotionProperties.h">
      <Filter>Thirdparty\Jolt</Filter>
    </ClInclude>
    <ClInclude Include="thirdparty\JoltPhysics\Jolt\Physics\Body\MotionQuality.h">
      <Filter>Thirdparty\Jolt</Filter>
    </ClInclude>
    <ClInclude Include="thirdparty\JoltPhysics\Jolt\Physics\Body\MotionType.h">
      <Filter>Thirdparty\Jolt</Filter>
    </ClInclude>
    <ClInclude Include="thirdparty\JoltPhysics\Jolt\Physics\Character\Character.h">
      <Filter>Thirdparty\Jolt</Filter>
    </ClInclude>
    <ClInclude Include="thirdparty\JoltPhysics\Jolt\Physics\Character\CharacterBase.h">
      <Filter>Thirdparty\Jolt</Filter>
    </ClInclude>
    <ClInclude Include="thirdparty\JoltPhysics\Jolt\Physics\Character\CharacterVirtual.h">
      <Filter>Thirdparty\Jolt</Filter>
    </ClInclude>
    <ClInclude Include="thirdparty\JoltPhysics\Jolt\Physics\Collision\AABoxCast.h">
      <Filter>Thirdparty\Jolt</Filter>
    </ClInclude>
    <ClInclude Include="thirdparty\JoltPhysics\Jolt\Physics\Collision\ActiveEdgeMode.h">
      <Filter>Thirdparty\Jolt</Filter>
    </ClInclude>
    <ClInclude Include="thirdparty\JoltPhysics\Jolt\Physics\Collision\ActiveEdges.h">
      <Filter>Thirdparty\Jolt</Filter>
    </ClInclude>
    <ClInclude Include="thirdparty\JoltPhysics\Jolt\Physics\Collision\BackFaceMode.h">
      <Filter>Thirdparty\Jolt</Filter>
    </ClInclude>
    <ClInclude Include="thirdparty\JoltPhysics\Jolt\Physics\Collision\BroadPhase\BroadPhase.h">
      <Filter>Thirdparty\Jolt</Filter>
    </ClInclude>
    <ClInclude Include="thirdparty\JoltPhysics\Jolt\Physics\Collision\BroadPhase\BroadPhaseBruteForce.h">
      <Filter>Thirdparty\Jolt</Filter>
    </ClInclude>
    <ClInclude Include="thirdparty\JoltPhysics\Jolt\Physics\Collision\BroadPhase\BroadPhaseLayer.h">
      <Filter>Thirdparty\Jolt</Filter>
    </ClInclude>
    <ClInclude Include="thirdparty\JoltPhysics\Jolt\Physics\Collision\BroadPhase\BroadPhaseQuadTree.h">
      <Filter>Thirdparty\Jolt</Filter>
    </ClInclude>
    <ClInclude Include="thirdparty\JoltPhysics\Jolt\Physics\Collision\BroadPhase\BroadPhaseQuery.h">
      <Filter>Thirdparty\Jolt</Filter>
    </ClInclude>
    <ClInclude Include="thirdparty\JoltPhysics\Jolt\Physics\Collision\BroadPhase\QuadTree.h">
      <Filter>Thirdparty\Jolt</Filter>
    </ClInclude>
    <ClInclude Include="thirdparty\JoltPhysics\Jolt\Physics\Collision\CastConvexVsTriangles.h">
      <Filter>Thirdparty\Jolt</Filter>
    </ClInclude>
    <ClInclude Include="thirdparty\JoltPhysics\Jolt\Physics\Collision\CastResult.h">
      <Filter>Thirdparty\Jolt</Filter>
    </ClInclude>
    <ClInclude Include="thirdparty\JoltPhysics\Jolt\Physics\Collision\CastSphereVsTriangles.h">
      <Filter>Thirdparty\Jolt</Filter>
    </ClInclude>
    <ClInclude Include="thirdparty\JoltPhysics\Jolt\Physics\Collision\CollectFacesMode.h">
      <Filter>Thirdparty\Jolt</Filter>
    </ClInclude>
    <ClInclude Include="thirdparty\JoltPhysics\Jolt\Physics\Collision\CollideConvexVsTriangles.h">
      <Filter>Thirdparty\Jolt</Filter>
    </ClInclude>
    <ClInclude Include="thirdparty\JoltPhysics\Jolt\Physics\Collision\CollidePointResult.h">
      <Filter>Thirdparty\Jolt</Filter>
    </ClInclude>
    <ClInclude Include="thirdparty\JoltPhysics\Jolt\Physics\Collision\CollideShape.h">
      <Filter>Thirdparty\Jolt</Filter>
    </ClInclude>
    <ClInclude Include="thirdparty\JoltPhysics\Jolt\Physics\Collision\CollideSphereVsTriangles.h">
      <Filter>Thirdparty\Jolt</Filter>
    </ClInclude>
    <ClInclude Include="thirdparty\JoltPhysics\Jolt\Physics\Collision\CollisionCollector.h">
      <Filter>Thirdparty\Jolt</Filter>
    </ClInclude>
    <ClInclude Include="thirdparty\JoltPhysics\Jolt\Physics\Collision\CollisionCollectorImpl.h">
      <Filter>Thirdparty\Jolt</Filter>
    </ClInclude>
    <ClInclude Include="thirdparty\JoltPhysics\Jolt\Physics\Collision\CollisionDispatch.h">
      <Filter>Thirdparty\Jolt</Filter>
    </ClInclude>
    <ClInclude Include="thirdparty\JoltPhysics\Jolt\Physics\Collision\CollisionGroup.h">
      <Filter>Thirdparty\Jolt</Filter>
    </ClInclude>
    <ClInclude Include="thirdparty\JoltPhysics\Jolt\Physics\Collision\ContactListener.h">
      <Filter>Thirdparty\Jolt</Filter>
    </ClInclude>
    <ClInclude Include="thirdparty\JoltPhysics\Jolt\Physics\Collision\GroupFilter.h">
      <Filter>Thirdparty\Jolt</Filter>
    </ClInclude>
    <ClInclude Include="thirdparty\JoltPhysics\Jolt\Physics\Collision\GroupFilterTable.h">
      <Filter>Thirdparty\Jolt</Filter>
    </ClInclude>
    <ClInclude Include="thirdparty\JoltPhysics\Jolt\Physics\Collision\ManifoldBetweenTwoFaces.h">
      <Filter>Thirdparty\Jolt</Filter>
    </ClInclude>
    <ClInclude Include="thirdparty\JoltPhysics\Jolt\Physics\Collision\NarrowPhaseQuery.h">
      <Filter>Thirdparty\Jolt</Filter>
    </ClInclude>
    <ClInclude Include="thirdparty\JoltPhysics\Jolt\Physics\Collision\NarrowPhaseStats.h">
      <Filter>Thirdparty\Jolt</Filter>
    </ClInclude>
    <ClInclude Include="thirdparty\JoltPhysics\Jolt\Physics\Collision\ObjectLayer.h">
      <Filter>Thirdparty\Jolt</Filter>
    </ClInclude>
    <ClInclude Include="thirdparty\JoltPhysics\Jolt\Physics\Collision\PhysicsMaterial.h">
      <Filter>Thirdparty\Jolt</Filter>
    </ClInclude>
    <ClInclude Include="thirdparty\JoltPhysics\Jolt\Physics\Collision\PhysicsMaterialSimple.h">
      <Filter>Thirdparty\Jolt</Filter>
    </ClInclude>
    <ClInclude Include="thirdparty\JoltPhysics\Jolt\Physics\Collision\RayCast.h">
      <Filter>Thirdparty\Jolt</Filter>
    </ClInclude>
    <ClInclude Include="thirdparty\JoltPhysics\Jolt\Physics\Collision\Shape\BoxShape.h">
      <Filter>Thirdparty\Jolt</Filter>
    </ClInclude>
    <ClInclude Include="thirdparty\JoltPhysics\Jolt\Physics\Collision\Shape\CapsuleShape.h">
      <Filter>Thirdparty\Jolt</Filter>
    </ClInclude>
    <ClInclude Include="thirdparty\JoltPhysics\Jolt\Physics\Collision\Shape\CompoundShape.h">
      <Filter>Thirdparty\Jolt</Filter>
    </ClInclude>
    <ClInclude Include="thirdparty\JoltPhysics\Jolt\Physics\Collision\Shape\CompoundShapeVisitors.h">
      <Filter>Thirdparty\Jolt</Filter>
    </ClInclude>
    <ClInclude Include="thirdparty\JoltPhysics\Jolt\Physics\Collision\Shape\ConvexHullShape.h">
      <Filter>Thirdparty\Jolt</Filter>
    </ClInclude>
    <ClInclude Include="thirdparty\JoltPhysics\Jolt\Physics\Collision\Shape\ConvexShape.h">
      <Filter>Thirdparty\Jolt</Filter>
    </ClInclude>
    <ClInclude Include="thirdparty\JoltPhysics\Jolt\Physics\Collision\Shape\CylinderShape.h">
      <Filter>Thirdparty\Jolt</Filter>
    </ClInclude>
    <ClInclude Include="thirdparty\JoltPhysics\Jolt\Physics\Collision\Shape\DecoratedShape.h">
      <Filter>Thirdparty\Jolt</Filter>
    </ClInclude>
    <ClInclude Include="thirdparty\JoltPhysics\Jolt\Physics\Collision\Shape\GetTrianglesContext.h">
      <Filter>Thirdparty\Jolt</Filter>
    </ClInclude>
    <ClInclude Include="thirdparty\JoltPhysics\Jolt\Physics\Collision\Shape\HeightFieldShape.h">
      <Filter>Thirdparty\Jolt</Filter>
    </ClInclude>
    <ClInclude Include="thirdparty\JoltPhysics\Jolt\Physics\Collision\Shape\MeshShape.h">
      <Filter>Thirdparty\Jolt</Filter>
    </ClInclude>
    <ClInclude Include="thirdparty\JoltPhysics\Jolt\Physics\Collision\Shape\MutableCompoundShape.h">
      <Filter>Thirdparty\Jolt</Filter>
    </ClInclude>
    <ClInclude Include="thirdparty\JoltPhysics\Jolt\Physics\Collision\Shape\OffsetCenterOfMassShape.h">
      <Filter>Thirdparty\Jolt</Filter>
    </ClInclude>
    <ClInclude Include="thirdparty\JoltPhysics\Jolt\Physics\Collision\Shape\PolyhedronSubmergedVolumeCalculator.h">
      <Filter>Thirdparty\Jolt</Filter>
    </ClInclude>
    <ClInclude Include="thirdparty\JoltPhysics\Jolt\Physics\Collision\Shape\RotatedTranslatedShape.h">
      <Filter>Thirdparty\Jolt</Filter>
    </ClInclude>
    <ClInclude Include="thirdparty\JoltPhysics\Jolt\Physics\Collision\Shape\ScaledShape.h">
      <Filter>Thirdparty\Jolt</Filter>
    </ClInclude>
    <ClInclude Include="thirdparty\JoltPhysics\Jolt\Physics\Collision\Shape\ScaleHelpers.h">
      <Filter>Thirdparty\Jolt</Filter>
    </ClInclude>
    <ClInclude Include="thirdparty\JoltPhysics\Jolt\Physics\Collision\Shape\Shape.h">
      <Filter>Thirdparty\Jolt</Filter>
    </ClInclude>
    <ClInclude Include="thirdparty\JoltPhysics\Jolt\Physics\Collision\Shape\SphereShape.h">
      <Filter>Thirdparty\Jolt</Filter>
    </ClInclude>
    <ClInclude Include="thirdparty\JoltPhysics\Jolt\Physics\Collision\Shape\StaticCompoundShape.h">
      <Filter>Thirdparty\Jolt</Filter>
    </ClInclude>
    <ClInclude Include="thirdparty\JoltPhysics\Jolt\Physics\Collision\Shape\SubShapeID.h">
      <Filter>Thirdparty\Jolt</Filter>
    </ClInclude>
    <ClInclude Include="thirdparty\JoltPhysics\Jolt\Physics\Collision\Shape\SubShapeIDPair.h">
      <Filter>Thirdparty\Jolt</Filter>
    </ClInclude>
    <ClInclude Include="thirdparty\JoltPhysics\Jolt\Physics\Collision\Shape\TaperedCapsuleShape.h">
      <Filter>Thirdparty\Jolt</Filter>
    </ClInclude>
    <ClInclude Include="thirdparty\JoltPhysics\Jolt\Physics\Collision\Shape\TriangleShape.h">
      <Filter>Thirdparty\Jolt</Filter>
    </ClInclude>
    <ClInclude Include="thirdparty\JoltPhysics\Jolt\Physics\Collision\ShapeCast.h">
      <Filter>Thirdparty\Jolt</Filter>
    </ClInclude>
    <ClInclude Include="thirdparty\JoltPhysics\Jolt\Physics\Collision\ShapeFilter.h">
      <Filter>Thirdparty\Jolt</Filter>
    </ClInclude>
    <ClInclude Include="thirdparty\JoltPhysics\Jolt\Physics\Collision\SortReverseAndStore.h">
      <Filter>Thirdparty\Jolt</Filter>
    </ClInclude>
    <ClInclude Include="thirdparty\JoltPhysics\Jolt\Physics\Collision\TransformedShape.h">
      <Filter>Thirdparty\Jolt</Filter>
    </ClInclude>
    <ClInclude Include="thirdparty\JoltPhysics\Jolt\Physics\Constraints\ConeConstraint.h">
      <Filter>Thirdparty\Jolt</Filter>
    </ClInclude>
    <ClInclude Include="thirdparty\JoltPhysics\Jolt\Physics\Constraints\Constraint.h">
      <Filter>Thirdparty\Jolt</Filter>
    </ClInclude>
    <ClInclude Include="thirdparty\JoltPhysics\Jolt\Physics\Constraints\ConstraintManager.h">
      <Filter>Thirdparty\Jolt</Filter>
    </ClInclude>
    <ClInclude Include="thirdparty\JoltPhysics\Jolt\Physics\Constraints\ConstraintPart\AngleConstraintPart.h">
      <Filter>Thirdparty\Jolt</Filter>
    </ClInclude>
    <ClInclude Include="thirdparty\JoltPhysics\Jolt\Physics\Constraints\ConstraintPart\AxisConstraintPart.h">
      <Filter>Thirdparty\Jolt</Filter>
    </ClInclude>
    <ClInclude Include="thirdparty\JoltPhysics\Jolt\Physics\Constraints\ConstraintPart\DualAxisConstraintPart.h">
      <Filter>Thirdparty\Jolt</Filter>
    </ClInclude>
    <ClInclude Include="thirdparty\JoltPhysics\Jolt\Physics\Constraints\ConstraintPart\GearConstraintPart.h">
      <Filter>Thirdparty\Jolt</Filter>
    </ClInclude>
    <ClInclude Include="thirdparty\JoltPhysics\Jolt\Physics\Constraints\ConstraintPart\HingeRotationConstraintPart.h">
      <Filter>Thirdparty\Jolt</Filter>
    </ClInclude>
    <ClInclude Include="thirdparty\JoltPhysics\Jolt\Physics\Constraints\ConstraintPart\IndependentAxisConstraintPart.h">
      <Filter>Thirdparty\Jolt</Filter>
    </ClInclude>
    <ClInclude Include="thirdparty\JoltPhysics\Jolt\Physics\Constraints\ConstraintPart\PointConstraintPart.h">
      <Filter>Thirdparty\Jolt</Filter>
    </ClInclude>
    <ClInclude Include="thirdparty\JoltPhysics\Jolt\Physics\Constraints\ConstraintPart\RackAndPinionConstraintPart.h">
      <Filter>Thirdparty\Jolt</Filter>
    </ClInclude>
    <ClInclude Include="thirdparty\JoltPhysics\Jolt\Physics\Constraints\ConstraintPart\RotationEulerConstraintPart.h">
      <Filter>Thirdparty\Jolt</Filter>
    </ClInclude>
    <ClInclude Include="thirdparty\JoltPhysics\Jolt\Physics\Constraints\ConstraintPart\RotationQuatConstraintPart.h">
      <Filter>Thirdparty\Jolt</Filter>
    </ClInclude>
    <ClInclude Include="thirdparty\JoltPhysics\Jolt\Physics\Constraints\ConstraintPart\SpringPart.h">
      <Filter>Thirdparty\Jolt</Filter>
    </ClInclude>
    <ClInclude Include="thirdparty\JoltPhysics\Jolt\Physics\Constraints\ConstraintPart\SwingTwistConstraintPart.h">
      <Filter>Thirdparty\Jolt</Filter>
    </ClInclude>
    <ClInclude Include="thirdparty\JoltPhysics\Jolt\Physics\Constraints\ContactConstraintManager.h">
      <Filter>Thirdparty\Jolt</Filter>
    </ClInclude>
    <ClInclude Include="thirdparty\JoltPhysics\Jolt\Physics\Constraints\DistanceConstraint.h">
      <Filter>Thirdparty\Jolt</Filter>
    </ClInclude>
    <ClInclude Include="thirdparty\JoltPhysics\Jolt\Physics\Constraints\FixedConstraint.h">
      <Filter>Thirdparty\Jolt</Filter>
    </ClInclude>
    <ClInclude Include="thirdparty\JoltPhysics\Jolt\Physics\Constraints\GearConstraint.h">
      <Filter>Thirdparty\Jolt</Filter>
    </ClInclude>
    <ClInclude Include="thirdparty\JoltPhysics\Jolt\Physics\Constraints\HingeConstraint.h">
      <Filter>Thirdparty\Jolt</Filter>
    </ClInclude>
    <ClInclude Include="thirdparty\JoltPhysics\Jolt\Physics\Constraints\MotorSettings.h">
      <Filter>Thirdparty\Jolt</Filter>
    </ClInclude>
    <ClInclude Include="thirdparty\JoltPhysics\Jolt\Physics\Constraints\PathConstraint.h">
      <Filter>Thirdparty\Jolt</Filter>
    </ClInclude>
    <ClInclude Include="thirdparty\JoltPhysics\Jolt\Physics\Constraints\PathConstraintPath.h">
      <Filter>Thirdparty\Jolt</Filter>
    </ClInclude>
    <ClInclude Include="thirdparty\JoltPhysics\Jolt\Physics\Constraints\PathConstraintPathHermite.h">
      <Filter>Thirdparty\Jolt</Filter>
    </ClInclude>
    <ClInclude Include="thirdparty\JoltPhysics\Jolt\Physics\Constraints\PointConstraint.h">
      <Filter>Thirdparty\Jolt</Filter>
    </ClInclude>
    <ClInclude Include="thirdparty\JoltPhysics\Jolt\Physics\Constraints\PulleyConstraint.h">
      <Filter>Thirdparty\Jolt</Filter>
    </ClInclude>
    <ClInclude Include="thirdparty\JoltPhysics\Jolt\Physics\Constraints\RackAndPinionConstraint.h">
      <Filter>Thirdparty\Jolt</Filter>
    </ClInclude>
    <ClInclude Include="thirdparty\JoltPhysics\Jolt\Physics\Constraints\SixDOFConstraint.h">
      <Filter>Thirdparty\Jolt</Filter>
    </ClInclude>
    <ClInclude Include="thirdparty\JoltPhysics\Jolt\Physics\Constraints\SliderConstraint.h">
      <Filter>Thirdparty\Jolt</Filter>
    </ClInclude>
    <ClInclude Include="thirdparty\JoltPhysics\Jolt\Physics\Constraints\SwingTwistConstraint.h">
      <Filter>Thirdparty\Jolt</Filter>
    </ClInclude>
    <ClInclude Include="thirdparty\JoltPhysics\Jolt\Physics\Constraints\TwoBodyConstraint.h">
      <Filter>Thirdparty\Jolt</Filter>
    </ClInclude>
    <ClInclude Include="thirdparty\JoltPhysics\Jolt\Physics\DeterminismLog.h">
      <Filter>Thirdparty\Jolt</Filter>
    </ClInclude>
    <ClInclude Include="thirdparty\JoltPhysics\Jolt\Physics\EActivation.h">
      <Filter>Thirdparty\Jolt</Filter>
    </ClInclude>
    <ClInclude Include="thirdparty\JoltPhysics\Jolt\Physics\IslandBuilder.h">
      <Filter>Thirdparty\Jolt</Filter>
    </ClInclude>
    <ClInclude Include="thirdparty\JoltPhysics\Jolt\Physics\PhysicsLock.h">
      <Filter>Thirdparty\Jolt</Filter>
    </ClInclude>
    <ClInclude Include="thirdparty\JoltPhysics\Jolt\Physics\PhysicsScene.h">
      <Filter>Thirdparty\Jolt</Filter>
    </ClInclude>
    <ClInclude Include="thirdparty\JoltPhysics\Jolt\Physics\PhysicsSettings.h">
      <Filter>Thirdparty\Jolt</Filter>
    </ClInclude>
    <ClInclude Include="thirdparty\JoltPhysics\Jolt\Physics\PhysicsStepListener.h">
      <Filter>Thirdparty\Jolt</Filter>
    </ClInclude>
    <ClInclude Include="thirdparty\JoltPhysics\Jolt\Physics\PhysicsSystem.h">
      <Filter>Thirdparty\Jolt</Filter>
    </ClInclude>
    <ClInclude Include="thirdparty\JoltPhysics\Jolt\Physics\PhysicsUpdateContext.h">
      <Filter>Thirdparty\Jolt</Filter>
    </ClInclude>
    <ClInclude Include="thirdparty\JoltPhysics\Jolt\Physics\Ragdoll\Ragdoll.h">
      <Filter>Thirdparty\Jolt</Filter>
    </ClInclude>
    <ClInclude Include="thirdparty\JoltPhysics\Jolt\Physics\StateRecorder.h">
      <Filter>Thirdparty\Jolt</Filter>
    </ClInclude>
    <ClInclude Include="thirdparty\JoltPhysics\Jolt\Physics\StateRecorderImpl.h">
      <Filter>Thirdparty\Jolt</Filter>
    </ClInclude>
    <ClInclude Include="thirdparty\JoltPhysics\Jolt\Physics\Vehicle\TrackedVehicleController.h">
      <Filter>Thirdparty\Jolt</Filter>
    </ClInclude>
    <ClInclude Include="thirdparty\JoltPhysics\Jolt\Physics\Vehicle\VehicleAntiRollBar.h">
      <Filter>Thirdparty\Jolt</Filter>
    </ClInclude>
    <ClInclude Include="thirdparty\JoltPhysics\Jolt\Physics\Vehicle\VehicleCollisionTester.h">
      <Filter>Thirdparty\Jolt</Filter>
    </ClInclude>
    <ClInclude Include="thirdparty\JoltPhysics\Jolt\Physics\Vehicle\VehicleConstraint.h">
      <Filter>Thirdparty\Jolt</Filter>
    </ClInclude>
    <ClInclude Include="thirdparty\JoltPhysics\Jolt\Physics\Vehicle\VehicleController.h">
      <Filter>Thirdparty\Jolt</Filter>
    </ClInclude>
    <ClInclude Include="thirdparty\JoltPhysics\Jolt\Physics\Vehicle\VehicleDifferential.h">
      <Filter>Thirdparty\Jolt</Filter>
    </ClInclude>
    <ClInclude Include="thirdparty\JoltPhysics\Jolt\Physics\Vehicle\VehicleEngine.h">
      <Filter>Thirdparty\Jolt</Filter>
    </ClInclude>
    <ClInclude Include="thirdparty\JoltPhysics\Jolt\Physics\Vehicle\VehicleTrack.h">
      <Filter>Thirdparty\Jolt</Filter>
    </ClInclude>
    <ClInclude Include="thirdparty\JoltPhysics\Jolt\Physics\Vehicle\VehicleTransmission.h">
      <Filter>Thirdparty\Jolt</Filter>
    </ClInclude>
    <ClInclude Include="thirdparty\JoltPhysics\Jolt\Physics\Vehicle\Wheel.h">
      <Filter>Thirdparty\Jolt</Filter>
    </ClInclude>
    <ClInclude Include="thirdparty\JoltPhysics\Jolt\Physics\Vehicle\WheeledVehicleController.h">
      <Filter>Thirdparty\Jolt</Filter>
    </ClInclude>
    <ClInclude Include="thirdparty\JoltPhysics\Jolt\Renderer\DebugRenderer.h">
      <Filter>Thirdparty\Jolt</Filter>
    </ClInclude>
    <ClInclude Include="thirdparty\JoltPhysics\Jolt\Renderer\DebugRendererPlayback.h">
      <Filter>Thirdparty\Jolt</Filter>
    </ClInclude>
    <ClInclude Include="thirdparty\JoltPhysics\Jolt\Renderer\DebugRendererRecorder.h">
      <Filter>Thirdparty\Jolt</Filter>
    </ClInclude>
    <ClInclude Include="thirdparty\JoltPhysics\Jolt\Skeleton\SkeletalAnimation.h">
      <Filter>Thirdparty\Jolt</Filter>
    </ClInclude>
    <ClInclude Include="thirdparty\JoltPhysics\Jolt\Skeleton\Skeleton.h">
      <Filter>Thirdparty\Jolt</Filter>
    </ClInclude>
    <ClInclude Include="thirdparty\JoltPhysics\Jolt\Skeleton\SkeletonMapper.h">
      <Filter>Thirdparty\Jolt</Filter>
    </ClInclude>
    <ClInclude Include="thirdparty\JoltPhysics\Jolt\Skeleton\SkeletonPose.h">
      <Filter>Thirdparty\Jolt</Filter>
    </ClInclude>
    <ClInclude Include="thirdparty\JoltPhysics\Jolt\TriangleGrouper\TriangleGrouper.h">
      <Filter>Thirdparty\Jolt</Filter>
    </ClInclude>
    <ClInclude Include="thirdparty\JoltPhysics\Jolt\TriangleGrouper\TriangleGrouperClosestCentroid.h">
      <Filter>Thirdparty\Jolt</Filter>
    </ClInclude>
    <ClInclude Include="thirdparty\JoltPhysics\Jolt\TriangleGrouper\TriangleGrouperMorton.h">
      <Filter>Thirdparty\Jolt</Filter>
    </ClInclude>
    <ClInclude Include="thirdparty\JoltPhysics\Jolt\TriangleSplitter\TriangleSplitter.h">
      <Filter>Thirdparty\Jolt</Filter>
    </ClInclude>
    <ClInclude Include="thirdparty\JoltPhysics\Jolt\TriangleSplitter\TriangleSplitterBinning.h">
      <Filter>Thirdparty\Jolt</Filter>
    </ClInclude>
    <ClInclude Include="thirdparty\JoltPhysics\Jolt\TriangleSplitter\TriangleSplitterFixedLeafSize.h">
      <Filter>Thirdparty\Jolt</Filter>
    </ClInclude>
    <ClInclude Include="thirdparty\JoltPhysics\Jolt\TriangleSplitter\TriangleSplitterLongestAxis.h">
      <Filter>Thirdparty\Jolt</Filter>
    </ClInclude>
    <ClInclude Include="thirdparty\JoltPhysics\Jolt\TriangleSplitter\TriangleSplitterMean.h">
      <Filter>Thirdparty\Jolt</Filter>
    </ClInclude>
    <ClInclude Include="thirdparty\JoltPhysics\Jolt\TriangleSplitter\TriangleSplitterMorton.h">
      <Filter>Thirdparty\Jolt</Filter>
    </ClInclude>
    <ClInclude Include="thirdparty\JoltPhysics\Jolt\Jolt.h">
      <Filter>Thirdparty\Jolt</Filter>
    </ClInclude>
    <ClInclude Include="thirdparty\JoltPhysics\Jolt\RegisterTypes.h">
      <Filter>Thirdparty\Jolt</Filter>
    </ClInclude>
    <ClInclude Include="thirdparty\JoltPhysics\Jolt\AABBTree\AABBTreeBuilder.h">
      <Filter>Thirdparty\Jolt</Filter>
    </ClInclude>
    <ClInclude Include="thirdparty\JoltPhysics\Jolt\AABBTree\AABBTreeToBuffer.h">
      <Filter>Thirdparty\Jolt</Filter>
    </ClInclude>
    <ClInclude Include="thirdparty\JoltPhysics\Jolt\AABBTree\NodeCodec\NodeCodecQuadTreeHalfFloat.h">
      <Filter>Thirdparty\Jolt</Filter>
    </ClInclude>
    <ClInclude Include="thirdparty\JoltPhysics\Jolt\AABBTree\TriangleCodec\TriangleCodecIndexed8BitPackSOA4Flags.h">
      <Filter>Thirdparty\Jolt</Filter>
    </ClInclude>
    <ClInclude Include="thirdparty\JoltPhysics\Jolt\Core\ARMNeon.h">
      <Filter>Thirdparty\Jolt</Filter>
    </ClInclude>
    <ClInclude Include="thirdparty\JoltPhysics\Jolt\Core\Atomics.h">
      <Filter>Thirdparty\Jolt</Filter>
    </ClInclude>
    <ClInclude Include="thirdparty\JoltPhysics\Jolt\Core\ByteBuffer.h">
      <Filter>Thirdparty\Jolt</Filter>
    </ClInclude>
    <ClInclude Include="thirdparty\JoltPhysics\Jolt\Core\Color.h">
      <Filter>Thirdparty\Jolt</Filter>
    </ClInclude>
    <ClInclude Include="thirdparty\JoltPhysics\Jolt\Core\Core.h">
      <Filter>Thirdparty\Jolt</Filter>
    </ClInclude>
    <ClInclude Include="thirdparty\JoltPhysics\Jolt\Core\Factory.h">
      <Filter>Thirdparty\Jolt</Filter>
    </ClInclude>
    <ClInclude Include="thirdparty\JoltPhysics\Jolt\Core\FixedSizeFreeList.h">
      <Filter>Thirdparty\Jolt</Filter>
    </ClInclude>
    <ClInclude Include="thirdparty\JoltPhysics\Jolt\Core\FPControlWord.h">
      <Filter>Thirdparty\Jolt</Filter>
    </ClInclude>
    <ClInclude Include="thirdparty\JoltPhysics\Jolt\Core\FPException.h">
      <Filter>Thirdparty\Jolt</Filter>
    </ClInclude>
    <ClInclude Include="thirdparty\JoltPhysics\Jolt\Core\FPFlushDenormals.h">
      <Filter>Thirdparty\Jolt</Filter>
    </ClInclude>
    <ClInclude Include="thirdparty\JoltPhysics\Jolt\Core\HashCombine.h">
      <Filter>Thirdparty\Jolt</Filter>
    </ClInclude>
    <ClInclude Include="thirdparty\JoltPhysics\Jolt\Core\InsertionSort.h">
      <Filter>Thirdparty\Jolt</Filter>
    </ClInclude>
    <ClInclude Include="thirdparty\JoltPhysics\Jolt\Core\IssueReporting.h">
      <Filter>Thirdparty\Jolt</Filter>
    </ClInclude>
    <ClInclude Include="thirdparty\JoltPhysics\Jolt\Core\JobSystem.h">
      <Filter>Thirdparty\Jolt</Filter>
    </ClInclude>
    <ClInclude Include="thirdparty\JoltPhysics\Jolt\Core\JobSystemThreadPool.h">
      <Filter>Thirdparty\Jolt</Filter>
    </ClInclude>
    <ClInclude Include="thirdparty\JoltPhysics\Jolt\Core\LinearCurve.h">
      <Filter>Thirdparty\Jolt</Filter>
    </ClInclude>
    <ClInclude Include="thirdparty\JoltPhysics\Jolt\Core\LockFreeHashMap.h">
      <Filter>Thirdparty\Jolt</Filter>
    </ClInclude>
    <ClInclude Include="thirdparty\JoltPhysics\Jolt\Core\Memory.h">
      <Filter>Thirdparty\Jolt</Filter>
    </ClInclude>
    <ClInclude Include="thirdparty\JoltPhysics\Jolt\Core\Mutex.h">
      <Filter>Thirdparty\Jolt</Filter>
    </ClInclude>
    <ClInclude Include="thirdparty\JoltPhysics\Jolt\Core\MutexArray.h">
      <Filter>Thirdparty\Jolt</Filter>
    </ClInclude>
    <ClInclude Include="thirdparty\JoltPhysics\Jolt\Core\NonCopyable.h">
      <Filter>Thirdparty\Jolt</Filter>
    </ClInclude>
    <ClInclude Include="thirdparty\JoltPhysics\Jolt\Core\Profiler.h">
      <Filter>Thirdparty\Jolt</Filter>
    </ClInclude>
    <ClInclude Include="thirdparty\JoltPhysics\Jolt\Core\QuickSort.h">
      <Filter>Thirdparty\Jolt</Filter>
    </ClInclude>
    <ClInclude Include="thirdparty\JoltPhysics\Jolt\Core\Reference.h">
      <Filter>Thirdparty\Jolt</Filter>
    </ClInclude>
    <ClInclude Include="thirdparty\JoltPhysics\Jolt\Core\Result.h">
      <Filter>Thirdparty\Jolt</Filter>
    </ClInclude>
    <ClInclude Include="thirdparty\JoltPhysics\Jolt\Core\RTTI.h">
      <Filter>Thirdparty\Jolt</Filter>
    </ClInclude>
    <ClInclude Include="thirdparty\JoltPhysics\Jolt\Core\StaticArray.h">
      <Filter>Thirdparty\Jolt</Filter>
    </ClInclude>
    <ClInclude Include="thirdparty\JoltPhysics\Jolt\Core\STLAlignedAllocator.h">
      <Filter>Thirdparty\Jolt</Filter>
    </ClInclude>
    <ClInclude Include="thirdparty\JoltPhysics\Jolt\Core\STLAllocator.h">
      <Filter>Thirdparty\Jolt</Filter>
    </ClInclude>
    <ClInclude Include="thirdparty\JoltPhysics\Jolt\Core\STLTempAllocator.h">
      <Filter>Thirdparty\Jolt</Filter>
    </ClInclude>
    <ClInclude Include="thirdparty\JoltPhysics\Jolt\Core\StreamIn.h">
      <Filter>Thirdparty\Jolt</Filter>
    </ClInclude>
    <ClInclude Include="thirdparty\JoltPhysics\Jolt\Core\StreamOut.h">
      <Filter>Thirdparty\Jolt</Filter>
    </ClInclude>
    <ClInclude Include="thirdparty\JoltPhysics\Jolt\Core\StreamWrapper.h">
      <Filter>Thirdparty\Jolt</Filter>
    </ClInclude>
    <ClInclude Include="thirdparty\JoltPhysics\Jolt\Core\StringTools.h">
      <Filter>Thirdparty\Jolt</Filter>
    </ClInclude>
    <ClInclude Include="thirdparty\JoltPhysics\Jolt\Core\TempAllocator.h">
      <Filter>Thirdparty\Jolt</Filter>
    </ClInclude>
    <ClInclude Include="thirdparty\JoltPhysics\Jolt\Core\TickCounter.h">
      <Filter>Thirdparty\Jolt</Filter>
    </ClInclude>
    <ClInclude Include="thirdparty\JoltPhysics\Jolt\Core\UnorderedMap.h">
      <Filter>Thirdparty\Jolt</Filter>
    </ClInclude>
    <ClInclude Include="thirdparty\JoltPhysics\Jolt\Core\UnorderedSet.h">
      <Filter>Thirdparty\Jolt</Filter>
    </ClInclude>
    <ClInclude Include="thirdparty\JoltPhysics\Jolt\Geometry\AABox.h">
      <Filter>Thirdparty\Jolt</Filter>
    </ClInclude>
    <ClInclude Include="thirdparty\JoltPhysics\Jolt\Geometry\AABox4.h">
      <Filter>Thirdparty\Jolt</Filter>
    </ClInclude>
    <ClInclude Include="thirdparty\JoltPhysics\Jolt\Geometry\ClipPoly.h">
      <Filter>Thirdparty\Jolt</Filter>
    </ClInclude>
    <ClInclude Include="thirdparty\JoltPhysics\Jolt\Geometry\ClosestPoint.h">
      <Filter>Thirdparty\Jolt</Filter>
    </ClInclude>
    <ClInclude Include="thirdparty\JoltPhysics\Jolt\Geometry\ConvexHullBuilder.h">
      <Filter>Thirdparty\Jolt</Filter>
    </ClInclude>
    <ClInclude Include="thirdparty\JoltPhysics\Jolt\Geometry\ConvexHullBuilder2D.h">
      <Filter>Thirdparty\Jolt</Filter>
    </ClInclude>
    <ClInclude Include="thirdparty\JoltPhysics\Jolt\Geometry\ConvexSupport.h">
      <Filter>Thirdparty\Jolt</Filter>
    </ClInclude>
    <ClInclude Include="thirdparty\JoltPhysics\Jolt\Geometry\Ellipse.h">
      <Filter>Thirdparty\Jolt</Filter>
    </ClInclude>
    <ClInclude Include="thirdparty\JoltPhysics\Jolt\Geometry\EPAConvexHullBuilder.h">
      <Filter>Thirdparty\Jolt</Filter>
    </ClInclude>
    <ClInclude Include="thirdparty\JoltPhysics\Jolt\Geometry\EPAPenetrationDepth.h">
      <Filter>Thirdparty\Jolt</Filter>
    </ClInclude>
    <ClInclude Include="thirdparty\JoltPhysics\Jolt\Geometry\GJKClosestPoint.h">
      <Filter>Thirdparty\Jolt</Filter>
    </ClInclude>
    <ClInclude Include="thirdparty\JoltPhysics\Jolt\Geometry\IndexedTriangle.h">
      <Filter>Thirdparty\Jolt</Filter>
    </ClInclude>
    <ClInclude Include="thirdparty\JoltPhysics\Jolt\Geometry\Indexify.h">
      <Filter>Thirdparty\Jolt</Filter>
    </ClInclude>
    <ClInclude Include="thirdparty\JoltPhysics\Jolt\Geometry\MortonCode.h">
      <Filter>Thirdparty\Jolt</Filter>
    </ClInclude>
    <ClInclude Include="thirdparty\JoltPhysics\Jolt\Geometry\OrientedBox.h">
      <Filter>Thirdparty\Jolt</Filter>
    </ClInclude>
    <ClInclude Include="thirdparty\JoltPhysics\Jolt\Geometry\Plane.h">
      <Filter>Thirdparty\Jolt</Filter>
    </ClInclude>
    <ClInclude Include="thirdparty\JoltPhysics\Jolt\Geometry\RayAABox.h">
      <Filter>Thirdparty\Jolt</Filter>
    </ClInclude>
    <ClInclude Include="thirdparty\JoltPhysics\Jolt\Geometry\RayAABox8.h">
      <Filter>Thirdparty\Jolt</Filter>
    </ClInclude>
    <ClInclude Include="thirdparty\JoltPhysics\Jolt\Geometry\RayCapsule.h">
      <Filter>Thirdparty\Jolt</Filter>
    </ClInclude>
    <ClInclude Include="thirdparty\JoltPhysics\Jolt\Geometry\RayCylinder.h">
      <Filter>Thirdparty\Jolt</Filter>
    </ClInclude>
    <ClInclude Include="thirdparty\JoltPhysics\Jolt\Geometry\RaySphere.h">
      <Filter>Thirdparty\Jolt</Filter>
    </ClInclude>
    <ClInclude Include="thirdparty\JoltPhysics\Jolt\Geometry\RayTriangle.h">
      <Filter>Thirdparty\Jolt</Filter>
    </ClInclude>
    <ClInclude Include="thirdparty\JoltPhysics\Jolt\Geometry\RayTriangle8.h">
      <Filter>Thirdparty\Jolt</Filter>
    </ClInclude>
    <ClInclude Include="thirdparty\JoltPhysics\Jolt\Geometry\Sphere.h">
      <Filter>Thirdparty\Jolt</Filter>
    </ClInclude>
    <ClInclude Include="thirdparty\JoltPhysics\Jolt\Geometry\Triangle.h">
      <Filter>Thirdparty\Jolt</Filter>
    </ClInclude>
    <ClInclude Include="thirdparty\Renderdoc\renderdoc_app.h">
      <Filter>Thirdparty\RenderDoc</Filter>
    </ClInclude>
    <ClInclude Include="thirdparty\vk-bootstrap\src\VkBootstrap.h">
      <Filter>Thirdparty\VkBootstrap</Filter>
    </ClInclude>
    <ClInclude Include="thirdparty\vk-bootstrap\src\VkBootstrapDispatch.h">
      <Filter>Thirdparty\VkBootstrap</Filter>
    </ClInclude>
    <ClInclude Include="gitdefs.h">
      <Filter>Misc</Filter>
    </ClInclude>
    <ClInclude Include="handlemap.h">
      <Filter>Misc</Filter>
    </ClInclude>
    <ClInclude Include="inputmanager.h">
      <Filter>Misc</Filter>
    </ClInclude>
    <ClInclude Include="texture.h">
      <Filter>Rendering\Assets</Filter>
    </ClInclude>
    <ClInclude Include="material.h">
      <Filter>Rendering\Assets</Filter>
    </ClInclude>
    <ClInclude Include="rendermanager.h">
      <Filter>Rendering</Filter>
    </ClInclude>
    <ClInclude Include="model.h">
      <Filter>Rendering\Assets</Filter>
    </ClInclude>
    <ClInclude Include="mathtypes.h">
      <Filter>Misc</Filter>
    </ClInclude>
    <ClInclude Include="hostmanager.h">
      <Filter>Managed</Filter>
    </ClInclude>
    <ClInclude Include="fontawesome.h">
      <Filter>Thirdparty\FontAwesome</Filter>
    </ClInclude>
    <ClInclude Include="thirdparty\implot\implot_internal.h">
      <Filter>Thirdparty\ImPlot</Filter>
    </ClInclude>
    <ClInclude Include="thirdparty\implot\implot.h">
      <Filter>Thirdparty\ImPlot</Filter>
    </ClInclude>
    <ClInclude Include="thirdparty\volk\volk.h">
      <Filter>Thirdparty\Volk</Filter>
    </ClInclude>
    <ClInclude Include="vulkanrendercontext.h">
      <Filter>Rendering\Platform\Vulkan</Filter>
    </ClInclude>
    <ClInclude Include="baserendercontext.h">
      <Filter>Rendering\Platform</Filter>
    </ClInclude>
    <ClInclude Include="vkinit.h">
      <Filter>Rendering\Platform\Vulkan</Filter>
    </ClInclude>
    <ClInclude Include="utilarray.h">
      <Filter>Util</Filter>
    </ClInclude>
    <ClInclude Include="util.h">
      <Filter>Util</Filter>
    </ClInclude>
    <ClInclude Include="rendering.h">
      <Filter>Rendering</Filter>
    </ClInclude>
    <ClInclude Include="vkmacros.h">
      <Filter>Rendering\Platform\Vulkan</Filter>
    </ClInclude>
    <ClInclude Include="pipeline.h">
      <Filter>Rendering\Platform\Vulkan</Filter>
    </ClInclude>
    <ClInclude Include="mesh.h">
      <Filter>Rendering\Assets</Filter>
    </ClInclude>
    <ClInclude Include="consolesystem.h">
      <Filter>Managed\Bindings</Filter>
    </ClInclude>
    <ClInclude Include="editor.h">
      <Filter>Managed\Bindings</Filter>
    </ClInclude>
    <ClInclude Include="entities.h">
      <Filter>Managed\Bindings</Filter>
    </ClInclude>
    <ClInclude Include="input.h">
      <Filter>Managed\Bindings</Filter>
    </ClInclude>
    <ClInclude Include="physics.h">
      <Filter>Managed\Bindings</Filter>
    </ClInclude>
    <ClInclude Include="engine.h">
      <Filter>Managed\Bindings</Filter>
    </ClInclude>
    <ClInclude Include="shadercompiler.h">
      <Filter>Rendering</Filter>
    </ClInclude>
    <ClInclude Include="projectmanifest.h">
      <Filter>Misc</Filter>
    </ClInclude>
    <ClInclude Include="projectmanager.h">
      <Filter>Misc</Filter>
    </ClInclude>
  </ItemGroup>
  <ItemGroup>
    <None Include="thirdparty\JoltPhysics\Jolt\Math\DVec3.inl">
      <Filter>Thirdparty\Jolt</Filter>
    </None>
    <None Include="thirdparty\JoltPhysics\Jolt\Math\Mat44.inl">
      <Filter>Thirdparty\Jolt</Filter>
    </None>
    <None Include="thirdparty\JoltPhysics\Jolt\Math\Quat.inl">
      <Filter>Thirdparty\Jolt</Filter>
    </None>
    <None Include="thirdparty\JoltPhysics\Jolt\Math\UVec4.inl">
      <Filter>Thirdparty\Jolt</Filter>
    </None>
    <None Include="thirdparty\JoltPhysics\Jolt\Math\UVec8.inl">
      <Filter>Thirdparty\Jolt</Filter>
    </None>
    <None Include="thirdparty\JoltPhysics\Jolt\Math\Vec3.inl">
      <Filter>Thirdparty\Jolt</Filter>
    </None>
    <None Include="thirdparty\JoltPhysics\Jolt\Math\Vec4.inl">
      <Filter>Thirdparty\Jolt</Filter>
    </None>
    <None Include="thirdparty\JoltPhysics\Jolt\Math\Vec8.inl">
      <Filter>Thirdparty\Jolt</Filter>
    </None>
    <None Include="thirdparty\JoltPhysics\Jolt\Physics\Body\Body.inl">
      <Filter>Thirdparty\Jolt</Filter>
    </None>
    <None Include="thirdparty\JoltPhysics\Jolt\Physics\Body\MotionProperties.inl">
      <Filter>Thirdparty\Jolt</Filter>
    </None>
    <None Include="thirdparty\JoltPhysics\Jolt\Core\FixedSizeFreeList.inl">
      <Filter>Thirdparty\Jolt</Filter>
    </None>
    <None Include="thirdparty\JoltPhysics\Jolt\Core\JobSystem.inl">
      <Filter>Thirdparty\Jolt</Filter>
    </None>
    <None Include="thirdparty\JoltPhysics\Jolt\Core\LockFreeHashMap.inl">
      <Filter>Thirdparty\Jolt</Filter>
    </None>
    <None Include="thirdparty\JoltPhysics\Jolt\Core\Profiler.inl">
      <Filter>Thirdparty\Jolt</Filter>
    </None>
  </ItemGroup>
</Project>