<?xml version="1.0" encoding="utf-8"?>
<Project ToolsVersion="4.0" xmlns="http://schemas.microsoft.com/developer/msbuild/2003">
  <ItemGroup>
    <Filter Include="Source Files">
      <UniqueIdentifier>{4FC737F1-C7A5-4376-A066-2A32D752A2FF}</UniqueIdentifier>
      <Extensions>cpp;c;cc;cxx;c++;cppm;ixx;def;odl;idl;hpj;bat;asm;asmx</Extensions>
    </Filter>
    <Filter Include="Header Files">
      <UniqueIdentifier>{93995380-89BD-4b04-88EB-625FBE52EBFB}</UniqueIdentifier>
      <Extensions>h;hh;hpp;hxx;h++;hm;inl;inc;ipp;xsd</Extensions>
    </Filter>
    <Filter Include="Resource Files">
      <UniqueIdentifier>{67DA6AB6-F800-4c08-8B7A-83BB121AAD01}</UniqueIdentifier>
      <Extensions>rc;ico;cur;bmp;dlg;rc2;rct;bin;rgs;gif;jpg;jpeg;jpe;resx;tiff;tif;png;wav;mfcribbon-ms</Extensions>
    </Filter>
    <Filter Include="Source Files\Managers">
      <UniqueIdentifier>{d8a92329-163f-4743-bd8c-9a18688162a1}</UniqueIdentifier>
    </Filter>
    <Filter Include="Source Files\Entities">
      <UniqueIdentifier>{9917ff40-e6a6-4ba5-a0aa-b54e28f6810c}</UniqueIdentifier>
    </Filter>
    <Filter Include="Source Files\Thirdparty">
      <UniqueIdentifier>{b8800892-a38d-4e8b-a5c8-00c57ad936f7}</UniqueIdentifier>
    </Filter>
    <Filter Include="Source Files\Rendering">
      <UniqueIdentifier>{03867828-cba3-4ead-9f43-fbeafa1445b4}</UniqueIdentifier>
    </Filter>
    <Filter Include="Source Files\Managed">
      <UniqueIdentifier>{50eeb928-6795-4de9-bae9-97e9b18f5ae8}</UniqueIdentifier>
    </Filter>
    <Filter Include="Header Files\Entities">
      <UniqueIdentifier>{d9847a32-be91-47bf-bcae-c2df80dd7305}</UniqueIdentifier>
    </Filter>
    <Filter Include="Header Files\Managers">
      <UniqueIdentifier>{d0df6fbe-44e6-4c41-a0bf-b1c6f7e8efa5}</UniqueIdentifier>
    </Filter>
    <Filter Include="Header Files\Managed">
      <UniqueIdentifier>{c3ac4f6e-6f5a-47fd-866e-efaf4738f45c}</UniqueIdentifier>
    </Filter>
    <Filter Include="Header Files\Rendering">
      <UniqueIdentifier>{c42c252b-4332-410f-9f5c-0d71d0f4621c}</UniqueIdentifier>
    </Filter>
    <Filter Include="Header Files\Thirdparty">
      <UniqueIdentifier>{cb4e1110-9e18-47bf-86ef-3258190dea8e}</UniqueIdentifier>
    </Filter>
    <Filter Include="Header Files\Misc">
      <UniqueIdentifier>{deff4fa0-2c23-4a10-a194-0d35cc148162}</UniqueIdentifier>
    </Filter>
    <Filter Include="Source Files\Thirdparty\Jolt">
      <UniqueIdentifier>{d4102107-d308-498c-98a2-22a36d65f86b}</UniqueIdentifier>
    </Filter>
  </ItemGroup>
  <ItemGroup>
    <ClCompile Include="main.cpp">
      <Filter>Source Files</Filter>
    </ClCompile>
    <ClCompile Include="root.cpp">
      <Filter>Source Files</Filter>
    </ClCompile>
    <ClCompile Include="renderdocmanager.cpp">
      <Filter>Source Files\Managers</Filter>
    </ClCompile>
    <ClCompile Include="logmanager.cpp">
      <Filter>Source Files\Managers</Filter>
    </ClCompile>
    <ClCompile Include="managed\hostmanager.cpp">
      <Filter>Source Files\Managers</Filter>
    </ClCompile>
    <ClCompile Include="vulkan\rendermanager.cpp">
      <Filter>Source Files\Managers</Filter>
    </ClCompile>
    <ClCompile Include="thirdparty\imgui\imgui_widgets.cpp">
      <Filter>Source Files\Thirdparty</Filter>
    </ClCompile>
    <ClCompile Include="thirdparty\imgui\imgui.cpp">
      <Filter>Source Files\Thirdparty</Filter>
    </ClCompile>
    <ClCompile Include="thirdparty\imgui\imgui_demo.cpp">
      <Filter>Source Files\Thirdparty</Filter>
    </ClCompile>
    <ClCompile Include="thirdparty\imgui\imgui_draw.cpp">
      <Filter>Source Files\Thirdparty</Filter>
    </ClCompile>
    <ClCompile Include="thirdparty\imgui\imgui_impl_sdl.cpp">
      <Filter>Source Files\Thirdparty</Filter>
    </ClCompile>
    <ClCompile Include="thirdparty\imgui\imgui_impl_vulkan.cpp">
      <Filter>Source Files\Thirdparty</Filter>
    </ClCompile>
    <ClCompile Include="thirdparty\imgui\imgui_tables.cpp">
      <Filter>Source Files\Thirdparty</Filter>
    </ClCompile>
    <ClCompile Include="thirdparty\VkBootstrap.cpp">
      <Filter>Source Files\Thirdparty</Filter>
    </ClCompile>
    <ClCompile Include="window.cpp">
      <Filter>Source Files\Rendering</Filter>
    </ClCompile>
    <ClCompile Include="vulkan\pipeline.cpp">
      <Filter>Source Files\Rendering</Filter>
    </ClCompile>
    <ClCompile Include="game\model.cpp">
      <Filter>Source Files\Rendering</Filter>
    </ClCompile>
    <ClCompile Include="vulkan\mesh.cpp">
      <Filter>Source Files\Rendering</Filter>
    </ClCompile>
    <ClCompile Include="game\managedmodel.cpp">
      <Filter>Source Files\Managed</Filter>
    </ClCompile>
    <ClCompile Include="vulkan\shadercompiler.cpp">
      <Filter>Source Files\Rendering</Filter>
    </ClCompile>
    <ClCompile Include="edict.cpp">
      <Filter>Source Files\Entities</Filter>
    </ClCompile>
    <ClCompile Include="modelentity.cpp">
      <Filter>Source Files\Entities</Filter>
    </ClCompile>
    <ClCompile Include="baseentity.cpp">
      <Filter>Source Files\Entities</Filter>
    </ClCompile>
    <ClCompile Include="managedtexture.cpp">
      <Filter>Source Files\Managed</Filter>
    </ClCompile>
    <ClCompile Include="texture.cpp">
      <Filter>Source Files</Filter>
    </ClCompile>
    <ClCompile Include="cvarmanager.cpp">
      <Filter>Source Files</Filter>
    </ClCompile>
    <ClCompile Include="physicsmanager.cpp">
      <Filter>Source Files</Filter>
    </ClCompile>
    <ClCompile Include="thirdparty\JoltPhysics\Jolt\AABBTree\AABBTreeBuilder.cpp">
      <Filter>Source Files\Thirdparty\Jolt</Filter>
    </ClCompile>
    <ClCompile Include="thirdparty\JoltPhysics\Jolt\Physics\Body\Body.cpp">
      <Filter>Source Files\Thirdparty\Jolt</Filter>
    </ClCompile>
    <ClCompile Include="thirdparty\JoltPhysics\Jolt\Physics\Body\BodyAccess.cpp">
      <Filter>Source Files\Thirdparty\Jolt</Filter>
    </ClCompile>
    <ClCompile Include="thirdparty\JoltPhysics\Jolt\Physics\Body\BodyCreationSettings.cpp">
      <Filter>Source Files\Thirdparty\Jolt</Filter>
    </ClCompile>
    <ClCompile Include="thirdparty\JoltPhysics\Jolt\Physics\Body\BodyInterface.cpp">
      <Filter>Source Files\Thirdparty\Jolt</Filter>
    </ClCompile>
    <ClCompile Include="thirdparty\JoltPhysics\Jolt\Physics\Body\BodyManager.cpp">
      <Filter>Source Files\Thirdparty\Jolt</Filter>
    </ClCompile>
    <ClCompile Include="thirdparty\JoltPhysics\Jolt\Physics\Collision\Shape\BoxShape.cpp">
      <Filter>Source Files\Thirdparty\Jolt</Filter>
    </ClCompile>
    <ClCompile Include="thirdparty\JoltPhysics\Jolt\Physics\Collision\BroadPhase\BroadPhase.cpp">
      <Filter>Source Files\Thirdparty\Jolt</Filter>
    </ClCompile>
    <ClCompile Include="thirdparty\JoltPhysics\Jolt\Physics\Collision\BroadPhase\BroadPhaseBruteForce.cpp">
      <Filter>Source Files\Thirdparty\Jolt</Filter>
    </ClCompile>
    <ClCompile Include="thirdparty\JoltPhysics\Jolt\Physics\Collision\BroadPhase\BroadPhaseQuadTree.cpp">
      <Filter>Source Files\Thirdparty\Jolt</Filter>
    </ClCompile>
    <ClCompile Include="thirdparty\JoltPhysics\Jolt\Physics\Collision\Shape\CapsuleShape.cpp">
      <Filter>Source Files\Thirdparty\Jolt</Filter>
    </ClCompile>
    <ClCompile Include="thirdparty\JoltPhysics\Jolt\Physics\Collision\CastConvexVsTriangles.cpp">
      <Filter>Source Files\Thirdparty\Jolt</Filter>
    </ClCompile>
    <ClCompile Include="thirdparty\JoltPhysics\Jolt\Physics\Collision\CastSphereVsTriangles.cpp">
      <Filter>Source Files\Thirdparty\Jolt</Filter>
    </ClCompile>
    <ClCompile Include="thirdparty\JoltPhysics\Jolt\Physics\Character\Character.cpp">
      <Filter>Source Files\Thirdparty\Jolt</Filter>
    </ClCompile>
    <ClCompile Include="thirdparty\JoltPhysics\Jolt\Physics\Character\CharacterBase.cpp">
      <Filter>Source Files\Thirdparty\Jolt</Filter>
    </ClCompile>
    <ClCompile Include="thirdparty\JoltPhysics\Jolt\Physics\Character\CharacterVirtual.cpp">
      <Filter>Source Files\Thirdparty\Jolt</Filter>
    </ClCompile>
    <ClCompile Include="thirdparty\JoltPhysics\Jolt\Physics\Collision\CollideConvexVsTriangles.cpp">
      <Filter>Source Files\Thirdparty\Jolt</Filter>
    </ClCompile>
    <ClCompile Include="thirdparty\JoltPhysics\Jolt\Physics\Collision\CollideSphereVsTriangles.cpp">
      <Filter>Source Files\Thirdparty\Jolt</Filter>
    </ClCompile>
    <ClCompile Include="thirdparty\JoltPhysics\Jolt\Physics\Collision\CollisionDispatch.cpp">
      <Filter>Source Files\Thirdparty\Jolt</Filter>
    </ClCompile>
    <ClCompile Include="thirdparty\JoltPhysics\Jolt\Physics\Collision\CollisionGroup.cpp">
      <Filter>Source Files\Thirdparty\Jolt</Filter>
    </ClCompile>
    <ClCompile Include="thirdparty\JoltPhysics\Jolt\Core\Color.cpp">
      <Filter>Source Files\Thirdparty\Jolt</Filter>
    </ClCompile>
    <ClCompile Include="thirdparty\JoltPhysics\Jolt\Physics\Collision\Shape\CompoundShape.cpp">
      <Filter>Source Files\Thirdparty\Jolt</Filter>
    </ClCompile>
    <ClCompile Include="thirdparty\JoltPhysics\Jolt\Physics\Constraints\ConeConstraint.cpp">
      <Filter>Source Files\Thirdparty\Jolt</Filter>
    </ClCompile>
    <ClCompile Include="thirdparty\JoltPhysics\Jolt\Physics\Constraints\Constraint.cpp">
      <Filter>Source Files\Thirdparty\Jolt</Filter>
    </ClCompile>
    <ClCompile Include="thirdparty\JoltPhysics\Jolt\Physics\Constraints\ConstraintManager.cpp">
      <Filter>Source Files\Thirdparty\Jolt</Filter>
    </ClCompile>
    <ClCompile Include="thirdparty\JoltPhysics\Jolt\Physics\Constraints\ContactConstraintManager.cpp">
      <Filter>Source Files\Thirdparty\Jolt</Filter>
    </ClCompile>
    <ClCompile Include="thirdparty\JoltPhysics\Jolt\Geometry\ConvexHullBuilder.cpp">
      <Filter>Source Files\Thirdparty\Jolt</Filter>
    </ClCompile>
    <ClCompile Include="thirdparty\JoltPhysics\Jolt\Geometry\ConvexHullBuilder2D.cpp">
      <Filter>Source Files\Thirdparty\Jolt</Filter>
    </ClCompile>
    <ClCompile Include="thirdparty\JoltPhysics\Jolt\Physics\Collision\Shape\ConvexHullShape.cpp">
      <Filter>Source Files\Thirdparty\Jolt</Filter>
    </ClCompile>
    <ClCompile Include="thirdparty\JoltPhysics\Jolt\Physics\Collision\Shape\ConvexShape.cpp">
      <Filter>Source Files\Thirdparty\Jolt</Filter>
    </ClCompile>
    <ClCompile Include="thirdparty\JoltPhysics\Jolt\Physics\Collision\Shape\CylinderShape.cpp">
      <Filter>Source Files\Thirdparty\Jolt</Filter>
    </ClCompile>
    <ClCompile Include="thirdparty\JoltPhysics\Jolt\Renderer\DebugRenderer.cpp">
      <Filter>Source Files\Thirdparty\Jolt</Filter>
    </ClCompile>
    <ClCompile Include="thirdparty\JoltPhysics\Jolt\Renderer\DebugRendererPlayback.cpp">
      <Filter>Source Files\Thirdparty\Jolt</Filter>
    </ClCompile>
    <ClCompile Include="thirdparty\JoltPhysics\Jolt\Renderer\DebugRendererRecorder.cpp">
      <Filter>Source Files\Thirdparty\Jolt</Filter>
    </ClCompile>
    <ClCompile Include="thirdparty\JoltPhysics\Jolt\Physics\Collision\Shape\DecoratedShape.cpp">
      <Filter>Source Files\Thirdparty\Jolt</Filter>
    </ClCompile>
    <ClCompile Include="thirdparty\JoltPhysics\Jolt\Physics\DeterminismLog.cpp">
      <Filter>Source Files\Thirdparty\Jolt</Filter>
    </ClCompile>
    <ClCompile Include="thirdparty\JoltPhysics\Jolt\Physics\Constraints\DistanceConstraint.cpp">
      <Filter>Source Files\Thirdparty\Jolt</Filter>
    </ClCompile>
    <ClCompile Include="thirdparty\JoltPhysics\Jolt\Core\Factory.cpp">
      <Filter>Source Files\Thirdparty\Jolt</Filter>
    </ClCompile>
    <ClCompile Include="thirdparty\JoltPhysics\Jolt\Physics\Constraints\FixedConstraint.cpp">
      <Filter>Source Files\Thirdparty\Jolt</Filter>
    </ClCompile>
    <ClCompile Include="thirdparty\JoltPhysics\Jolt\Physics\Constraints\GearConstraint.cpp">
      <Filter>Source Files\Thirdparty\Jolt</Filter>
    </ClCompile>
    <ClCompile Include="thirdparty\JoltPhysics\Jolt\Physics\Collision\GroupFilter.cpp">
      <Filter>Source Files\Thirdparty\Jolt</Filter>
    </ClCompile>
    <ClCompile Include="thirdparty\JoltPhysics\Jolt\Physics\Collision\GroupFilterTable.cpp">
      <Filter>Source Files\Thirdparty\Jolt</Filter>
    </ClCompile>
    <ClCompile Include="thirdparty\JoltPhysics\Jolt\Physics\Collision\Shape\HeightFieldShape.cpp">
      <Filter>Source Files\Thirdparty\Jolt</Filter>
    </ClCompile>
    <ClCompile Include="thirdparty\JoltPhysics\Jolt\Physics\Constraints\HingeConstraint.cpp">
      <Filter>Source Files\Thirdparty\Jolt</Filter>
    </ClCompile>
    <ClCompile Include="thirdparty\JoltPhysics\Jolt\Geometry\Indexify.cpp">
      <Filter>Source Files\Thirdparty\Jolt</Filter>
    </ClCompile>
    <ClCompile Include="thirdparty\JoltPhysics\Jolt\Physics\IslandBuilder.cpp">
      <Filter>Source Files\Thirdparty\Jolt</Filter>
    </ClCompile>
    <ClCompile Include="thirdparty\JoltPhysics\Jolt\Core\IssueReporting.cpp">
      <Filter>Source Files\Thirdparty\Jolt</Filter>
    </ClCompile>
    <ClCompile Include="thirdparty\JoltPhysics\Jolt\Core\JobSystemThreadPool.cpp">
      <Filter>Source Files\Thirdparty\Jolt</Filter>
    </ClCompile>
    <ClCompile Include="thirdparty\JoltPhysics\Jolt\Core\LinearCurve.cpp">
      <Filter>Source Files\Thirdparty\Jolt</Filter>
    </ClCompile>
    <ClCompile Include="thirdparty\JoltPhysics\Jolt\Physics\Collision\ManifoldBetweenTwoFaces.cpp">
      <Filter>Source Files\Thirdparty\Jolt</Filter>
    </ClCompile>
    <ClCompile Include="thirdparty\JoltPhysics\Jolt\Physics\Body\MassProperties.cpp">
      <Filter>Source Files\Thirdparty\Jolt</Filter>
    </ClCompile>
    <ClCompile Include="thirdparty\JoltPhysics\Jolt\Core\Memory.cpp">
      <Filter>Source Files\Thirdparty\Jolt</Filter>
    </ClCompile>
    <ClCompile Include="thirdparty\JoltPhysics\Jolt\Physics\Collision\Shape\MeshShape.cpp">
      <Filter>Source Files\Thirdparty\Jolt</Filter>
    </ClCompile>
    <ClCompile Include="thirdparty\JoltPhysics\Jolt\Physics\Body\MotionProperties.cpp">
      <Filter>Source Files\Thirdparty\Jolt</Filter>
    </ClCompile>
    <ClCompile Include="thirdparty\JoltPhysics\Jolt\Physics\Constraints\MotorSettings.cpp">
      <Filter>Source Files\Thirdparty\Jolt</Filter>
    </ClCompile>
    <ClCompile Include="thirdparty\JoltPhysics\Jolt\Physics\Collision\Shape\MutableCompoundShape.cpp">
      <Filter>Source Files\Thirdparty\Jolt</Filter>
    </ClCompile>
    <ClCompile Include="thirdparty\JoltPhysics\Jolt\Physics\Collision\NarrowPhaseQuery.cpp">
      <Filter>Source Files\Thirdparty\Jolt</Filter>
    </ClCompile>
    <ClCompile Include="thirdparty\JoltPhysics\Jolt\Physics\Collision\NarrowPhaseStats.cpp">
      <Filter>Source Files\Thirdparty\Jolt</Filter>
    </ClCompile>
    <ClCompile Include="thirdparty\JoltPhysics\Jolt\ObjectStream\ObjectStream.cpp">
      <Filter>Source Files\Thirdparty\Jolt</Filter>
    </ClCompile>
    <ClCompile Include="thirdparty\JoltPhysics\Jolt\ObjectStream\ObjectStreamBinaryIn.cpp">
      <Filter>Source Files\Thirdparty\Jolt</Filter>
    </ClCompile>
    <ClCompile Include="thirdparty\JoltPhysics\Jolt\ObjectStream\ObjectStreamBinaryOut.cpp">
      <Filter>Source Files\Thirdparty\Jolt</Filter>
    </ClCompile>
    <ClCompile Include="thirdparty\JoltPhysics\Jolt\ObjectStream\ObjectStreamIn.cpp">
      <Filter>Source Files\Thirdparty\Jolt</Filter>
    </ClCompile>
    <ClCompile Include="thirdparty\JoltPhysics\Jolt\ObjectStream\ObjectStreamOut.cpp">
      <Filter>Source Files\Thirdparty\Jolt</Filter>
    </ClCompile>
    <ClCompile Include="thirdparty\JoltPhysics\Jolt\ObjectStream\ObjectStreamTextIn.cpp">
      <Filter>Source Files\Thirdparty\Jolt</Filter>
    </ClCompile>
    <ClCompile Include="thirdparty\JoltPhysics\Jolt\ObjectStream\ObjectStreamTextOut.cpp">
      <Filter>Source Files\Thirdparty\Jolt</Filter>
    </ClCompile>
    <ClCompile Include="thirdparty\JoltPhysics\Jolt\Physics\Collision\Shape\OffsetCenterOfMassShape.cpp">
      <Filter>Source Files\Thirdparty\Jolt</Filter>
    </ClCompile>
    <ClCompile Include="thirdparty\JoltPhysics\Jolt\Geometry\OrientedBox.cpp">
      <Filter>Source Files\Thirdparty\Jolt</Filter>
    </ClCompile>
    <ClCompile Include="thirdparty\JoltPhysics\Jolt\Physics\Constraints\PathConstraint.cpp">
      <Filter>Source Files\Thirdparty\Jolt</Filter>
    </ClCompile>
    <ClCompile Include="thirdparty\JoltPhysics\Jolt\Physics\Constraints\PathConstraintPath.cpp">
      <Filter>Source Files\Thirdparty\Jolt</Filter>
    </ClCompile>
    <ClCompile Include="thirdparty\JoltPhysics\Jolt\Physics\Constraints\PathConstraintPathHermite.cpp">
      <Filter>Source Files\Thirdparty\Jolt</Filter>
    </ClCompile>
    <ClCompile Include="thirdparty\JoltPhysics\Jolt\Physics\PhysicsLock.cpp">
      <Filter>Source Files\Thirdparty\Jolt</Filter>
    </ClCompile>
    <ClCompile Include="thirdparty\JoltPhysics\Jolt\Physics\Collision\PhysicsMaterial.cpp">
      <Filter>Source Files\Thirdparty\Jolt</Filter>
    </ClCompile>
    <ClCompile Include="thirdparty\JoltPhysics\Jolt\Physics\Collision\PhysicsMaterialSimple.cpp">
      <Filter>Source Files\Thirdparty\Jolt</Filter>
    </ClCompile>
    <ClCompile Include="thirdparty\JoltPhysics\Jolt\Physics\PhysicsScene.cpp">
      <Filter>Source Files\Thirdparty\Jolt</Filter>
    </ClCompile>
    <ClCompile Include="thirdparty\JoltPhysics\Jolt\Physics\PhysicsSystem.cpp">
      <Filter>Source Files\Thirdparty\Jolt</Filter>
    </ClCompile>
    <ClCompile Include="thirdparty\JoltPhysics\Jolt\Physics\PhysicsUpdateContext.cpp">
      <Filter>Source Files\Thirdparty\Jolt</Filter>
    </ClCompile>
    <ClCompile Include="thirdparty\JoltPhysics\Jolt\Physics\Constraints\PointConstraint.cpp">
      <Filter>Source Files\Thirdparty\Jolt</Filter>
    </ClCompile>
    <ClCompile Include="thirdparty\JoltPhysics\Jolt\Core\Profiler.cpp">
      <Filter>Source Files\Thirdparty\Jolt</Filter>
    </ClCompile>
    <ClCompile Include="thirdparty\JoltPhysics\Jolt\Physics\Constraints\PulleyConstraint.cpp">
      <Filter>Source Files\Thirdparty\Jolt</Filter>
    </ClCompile>
    <ClCompile Include="thirdparty\JoltPhysics\Jolt\Physics\Collision\BroadPhase\QuadTree.cpp">
      <Filter>Source Files\Thirdparty\Jolt</Filter>
    </ClCompile>
    <ClCompile Include="thirdparty\JoltPhysics\Jolt\Physics\Constraints\RackAndPinionConstraint.cpp">
      <Filter>Source Files\Thirdparty\Jolt</Filter>
    </ClCompile>
    <ClCompile Include="thirdparty\JoltPhysics\Jolt\Physics\Ragdoll\Ragdoll.cpp">
      <Filter>Source Files\Thirdparty\Jolt</Filter>
    </ClCompile>
    <ClCompile Include="thirdparty\JoltPhysics\Jolt\RegisterTypes.cpp">
      <Filter>Source Files\Thirdparty\Jolt</Filter>
    </ClCompile>
    <ClCompile Include="thirdparty\JoltPhysics\Jolt\Physics\Collision\Shape\RotatedTranslatedShape.cpp">
      <Filter>Source Files\Thirdparty\Jolt</Filter>
    </ClCompile>
    <ClCompile Include="thirdparty\JoltPhysics\Jolt\Core\RTTI.cpp">
      <Filter>Source Files\Thirdparty\Jolt</Filter>
    </ClCompile>
    <ClCompile Include="thirdparty\JoltPhysics\Jolt\Physics\Collision\Shape\ScaledShape.cpp">
      <Filter>Source Files\Thirdparty\Jolt</Filter>
    </ClCompile>
    <ClCompile Include="thirdparty\JoltPhysics\Jolt\ObjectStream\SerializableObject.cpp">
      <Filter>Source Files\Thirdparty\Jolt</Filter>
    </ClCompile>
    <ClCompile Include="thirdparty\JoltPhysics\Jolt\Physics\Collision\Shape\Shape.cpp">
      <Filter>Source Files\Thirdparty\Jolt</Filter>
    </ClCompile>
    <ClCompile Include="thirdparty\JoltPhysics\Jolt\Physics\Constraints\SixDOFConstraint.cpp">
      <Filter>Source Files\Thirdparty\Jolt</Filter>
    </ClCompile>
    <ClCompile Include="thirdparty\JoltPhysics\Jolt\Skeleton\SkeletalAnimation.cpp">
      <Filter>Source Files\Thirdparty\Jolt</Filter>
    </ClCompile>
    <ClCompile Include="thirdparty\JoltPhysics\Jolt\Skeleton\Skeleton.cpp">
      <Filter>Source Files\Thirdparty\Jolt</Filter>
    </ClCompile>
    <ClCompile Include="thirdparty\JoltPhysics\Jolt\Skeleton\SkeletonMapper.cpp">
      <Filter>Source Files\Thirdparty\Jolt</Filter>
    </ClCompile>
    <ClCompile Include="thirdparty\JoltPhysics\Jolt\Skeleton\SkeletonPose.cpp">
      <Filter>Source Files\Thirdparty\Jolt</Filter>
    </ClCompile>
    <ClCompile Include="thirdparty\JoltPhysics\Jolt\Physics\Constraints\SliderConstraint.cpp">
      <Filter>Source Files\Thirdparty\Jolt</Filter>
    </ClCompile>
    <ClCompile Include="thirdparty\JoltPhysics\Jolt\Physics\Collision\Shape\SphereShape.cpp">
      <Filter>Source Files\Thirdparty\Jolt</Filter>
    </ClCompile>
    <ClCompile Include="thirdparty\JoltPhysics\Jolt\Physics\StateRecorderImpl.cpp">
      <Filter>Source Files\Thirdparty\Jolt</Filter>
    </ClCompile>
    <ClCompile Include="thirdparty\JoltPhysics\Jolt\Physics\Collision\Shape\StaticCompoundShape.cpp">
      <Filter>Source Files\Thirdparty\Jolt</Filter>
    </ClCompile>
    <ClCompile Include="thirdparty\JoltPhysics\Jolt\Core\StringTools.cpp">
      <Filter>Source Files\Thirdparty\Jolt</Filter>
    </ClCompile>
    <ClCompile Include="thirdparty\JoltPhysics\Jolt\Physics\Constraints\SwingTwistConstraint.cpp">
      <Filter>Source Files\Thirdparty\Jolt</Filter>
    </ClCompile>
    <ClCompile Include="thirdparty\JoltPhysics\Jolt\Physics\Collision\Shape\TaperedCapsuleShape.cpp">
      <Filter>Source Files\Thirdparty\Jolt</Filter>
    </ClCompile>
    <ClCompile Include="thirdparty\JoltPhysics\Jolt\Core\TickCounter.cpp">
      <Filter>Source Files\Thirdparty\Jolt</Filter>
    </ClCompile>
    <ClCompile Include="thirdparty\JoltPhysics\Jolt\Physics\Vehicle\TrackedVehicleController.cpp">
      <Filter>Source Files\Thirdparty\Jolt</Filter>
    </ClCompile>
    <ClCompile Include="thirdparty\JoltPhysics\Jolt\Physics\Collision\TransformedShape.cpp">
      <Filter>Source Files\Thirdparty\Jolt</Filter>
    </ClCompile>
    <ClCompile Include="thirdparty\JoltPhysics\Jolt\TriangleGrouper\TriangleGrouperClosestCentroid.cpp">
      <Filter>Source Files\Thirdparty\Jolt</Filter>
    </ClCompile>
    <ClCompile Include="thirdparty\JoltPhysics\Jolt\TriangleGrouper\TriangleGrouperMorton.cpp">
      <Filter>Source Files\Thirdparty\Jolt</Filter>
    </ClCompile>
    <ClCompile Include="thirdparty\JoltPhysics\Jolt\Physics\Collision\Shape\TriangleShape.cpp">
      <Filter>Source Files\Thirdparty\Jolt</Filter>
    </ClCompile>
    <ClCompile Include="thirdparty\JoltPhysics\Jolt\TriangleSplitter\TriangleSplitter.cpp">
      <Filter>Source Files\Thirdparty\Jolt</Filter>
    </ClCompile>
    <ClCompile Include="thirdparty\JoltPhysics\Jolt\TriangleSplitter\TriangleSplitterBinning.cpp">
      <Filter>Source Files\Thirdparty\Jolt</Filter>
    </ClCompile>
    <ClCompile Include="thirdparty\JoltPhysics\Jolt\TriangleSplitter\TriangleSplitterFixedLeafSize.cpp">
      <Filter>Source Files\Thirdparty\Jolt</Filter>
    </ClCompile>
    <ClCompile Include="thirdparty\JoltPhysics\Jolt\TriangleSplitter\TriangleSplitterLongestAxis.cpp">
      <Filter>Source Files\Thirdparty\Jolt</Filter>
    </ClCompile>
    <ClCompile Include="thirdparty\JoltPhysics\Jolt\TriangleSplitter\TriangleSplitterMean.cpp">
      <Filter>Source Files\Thirdparty\Jolt</Filter>
    </ClCompile>
    <ClCompile Include="thirdparty\JoltPhysics\Jolt\TriangleSplitter\TriangleSplitterMorton.cpp">
      <Filter>Source Files\Thirdparty\Jolt</Filter>
    </ClCompile>
    <ClCompile Include="thirdparty\JoltPhysics\Jolt\Physics\Constraints\TwoBodyConstraint.cpp">
      <Filter>Source Files\Thirdparty\Jolt</Filter>
    </ClCompile>
    <ClCompile Include="thirdparty\JoltPhysics\Jolt\ObjectStream\TypeDeclarations.cpp">
      <Filter>Source Files\Thirdparty\Jolt</Filter>
    </ClCompile>
    <ClCompile Include="thirdparty\JoltPhysics\Jolt\Math\UVec4.cpp">
      <Filter>Source Files\Thirdparty\Jolt</Filter>
    </ClCompile>
    <ClCompile Include="thirdparty\JoltPhysics\Jolt\Math\Vec3.cpp">
      <Filter>Source Files\Thirdparty\Jolt</Filter>
    </ClCompile>
    <ClCompile Include="thirdparty\JoltPhysics\Jolt\Physics\Vehicle\VehicleAntiRollBar.cpp">
      <Filter>Source Files\Thirdparty\Jolt</Filter>
    </ClCompile>
    <ClCompile Include="thirdparty\JoltPhysics\Jolt\Physics\Vehicle\VehicleCollisionTester.cpp">
      <Filter>Source Files\Thirdparty\Jolt</Filter>
    </ClCompile>
    <ClCompile Include="thirdparty\JoltPhysics\Jolt\Physics\Vehicle\VehicleConstraint.cpp">
      <Filter>Source Files\Thirdparty\Jolt</Filter>
    </ClCompile>
    <ClCompile Include="thirdparty\JoltPhysics\Jolt\Physics\Vehicle\VehicleController.cpp">
      <Filter>Source Files\Thirdparty\Jolt</Filter>
    </ClCompile>
    <ClCompile Include="thirdparty\JoltPhysics\Jolt\Physics\Vehicle\VehicleDifferential.cpp">
      <Filter>Source Files\Thirdparty\Jolt</Filter>
    </ClCompile>
    <ClCompile Include="thirdparty\JoltPhysics\Jolt\Physics\Vehicle\VehicleEngine.cpp">
      <Filter>Source Files\Thirdparty\Jolt</Filter>
    </ClCompile>
    <ClCompile Include="thirdparty\JoltPhysics\Jolt\Physics\Vehicle\VehicleTrack.cpp">
      <Filter>Source Files\Thirdparty\Jolt</Filter>
    </ClCompile>
    <ClCompile Include="thirdparty\JoltPhysics\Jolt\Physics\Vehicle\VehicleTransmission.cpp">
      <Filter>Source Files\Thirdparty\Jolt</Filter>
    </ClCompile>
    <ClCompile Include="thirdparty\JoltPhysics\Jolt\Physics\Vehicle\Wheel.cpp">
      <Filter>Source Files\Thirdparty\Jolt</Filter>
    </ClCompile>
    <ClCompile Include="thirdparty\JoltPhysics\Jolt\Physics\Vehicle\WheeledVehicleController.cpp">
      <Filter>Source Files\Thirdparty\Jolt</Filter>
    </ClCompile>
  </ItemGroup>
  <ItemGroup>
    <ClInclude Include="generated\editor.generated.h">
      <Filter>Header Files</Filter>
    </ClInclude>
    <ClInclude Include="generated\entities.generated.h">
      <Filter>Header Files</Filter>
    </ClInclude>
    <ClInclude Include="generated\InteropList.generated.h">
      <Filter>Header Files</Filter>
    </ClInclude>
    <ClInclude Include="generated\logmanager.generated.h">
      <Filter>Header Files</Filter>
    </ClInclude>
    <ClInclude Include="generated\managedmodel.generated.h">
      <Filter>Header Files</Filter>
    </ClInclude>
    <ClInclude Include="generated\managedtexture.generated.h">
      <Filter>Header Files</Filter>
    </ClInclude>
    <ClInclude Include="generated\mesh.generated.h">
      <Filter>Header Files</Filter>
    </ClInclude>
    <ClInclude Include="generated\shader.generated.h">
      <Filter>Header Files</Filter>
    </ClInclude>
    <ClInclude Include="generated\UnmanagedArgs.generated.h">
      <Filter>Header Files</Filter>
    </ClInclude>
    <ClInclude Include="generated\*.h">
      <Filter>Header Files</Filter>
    </ClInclude>
    <ClInclude Include="generated\*.h">
      <Filter>Header Files</Filter>
    </ClInclude>
    <ClInclude Include="generated\*.h">
      <Filter>Header Files</Filter>
    </ClInclude>
    <ClInclude Include="generated\InteropList.generated.h">
      <Filter>Header Files</Filter>
    </ClInclude>
    <ClInclude Include="generated\UnmanagedArgs.generated.h">
      <Filter>Header Files</Filter>
    </ClInclude>
    <ClInclude Include="generated\InteropList.generated.h">
      <Filter>Header Files</Filter>
    </ClInclude>
    <ClInclude Include="generated\UnmanagedArgs.generated.h">
      <Filter>Header Files</Filter>
    </ClInclude>
    <ClInclude Include="generated\InteropList.generated.h">
      <Filter>Header Files</Filter>
    </ClInclude>
    <ClInclude Include="generated\UnmanagedArgs.generated.h">
      <Filter>Header Files</Filter>
    </ClInclude>
    <ClInclude Include="generated\InteropList.generated.h">
      <Filter>Header Files</Filter>
    </ClInclude>
    <ClInclude Include="generated\UnmanagedArgs.generated.h">
      <Filter>Header Files</Filter>
    </ClInclude>
    <ClInclude Include="generated\InteropList.generated.h">
      <Filter>Header Files</Filter>
    </ClInclude>
    <ClInclude Include="generated\UnmanagedArgs.generated.h">
      <Filter>Header Files</Filter>
    </ClInclude>
    <ClInclude Include="thirdparty\imgui\imgui.h">
      <Filter>Header Files\Thirdparty</Filter>
    </ClInclude>
    <ClInclude Include="thirdparty\imgui\imgui_impl_sdl.h">
      <Filter>Header Files\Thirdparty</Filter>
    </ClInclude>
    <ClInclude Include="thirdparty\imgui\imgui_impl_vulkan.h">
      <Filter>Header Files\Thirdparty</Filter>
    </ClInclude>
    <ClInclude Include="thirdparty\imgui\imgui_internal.h">
      <Filter>Header Files\Thirdparty</Filter>
    </ClInclude>
    <ClInclude Include="thirdparty\imgui\imstb_rectpack.h">
      <Filter>Header Files\Thirdparty</Filter>
    </ClInclude>
    <ClInclude Include="thirdparty\imgui\imstb_textedit.h">
      <Filter>Header Files\Thirdparty</Filter>
    </ClInclude>
    <ClInclude Include="thirdparty\imgui\imstb_truetype.h">
      <Filter>Header Files\Thirdparty</Filter>
    </ClInclude>
    <ClInclude Include="thirdparty\imgui\imconfig.h">
      <Filter>Header Files\Thirdparty</Filter>
    </ClInclude>
    <ClInclude Include="thirdparty\VkBootstrap.h">
      <Filter>Header Files\Thirdparty</Filter>
    </ClInclude>
    <ClInclude Include="game\managedmodel.h">
      <Filter>Header Files\Managed</Filter>
    </ClInclude>
    <ClInclude Include="managed\hostmanager.h">
      <Filter>Header Files\Managers</Filter>
    </ClInclude>
    <ClInclude Include="vulkan\shadercompiler.h">
      <Filter>Header Files\Rendering</Filter>
    </ClInclude>
    <ClInclude Include="globalvars.h">
      <Filter>Header Files\Misc</Filter>
    </ClInclude>
    <ClInclude Include="vulkan\editor.h">
      <Filter>Header Files\Managed</Filter>
    </ClInclude>
    <ClInclude Include="vulkan\mesh.h">
      <Filter>Header Files\Rendering</Filter>
    </ClInclude>
    <ClInclude Include="game\model.h">
      <Filter>Header Files\Rendering</Filter>
    </ClInclude>
    <ClInclude Include="vulkan\pipeline.h">
      <Filter>Header Files\Rendering</Filter>
    </ClInclude>
    <ClInclude Include="renderdocmanager.h">
      <Filter>Header Files\Managers</Filter>
    </ClInclude>
    <ClInclude Include="thirdparty\renderdoc_app.h">
      <Filter>Header Files\Thirdparty</Filter>
    </ClInclude>
    <ClInclude Include="subsystem.h">
      <Filter>Header Files\Misc</Filter>
    </ClInclude>
    <ClInclude Include="window.h">
      <Filter>Header Files\Rendering</Filter>
    </ClInclude>
    <ClInclude Include="vulkan\vkinit.h">
      <Filter>Header Files\Rendering</Filter>
    </ClInclude>
    <ClInclude Include="vulkan\types.h">
      <Filter>Header Files\Rendering</Filter>
    </ClInclude>
    <ClInclude Include="game\types.h">
      <Filter>Header Files\Misc</Filter>
    </ClInclude>
    <ClInclude Include="vulkan\rendermanager.h">
      <Filter>Header Files\Managers</Filter>
    </ClInclude>
    <ClInclude Include="logmanager.h">
      <Filter>Header Files\Managers</Filter>
    </ClInclude>
    <ClInclude Include="root.h">
      <Filter>Header Files</Filter>
    </ClInclude>
    <ClInclude Include="defs.h">
      <Filter>Header Files\Misc</Filter>
    </ClInclude>
    <ClInclude Include="edict.h">
      <Filter>Header Files\Entities</Filter>
    </ClInclude>
    <ClInclude Include="modelentity.h">
      <Filter>Header Files\Entities</Filter>
    </ClInclude>
    <ClInclude Include="baseentity.h">
      <Filter>Header Files\Entities</Filter>
    </ClInclude>
    <ClInclude Include="entities.h">
      <Filter>Header Files\Entities</Filter>
    </ClInclude>
    <ClInclude Include="managedtexture.h">
      <Filter>Header Files\Managed</Filter>
    </ClInclude>
    <ClInclude Include="texture.h">
      <Filter>Header Files</Filter>
    </ClInclude>
    <ClInclude Include="cvarmanager.h">
      <Filter>Header Files</Filter>
    </ClInclude>
    <ClInclude Include="physicsmanager.h">
      <Filter>Header Files</Filter>
    </ClInclude>
    <ClInclude Include="thirdparty\JoltPhysics\Jolt\AABBTree\AABBTreeBuilder.h">
      <Filter>Source Files\Thirdparty\Jolt</Filter>
    </ClInclude>
    <ClInclude Include="thirdparty\JoltPhysics\Jolt\AABBTree\AABBTreeToBuffer.h">
      <Filter>Source Files\Thirdparty\Jolt</Filter>
    </ClInclude>
    <ClInclude Include="thirdparty\JoltPhysics\Jolt\Geometry\AABox.h">
      <Filter>Source Files\Thirdparty\Jolt</Filter>
    </ClInclude>
    <ClInclude Include="thirdparty\JoltPhysics\Jolt\Geometry\AABox4.h">
      <Filter>Source Files\Thirdparty\Jolt</Filter>
    </ClInclude>
    <ClInclude Include="thirdparty\JoltPhysics\Jolt\Physics\Collision\AABoxCast.h">
      <Filter>Source Files\Thirdparty\Jolt</Filter>
    </ClInclude>
    <ClInclude Include="thirdparty\JoltPhysics\Jolt\Physics\Collision\ActiveEdgeMode.h">
      <Filter>Source Files\Thirdparty\Jolt</Filter>
    </ClInclude>
    <ClInclude Include="thirdparty\JoltPhysics\Jolt\Physics\Collision\ActiveEdges.h">
      <Filter>Source Files\Thirdparty\Jolt</Filter>
    </ClInclude>
    <ClInclude Include="thirdparty\JoltPhysics\Jolt\Physics\Constraints\ConstraintPart\AngleConstraintPart.h">
      <Filter>Source Files\Thirdparty\Jolt</Filter>
    </ClInclude>
    <ClInclude Include="thirdparty\JoltPhysics\Jolt\Core\ARMNeon.h">
      <Filter>Source Files\Thirdparty\Jolt</Filter>
    </ClInclude>
    <ClInclude Include="thirdparty\JoltPhysics\Jolt\Core\Atomics.h">
      <Filter>Source Files\Thirdparty\Jolt</Filter>
    </ClInclude>
    <ClInclude Include="thirdparty\JoltPhysics\Jolt\Physics\Constraints\ConstraintPart\AxisConstraintPart.h">
      <Filter>Source Files\Thirdparty\Jolt</Filter>
    </ClInclude>
    <ClInclude Include="thirdparty\JoltPhysics\Jolt\Physics\Collision\BackFaceMode.h">
      <Filter>Source Files\Thirdparty\Jolt</Filter>
    </ClInclude>
    <ClInclude Include="thirdparty\JoltPhysics\Jolt\Physics\Body\Body.h">
      <Filter>Source Files\Thirdparty\Jolt</Filter>
    </ClInclude>
    <ClInclude Include="thirdparty\JoltPhysics\Jolt\Physics\Body\BodyAccess.h">
      <Filter>Source Files\Thirdparty\Jolt</Filter>
    </ClInclude>
    <ClInclude Include="thirdparty\JoltPhysics\Jolt\Physics\Body\BodyActivationListener.h">
      <Filter>Source Files\Thirdparty\Jolt</Filter>
    </ClInclude>
    <ClInclude Include="thirdparty\JoltPhysics\Jolt\Physics\Body\BodyCreationSettings.h">
      <Filter>Source Files\Thirdparty\Jolt</Filter>
    </ClInclude>
    <ClInclude Include="thirdparty\JoltPhysics\Jolt\Physics\Body\BodyFilter.h">
      <Filter>Source Files\Thirdparty\Jolt</Filter>
    </ClInclude>
    <ClInclude Include="thirdparty\JoltPhysics\Jolt\Physics\Body\BodyID.h">
      <Filter>Source Files\Thirdparty\Jolt</Filter>
    </ClInclude>
    <ClInclude Include="thirdparty\JoltPhysics\Jolt\Physics\Body\BodyInterface.h">
      <Filter>Source Files\Thirdparty\Jolt</Filter>
    </ClInclude>
    <ClInclude Include="thirdparty\JoltPhysics\Jolt\Physics\Body\BodyLock.h">
      <Filter>Source Files\Thirdparty\Jolt</Filter>
    </ClInclude>
    <ClInclude Include="thirdparty\JoltPhysics\Jolt\Physics\Body\BodyLockInterface.h">
      <Filter>Source Files\Thirdparty\Jolt</Filter>
    </ClInclude>
    <ClInclude Include="thirdparty\JoltPhysics\Jolt\Physics\Body\BodyLockMulti.h">
      <Filter>Source Files\Thirdparty\Jolt</Filter>
    </ClInclude>
    <ClInclude Include="thirdparty\JoltPhysics\Jolt\Physics\Body\BodyManager.h">
      <Filter>Source Files\Thirdparty\Jolt</Filter>
    </ClInclude>
    <ClInclude Include="thirdparty\JoltPhysics\Jolt\Physics\Body\BodyPair.h">
      <Filter>Source Files\Thirdparty\Jolt</Filter>
    </ClInclude>
    <ClInclude Include="thirdparty\JoltPhysics\Jolt\Physics\Collision\Shape\BoxShape.h">
      <Filter>Source Files\Thirdparty\Jolt</Filter>
    </ClInclude>
    <ClInclude Include="thirdparty\JoltPhysics\Jolt\Physics\Collision\BroadPhase\BroadPhase.h">
      <Filter>Source Files\Thirdparty\Jolt</Filter>
    </ClInclude>
    <ClInclude Include="thirdparty\JoltPhysics\Jolt\Physics\Collision\BroadPhase\BroadPhaseBruteForce.h">
      <Filter>Source Files\Thirdparty\Jolt</Filter>
    </ClInclude>
    <ClInclude Include="thirdparty\JoltPhysics\Jolt\Physics\Collision\BroadPhase\BroadPhaseLayer.h">
      <Filter>Source Files\Thirdparty\Jolt</Filter>
    </ClInclude>
    <ClInclude Include="thirdparty\JoltPhysics\Jolt\Physics\Collision\BroadPhase\BroadPhaseQuadTree.h">
      <Filter>Source Files\Thirdparty\Jolt</Filter>
    </ClInclude>
    <ClInclude Include="thirdparty\JoltPhysics\Jolt\Physics\Collision\BroadPhase\BroadPhaseQuery.h">
      <Filter>Source Files\Thirdparty\Jolt</Filter>
    </ClInclude>
    <ClInclude Include="thirdparty\JoltPhysics\Jolt\Core\ByteBuffer.h">
      <Filter>Source Files\Thirdparty\Jolt</Filter>
    </ClInclude>
    <ClInclude Include="thirdparty\JoltPhysics\Jolt\Physics\Collision\Shape\CapsuleShape.h">
      <Filter>Source Files\Thirdparty\Jolt</Filter>
    </ClInclude>
    <ClInclude Include="thirdparty\JoltPhysics\Jolt\Physics\Collision\CastConvexVsTriangles.h">
      <Filter>Source Files\Thirdparty\Jolt</Filter>
    </ClInclude>
    <ClInclude Include="thirdparty\JoltPhysics\Jolt\Physics\Collision\CastResult.h">
      <Filter>Source Files\Thirdparty\Jolt</Filter>
    </ClInclude>
    <ClInclude Include="thirdparty\JoltPhysics\Jolt\Physics\Collision\CastSphereVsTriangles.h">
      <Filter>Source Files\Thirdparty\Jolt</Filter>
    </ClInclude>
    <ClInclude Include="thirdparty\JoltPhysics\Jolt\Physics\Character\Character.h">
      <Filter>Source Files\Thirdparty\Jolt</Filter>
    </ClInclude>
    <ClInclude Include="thirdparty\JoltPhysics\Jolt\Physics\Character\CharacterBase.h">
      <Filter>Source Files\Thirdparty\Jolt</Filter>
    </ClInclude>
    <ClInclude Include="thirdparty\JoltPhysics\Jolt\Physics\Character\CharacterVirtual.h">
      <Filter>Source Files\Thirdparty\Jolt</Filter>
    </ClInclude>
    <ClInclude Include="thirdparty\JoltPhysics\Jolt\Geometry\ClipPoly.h">
      <Filter>Source Files\Thirdparty\Jolt</Filter>
    </ClInclude>
    <ClInclude Include="thirdparty\JoltPhysics\Jolt\Geometry\ClosestPoint.h">
      <Filter>Source Files\Thirdparty\Jolt</Filter>
    </ClInclude>
    <ClInclude Include="thirdparty\JoltPhysics\Jolt\Physics\Collision\CollectFacesMode.h">
      <Filter>Source Files\Thirdparty\Jolt</Filter>
    </ClInclude>
    <ClInclude Include="thirdparty\JoltPhysics\Jolt\Physics\Collision\CollideConvexVsTriangles.h">
      <Filter>Source Files\Thirdparty\Jolt</Filter>
    </ClInclude>
    <ClInclude Include="thirdparty\JoltPhysics\Jolt\Physics\Collision\CollidePointResult.h">
      <Filter>Source Files\Thirdparty\Jolt</Filter>
    </ClInclude>
    <ClInclude Include="thirdparty\JoltPhysics\Jolt\Physics\Collision\CollideShape.h">
      <Filter>Source Files\Thirdparty\Jolt</Filter>
    </ClInclude>
    <ClInclude Include="thirdparty\JoltPhysics\Jolt\Physics\Collision\CollideSphereVsTriangles.h">
      <Filter>Source Files\Thirdparty\Jolt</Filter>
    </ClInclude>
    <ClInclude Include="thirdparty\JoltPhysics\Jolt\Physics\Collision\CollisionCollector.h">
      <Filter>Source Files\Thirdparty\Jolt</Filter>
    </ClInclude>
    <ClInclude Include="thirdparty\JoltPhysics\Jolt\Physics\Collision\CollisionCollectorImpl.h">
      <Filter>Source Files\Thirdparty\Jolt</Filter>
    </ClInclude>
    <ClInclude Include="thirdparty\JoltPhysics\Jolt\Physics\Collision\CollisionDispatch.h">
      <Filter>Source Files\Thirdparty\Jolt</Filter>
    </ClInclude>
    <ClInclude Include="thirdparty\JoltPhysics\Jolt\Physics\Collision\CollisionGroup.h">
      <Filter>Source Files\Thirdparty\Jolt</Filter>
    </ClInclude>
    <ClInclude Include="thirdparty\JoltPhysics\Jolt\Core\Color.h">
      <Filter>Source Files\Thirdparty\Jolt</Filter>
    </ClInclude>
    <ClInclude Include="thirdparty\JoltPhysics\Jolt\Physics\Collision\Shape\CompoundShape.h">
      <Filter>Source Files\Thirdparty\Jolt</Filter>
    </ClInclude>
    <ClInclude Include="thirdparty\JoltPhysics\Jolt\Physics\Collision\Shape\CompoundShapeVisitors.h">
      <Filter>Source Files\Thirdparty\Jolt</Filter>
    </ClInclude>
    <ClInclude Include="thirdparty\JoltPhysics\Jolt\Physics\Constraints\ConeConstraint.h">
      <Filter>Source Files\Thirdparty\Jolt</Filter>
    </ClInclude>
    <ClInclude Include="thirdparty\JoltPhysics\Jolt\Physics\Constraints\Constraint.h">
      <Filter>Source Files\Thirdparty\Jolt</Filter>
    </ClInclude>
    <ClInclude Include="thirdparty\JoltPhysics\Jolt\Physics\Constraints\ConstraintManager.h">
      <Filter>Source Files\Thirdparty\Jolt</Filter>
    </ClInclude>
    <ClInclude Include="thirdparty\JoltPhysics\Jolt\Physics\Constraints\ContactConstraintManager.h">
      <Filter>Source Files\Thirdparty\Jolt</Filter>
    </ClInclude>
    <ClInclude Include="thirdparty\JoltPhysics\Jolt\Physics\Collision\ContactListener.h">
      <Filter>Source Files\Thirdparty\Jolt</Filter>
    </ClInclude>
    <ClInclude Include="thirdparty\JoltPhysics\Jolt\Geometry\ConvexHullBuilder.h">
      <Filter>Source Files\Thirdparty\Jolt</Filter>
    </ClInclude>
    <ClInclude Include="thirdparty\JoltPhysics\Jolt\Geometry\ConvexHullBuilder2D.h">
      <Filter>Source Files\Thirdparty\Jolt</Filter>
    </ClInclude>
    <ClInclude Include="thirdparty\JoltPhysics\Jolt\Physics\Collision\Shape\ConvexHullShape.h">
      <Filter>Source Files\Thirdparty\Jolt</Filter>
    </ClInclude>
    <ClInclude Include="thirdparty\JoltPhysics\Jolt\Physics\Collision\Shape\ConvexShape.h">
      <Filter>Source Files\Thirdparty\Jolt</Filter>
    </ClInclude>
    <ClInclude Include="thirdparty\JoltPhysics\Jolt\Geometry\ConvexSupport.h">
      <Filter>Source Files\Thirdparty\Jolt</Filter>
    </ClInclude>
    <ClInclude Include="thirdparty\JoltPhysics\Jolt\Core\Core.h">
      <Filter>Source Files\Thirdparty\Jolt</Filter>
    </ClInclude>
    <ClInclude Include="thirdparty\JoltPhysics\Jolt\Physics\Collision\Shape\CylinderShape.h">
      <Filter>Source Files\Thirdparty\Jolt</Filter>
    </ClInclude>
    <ClInclude Include="thirdparty\JoltPhysics\Jolt\Renderer\DebugRenderer.h">
      <Filter>Source Files\Thirdparty\Jolt</Filter>
    </ClInclude>
    <ClInclude Include="thirdparty\JoltPhysics\Jolt\Renderer\DebugRendererPlayback.h">
      <Filter>Source Files\Thirdparty\Jolt</Filter>
    </ClInclude>
    <ClInclude Include="thirdparty\JoltPhysics\Jolt\Renderer\DebugRendererRecorder.h">
      <Filter>Source Files\Thirdparty\Jolt</Filter>
    </ClInclude>
    <ClInclude Include="thirdparty\JoltPhysics\Jolt\Physics\Collision\Shape\DecoratedShape.h">
      <Filter>Source Files\Thirdparty\Jolt</Filter>
    </ClInclude>
    <ClInclude Include="thirdparty\JoltPhysics\Jolt\Physics\DeterminismLog.h">
      <Filter>Source Files\Thirdparty\Jolt</Filter>
    </ClInclude>
    <ClInclude Include="thirdparty\JoltPhysics\Jolt\Physics\Constraints\DistanceConstraint.h">
      <Filter>Source Files\Thirdparty\Jolt</Filter>
    </ClInclude>
    <ClInclude Include="thirdparty\JoltPhysics\Jolt\Math\DMat44.h">
      <Filter>Source Files\Thirdparty\Jolt</Filter>
    </ClInclude>
    <ClInclude Include="thirdparty\JoltPhysics\Jolt\Math\Double3.h">
      <Filter>Source Files\Thirdparty\Jolt</Filter>
    </ClInclude>
    <ClInclude Include="thirdparty\JoltPhysics\Jolt\Physics\Constraints\ConstraintPart\DualAxisConstraintPart.h">
      <Filter>Source Files\Thirdparty\Jolt</Filter>
    </ClInclude>
    <ClInclude Include="thirdparty\JoltPhysics\Jolt\Math\DVec3.h">
      <Filter>Source Files\Thirdparty\Jolt</Filter>
    </ClInclude>
    <ClInclude Include="thirdparty\JoltPhysics\Jolt\Math\DynMatrix.h">
      <Filter>Source Files\Thirdparty\Jolt</Filter>
    </ClInclude>
    <ClInclude Include="thirdparty\JoltPhysics\Jolt\Physics\EActivation.h">
      <Filter>Source Files\Thirdparty\Jolt</Filter>
    </ClInclude>
    <ClInclude Include="thirdparty\JoltPhysics\Jolt\Math\EigenValueSymmetric.h">
      <Filter>Source Files\Thirdparty\Jolt</Filter>
    </ClInclude>
    <ClInclude Include="thirdparty\JoltPhysics\Jolt\Geometry\Ellipse.h">
      <Filter>Source Files\Thirdparty\Jolt</Filter>
    </ClInclude>
    <ClInclude Include="thirdparty\JoltPhysics\Jolt\Geometry\EPAConvexHullBuilder.h">
      <Filter>Source Files\Thirdparty\Jolt</Filter>
    </ClInclude>
    <ClInclude Include="thirdparty\JoltPhysics\Jolt\Geometry\EPAPenetrationDepth.h">
      <Filter>Source Files\Thirdparty\Jolt</Filter>
    </ClInclude>
    <ClInclude Include="thirdparty\JoltPhysics\Jolt\Core\Factory.h">
      <Filter>Source Files\Thirdparty\Jolt</Filter>
    </ClInclude>
    <ClInclude Include="thirdparty\JoltPhysics\Jolt\Math\FindRoot.h">
      <Filter>Source Files\Thirdparty\Jolt</Filter>
    </ClInclude>
    <ClInclude Include="thirdparty\JoltPhysics\Jolt\Physics\Constraints\FixedConstraint.h">
      <Filter>Source Files\Thirdparty\Jolt</Filter>
    </ClInclude>
    <ClInclude Include="thirdparty\JoltPhysics\Jolt\Core\FixedSizeFreeList.h">
      <Filter>Source Files\Thirdparty\Jolt</Filter>
    </ClInclude>
    <ClInclude Include="thirdparty\JoltPhysics\Jolt\Math\Float2.h">
      <Filter>Source Files\Thirdparty\Jolt</Filter>
    </ClInclude>
    <ClInclude Include="thirdparty\JoltPhysics\Jolt\Math\Float3.h">
      <Filter>Source Files\Thirdparty\Jolt</Filter>
    </ClInclude>
    <ClInclude Include="thirdparty\JoltPhysics\Jolt\Math\Float4.h">
      <Filter>Source Files\Thirdparty\Jolt</Filter>
    </ClInclude>
    <ClInclude Include="thirdparty\JoltPhysics\Jolt\Core\FPControlWord.h">
      <Filter>Source Files\Thirdparty\Jolt</Filter>
    </ClInclude>
    <ClInclude Include="thirdparty\JoltPhysics\Jolt\Core\FPException.h">
      <Filter>Source Files\Thirdparty\Jolt</Filter>
    </ClInclude>
    <ClInclude Include="thirdparty\JoltPhysics\Jolt\Core\FPFlushDenormals.h">
      <Filter>Source Files\Thirdparty\Jolt</Filter>
    </ClInclude>
    <ClInclude Include="thirdparty\JoltPhysics\Jolt\Math\GaussianElimination.h">
      <Filter>Source Files\Thirdparty\Jolt</Filter>
    </ClInclude>
    <ClInclude Include="thirdparty\JoltPhysics\Jolt\Physics\Constraints\GearConstraint.h">
      <Filter>Source Files\Thirdparty\Jolt</Filter>
    </ClInclude>
    <ClInclude Include="thirdparty\JoltPhysics\Jolt\Physics\Constraints\ConstraintPart\GearConstraintPart.h">
      <Filter>Source Files\Thirdparty\Jolt</Filter>
    </ClInclude>
    <ClInclude Include="thirdparty\JoltPhysics\Jolt\ObjectStream\GetPrimitiveTypeOfType.h">
      <Filter>Source Files\Thirdparty\Jolt</Filter>
    </ClInclude>
    <ClInclude Include="thirdparty\JoltPhysics\Jolt\Physics\Collision\Shape\GetTrianglesContext.h">
      <Filter>Source Files\Thirdparty\Jolt</Filter>
    </ClInclude>
    <ClInclude Include="thirdparty\JoltPhysics\Jolt\Geometry\GJKClosestPoint.h">
      <Filter>Source Files\Thirdparty\Jolt</Filter>
    </ClInclude>
    <ClInclude Include="thirdparty\JoltPhysics\Jolt\Physics\Collision\GroupFilter.h">
      <Filter>Source Files\Thirdparty\Jolt</Filter>
    </ClInclude>
    <ClInclude Include="thirdparty\JoltPhysics\Jolt\Physics\Collision\GroupFilterTable.h">
      <Filter>Source Files\Thirdparty\Jolt</Filter>
    </ClInclude>
    <ClInclude Include="thirdparty\JoltPhysics\Jolt\Math\HalfFloat.h">
      <Filter>Source Files\Thirdparty\Jolt</Filter>
    </ClInclude>
    <ClInclude Include="thirdparty\JoltPhysics\Jolt\Core\HashCombine.h">
      <Filter>Source Files\Thirdparty\Jolt</Filter>
    </ClInclude>
    <ClInclude Include="thirdparty\JoltPhysics\Jolt\Physics\Collision\Shape\HeightFieldShape.h">
      <Filter>Source Files\Thirdparty\Jolt</Filter>
    </ClInclude>
    <ClInclude Include="thirdparty\JoltPhysics\Jolt\Physics\Constraints\HingeConstraint.h">
      <Filter>Source Files\Thirdparty\Jolt</Filter>
    </ClInclude>
    <ClInclude Include="thirdparty\JoltPhysics\Jolt\Physics\Constraints\ConstraintPart\HingeRotationConstraintPart.h">
      <Filter>Source Files\Thirdparty\Jolt</Filter>
    </ClInclude>
    <ClInclude Include="thirdparty\JoltPhysics\Jolt\Physics\Constraints\ConstraintPart\IndependentAxisConstraintPart.h">
      <Filter>Source Files\Thirdparty\Jolt</Filter>
    </ClInclude>
    <ClInclude Include="thirdparty\JoltPhysics\Jolt\Geometry\IndexedTriangle.h">
      <Filter>Source Files\Thirdparty\Jolt</Filter>
    </ClInclude>
    <ClInclude Include="thirdparty\JoltPhysics\Jolt\Geometry\Indexify.h">
      <Filter>Source Files\Thirdparty\Jolt</Filter>
    </ClInclude>
    <ClInclude Include="thirdparty\JoltPhysics\Jolt\Core\InsertionSort.h">
      <Filter>Source Files\Thirdparty\Jolt</Filter>
    </ClInclude>
    <ClInclude Include="thirdparty\JoltPhysics\Jolt\Physics\IslandBuilder.h">
      <Filter>Source Files\Thirdparty\Jolt</Filter>
    </ClInclude>
    <ClInclude Include="thirdparty\JoltPhysics\Jolt\Core\IssueReporting.h">
      <Filter>Source Files\Thirdparty\Jolt</Filter>
    </ClInclude>
    <ClInclude Include="thirdparty\JoltPhysics\Jolt\Core\JobSystem.h">
      <Filter>Source Files\Thirdparty\Jolt</Filter>
    </ClInclude>
    <ClInclude Include="thirdparty\JoltPhysics\Jolt\Core\JobSystemThreadPool.h">
      <Filter>Source Files\Thirdparty\Jolt</Filter>
    </ClInclude>
    <ClInclude Include="thirdparty\JoltPhysics\Jolt\Jolt.h">
      <Filter>Source Files\Thirdparty\Jolt</Filter>
    </ClInclude>
    <ClInclude Include="thirdparty\JoltPhysics\Jolt\Core\LinearCurve.h">
      <Filter>Source Files\Thirdparty\Jolt</Filter>
    </ClInclude>
    <ClInclude Include="thirdparty\JoltPhysics\Jolt\Core\LockFreeHashMap.h">
      <Filter>Source Files\Thirdparty\Jolt</Filter>
    </ClInclude>
    <ClInclude Include="thirdparty\JoltPhysics\Jolt\Physics\Collision\ManifoldBetweenTwoFaces.h">
      <Filter>Source Files\Thirdparty\Jolt</Filter>
    </ClInclude>
    <ClInclude Include="thirdparty\JoltPhysics\Jolt\Physics\Body\MassProperties.h">
      <Filter>Source Files\Thirdparty\Jolt</Filter>
    </ClInclude>
    <ClInclude Include="thirdparty\JoltPhysics\Jolt\Math\Mat44.h">
      <Filter>Source Files\Thirdparty\Jolt</Filter>
    </ClInclude>
    <ClInclude Include="thirdparty\JoltPhysics\Jolt\Math\Math.h">
      <Filter>Source Files\Thirdparty\Jolt</Filter>
    </ClInclude>
    <ClInclude Include="thirdparty\JoltPhysics\Jolt\Math\MathTypes.h">
      <Filter>Source Files\Thirdparty\Jolt</Filter>
    </ClInclude>
    <ClInclude Include="thirdparty\JoltPhysics\Jolt\Math\Matrix.h">
      <Filter>Source Files\Thirdparty\Jolt</Filter>
    </ClInclude>
    <ClInclude Include="thirdparty\JoltPhysics\Jolt\Core\Memory.h">
      <Filter>Source Files\Thirdparty\Jolt</Filter>
    </ClInclude>
    <ClInclude Include="thirdparty\JoltPhysics\Jolt\Physics\Collision\Shape\MeshShape.h">
      <Filter>Source Files\Thirdparty\Jolt</Filter>
    </ClInclude>
    <ClInclude Include="thirdparty\JoltPhysics\Jolt\Geometry\MortonCode.h">
      <Filter>Source Files\Thirdparty\Jolt</Filter>
    </ClInclude>
    <ClInclude Include="thirdparty\JoltPhysics\Jolt\Physics\Body\MotionProperties.h">
      <Filter>Source Files\Thirdparty\Jolt</Filter>
    </ClInclude>
    <ClInclude Include="thirdparty\JoltPhysics\Jolt\Physics\Body\MotionQuality.h">
      <Filter>Source Files\Thirdparty\Jolt</Filter>
    </ClInclude>
    <ClInclude Include="thirdparty\JoltPhysics\Jolt\Physics\Body\MotionType.h">
      <Filter>Source Files\Thirdparty\Jolt</Filter>
    </ClInclude>
    <ClInclude Include="thirdparty\JoltPhysics\Jolt\Physics\Constraints\MotorSettings.h">
      <Filter>Source Files\Thirdparty\Jolt</Filter>
    </ClInclude>
    <ClInclude Include="thirdparty\JoltPhysics\Jolt\Physics\Collision\Shape\MutableCompoundShape.h">
      <Filter>Source Files\Thirdparty\Jolt</Filter>
    </ClInclude>
    <ClInclude Include="thirdparty\JoltPhysics\Jolt\Core\Mutex.h">
      <Filter>Source Files\Thirdparty\Jolt</Filter>
    </ClInclude>
    <ClInclude Include="thirdparty\JoltPhysics\Jolt\Core\MutexArray.h">
      <Filter>Source Files\Thirdparty\Jolt</Filter>
    </ClInclude>
    <ClInclude Include="thirdparty\JoltPhysics\Jolt\Physics\Collision\NarrowPhaseQuery.h">
      <Filter>Source Files\Thirdparty\Jolt</Filter>
    </ClInclude>
    <ClInclude Include="thirdparty\JoltPhysics\Jolt\Physics\Collision\NarrowPhaseStats.h">
      <Filter>Source Files\Thirdparty\Jolt</Filter>
    </ClInclude>
    <ClInclude Include="thirdparty\JoltPhysics\Jolt\AABBTree\NodeCodec\NodeCodecQuadTreeHalfFloat.h">
      <Filter>Source Files\Thirdparty\Jolt</Filter>
    </ClInclude>
    <ClInclude Include="thirdparty\JoltPhysics\Jolt\Core\NonCopyable.h">
      <Filter>Source Files\Thirdparty\Jolt</Filter>
    </ClInclude>
    <ClInclude Include="thirdparty\JoltPhysics\Jolt\Physics\Collision\ObjectLayer.h">
      <Filter>Source Files\Thirdparty\Jolt</Filter>
    </ClInclude>
    <ClInclude Include="thirdparty\JoltPhysics\Jolt\ObjectStream\ObjectStream.h">
      <Filter>Source Files\Thirdparty\Jolt</Filter>
    </ClInclude>
    <ClInclude Include="thirdparty\JoltPhysics\Jolt\ObjectStream\ObjectStreamBinaryIn.h">
      <Filter>Source Files\Thirdparty\Jolt</Filter>
    </ClInclude>
    <ClInclude Include="thirdparty\JoltPhysics\Jolt\ObjectStream\ObjectStreamBinaryOut.h">
      <Filter>Source Files\Thirdparty\Jolt</Filter>
    </ClInclude>
    <ClInclude Include="thirdparty\JoltPhysics\Jolt\ObjectStream\ObjectStreamIn.h">
      <Filter>Source Files\Thirdparty\Jolt</Filter>
    </ClInclude>
    <ClInclude Include="thirdparty\JoltPhysics\Jolt\ObjectStream\ObjectStreamOut.h">
      <Filter>Source Files\Thirdparty\Jolt</Filter>
    </ClInclude>
    <ClInclude Include="thirdparty\JoltPhysics\Jolt\ObjectStream\ObjectStreamTextIn.h">
      <Filter>Source Files\Thirdparty\Jolt</Filter>
    </ClInclude>
    <ClInclude Include="thirdparty\JoltPhysics\Jolt\ObjectStream\ObjectStreamTextOut.h">
      <Filter>Source Files\Thirdparty\Jolt</Filter>
    </ClInclude>
    <ClInclude Include="thirdparty\JoltPhysics\Jolt\ObjectStream\ObjectStreamTypes.h">
      <Filter>Source Files\Thirdparty\Jolt</Filter>
    </ClInclude>
    <ClInclude Include="thirdparty\JoltPhysics\Jolt\Physics\Collision\Shape\OffsetCenterOfMassShape.h">
      <Filter>Source Files\Thirdparty\Jolt</Filter>
    </ClInclude>
    <ClInclude Include="thirdparty\JoltPhysics\Jolt\Geometry\OrientedBox.h">
      <Filter>Source Files\Thirdparty\Jolt</Filter>
    </ClInclude>
    <ClInclude Include="thirdparty\JoltPhysics\Jolt\Physics\Constraints\PathConstraint.h">
      <Filter>Source Files\Thirdparty\Jolt</Filter>
    </ClInclude>
    <ClInclude Include="thirdparty\JoltPhysics\Jolt\Physics\Constraints\PathConstraintPath.h">
      <Filter>Source Files\Thirdparty\Jolt</Filter>
    </ClInclude>
    <ClInclude Include="thirdparty\JoltPhysics\Jolt\Physics\Constraints\PathConstraintPathHermite.h">
      <Filter>Source Files\Thirdparty\Jolt</Filter>
    </ClInclude>
    <ClInclude Include="thirdparty\JoltPhysics\Jolt\Physics\PhysicsLock.h">
      <Filter>Source Files\Thirdparty\Jolt</Filter>
    </ClInclude>
    <ClInclude Include="thirdparty\JoltPhysics\Jolt\Physics\Collision\PhysicsMaterial.h">
      <Filter>Source Files\Thirdparty\Jolt</Filter>
    </ClInclude>
    <ClInclude Include="thirdparty\JoltPhysics\Jolt\Physics\Collision\PhysicsMaterialSimple.h">
      <Filter>Source Files\Thirdparty\Jolt</Filter>
    </ClInclude>
    <ClInclude Include="thirdparty\JoltPhysics\Jolt\Physics\PhysicsScene.h">
      <Filter>Source Files\Thirdparty\Jolt</Filter>
    </ClInclude>
    <ClInclude Include="thirdparty\JoltPhysics\Jolt\Physics\PhysicsSettings.h">
      <Filter>Source Files\Thirdparty\Jolt</Filter>
    </ClInclude>
    <ClInclude Include="thirdparty\JoltPhysics\Jolt\Physics\PhysicsStepListener.h">
      <Filter>Source Files\Thirdparty\Jolt</Filter>
    </ClInclude>
    <ClInclude Include="thirdparty\JoltPhysics\Jolt\Physics\PhysicsSystem.h">
      <Filter>Source Files\Thirdparty\Jolt</Filter>
    </ClInclude>
    <ClInclude Include="thirdparty\JoltPhysics\Jolt\Physics\PhysicsUpdateContext.h">
      <Filter>Source Files\Thirdparty\Jolt</Filter>
    </ClInclude>
    <ClInclude Include="thirdparty\JoltPhysics\Jolt\Geometry\Plane.h">
      <Filter>Source Files\Thirdparty\Jolt</Filter>
    </ClInclude>
    <ClInclude Include="thirdparty\JoltPhysics\Jolt\Physics\Constraints\PointConstraint.h">
      <Filter>Source Files\Thirdparty\Jolt</Filter>
    </ClInclude>
    <ClInclude Include="thirdparty\JoltPhysics\Jolt\Physics\Constraints\ConstraintPart\PointConstraintPart.h">
      <Filter>Source Files\Thirdparty\Jolt</Filter>
    </ClInclude>
    <ClInclude Include="thirdparty\JoltPhysics\Jolt\Physics\Collision\Shape\PolyhedronSubmergedVolumeCalculator.h">
      <Filter>Source Files\Thirdparty\Jolt</Filter>
    </ClInclude>
    <ClInclude Include="thirdparty\JoltPhysics\Jolt\Core\Profiler.h">
      <Filter>Source Files\Thirdparty\Jolt</Filter>
    </ClInclude>
    <ClInclude Include="thirdparty\JoltPhysics\Jolt\Physics\Constraints\PulleyConstraint.h">
      <Filter>Source Files\Thirdparty\Jolt</Filter>
    </ClInclude>
    <ClInclude Include="thirdparty\JoltPhysics\Jolt\Physics\Collision\BroadPhase\QuadTree.h">
      <Filter>Source Files\Thirdparty\Jolt</Filter>
    </ClInclude>
    <ClInclude Include="thirdparty\JoltPhysics\Jolt\Math\Quat.h">
      <Filter>Source Files\Thirdparty\Jolt</Filter>
    </ClInclude>
    <ClInclude Include="thirdparty\JoltPhysics\Jolt\Core\QuickSort.h">
      <Filter>Source Files\Thirdparty\Jolt</Filter>
    </ClInclude>
    <ClInclude Include="thirdparty\JoltPhysics\Jolt\Physics\Constraints\RackAndPinionConstraint.h">
      <Filter>Source Files\Thirdparty\Jolt</Filter>
    </ClInclude>
    <ClInclude Include="thirdparty\JoltPhysics\Jolt\Physics\Constraints\ConstraintPart\RackAndPinionConstraintPart.h">
      <Filter>Source Files\Thirdparty\Jolt</Filter>
    </ClInclude>
    <ClInclude Include="thirdparty\JoltPhysics\Jolt\Physics\Ragdoll\Ragdoll.h">
      <Filter>Source Files\Thirdparty\Jolt</Filter>
    </ClInclude>
    <ClInclude Include="thirdparty\JoltPhysics\Jolt\Geometry\RayAABox.h">
      <Filter>Source Files\Thirdparty\Jolt</Filter>
    </ClInclude>
    <ClInclude Include="thirdparty\JoltPhysics\Jolt\Geometry\RayAABox8.h">
      <Filter>Source Files\Thirdparty\Jolt</Filter>
    </ClInclude>
    <ClInclude Include="thirdparty\JoltPhysics\Jolt\Geometry\RayCapsule.h">
      <Filter>Source Files\Thirdparty\Jolt</Filter>
    </ClInclude>
    <ClInclude Include="thirdparty\JoltPhysics\Jolt\Physics\Collision\RayCast.h">
      <Filter>Source Files\Thirdparty\Jolt</Filter>
    </ClInclude>
    <ClInclude Include="thirdparty\JoltPhysics\Jolt\Geometry\RayCylinder.h">
      <Filter>Source Files\Thirdparty\Jolt</Filter>
    </ClInclude>
    <ClInclude Include="thirdparty\JoltPhysics\Jolt\Geometry\RaySphere.h">
      <Filter>Source Files\Thirdparty\Jolt</Filter>
    </ClInclude>
    <ClInclude Include="thirdparty\JoltPhysics\Jolt\Geometry\RayTriangle.h">
      <Filter>Source Files\Thirdparty\Jolt</Filter>
    </ClInclude>
    <ClInclude Include="thirdparty\JoltPhysics\Jolt\Geometry\RayTriangle8.h">
      <Filter>Source Files\Thirdparty\Jolt</Filter>
    </ClInclude>
    <ClInclude Include="thirdparty\JoltPhysics\Jolt\Math\Real.h">
      <Filter>Source Files\Thirdparty\Jolt</Filter>
    </ClInclude>
    <ClInclude Include="thirdparty\JoltPhysics\Jolt\Core\Reference.h">
      <Filter>Source Files\Thirdparty\Jolt</Filter>
    </ClInclude>
    <ClInclude Include="thirdparty\JoltPhysics\Jolt\RegisterTypes.h">
      <Filter>Source Files\Thirdparty\Jolt</Filter>
    </ClInclude>
    <ClInclude Include="thirdparty\JoltPhysics\Jolt\Core\Result.h">
      <Filter>Source Files\Thirdparty\Jolt</Filter>
    </ClInclude>
    <ClInclude Include="thirdparty\JoltPhysics\Jolt\Physics\Collision\Shape\RotatedTranslatedShape.h">
      <Filter>Source Files\Thirdparty\Jolt</Filter>
    </ClInclude>
    <ClInclude Include="thirdparty\JoltPhysics\Jolt\Physics\Constraints\ConstraintPart\RotationEulerConstraintPart.h">
      <Filter>Source Files\Thirdparty\Jolt</Filter>
    </ClInclude>
    <ClInclude Include="thirdparty\JoltPhysics\Jolt\Physics\Constraints\ConstraintPart\RotationQuatConstraintPart.h">
      <Filter>Source Files\Thirdparty\Jolt</Filter>
    </ClInclude>
    <ClInclude Include="thirdparty\JoltPhysics\Jolt\Core\RTTI.h">
      <Filter>Source Files\Thirdparty\Jolt</Filter>
    </ClInclude>
    <ClInclude Include="thirdparty\JoltPhysics\Jolt\Physics\Collision\Shape\ScaledShape.h">
      <Filter>Source Files\Thirdparty\Jolt</Filter>
    </ClInclude>
    <ClInclude Include="thirdparty\JoltPhysics\Jolt\Physics\Collision\Shape\ScaleHelpers.h">
      <Filter>Source Files\Thirdparty\Jolt</Filter>
    </ClInclude>
    <ClInclude Include="thirdparty\JoltPhysics\Jolt\ObjectStream\SerializableAttribute.h">
      <Filter>Source Files\Thirdparty\Jolt</Filter>
    </ClInclude>
    <ClInclude Include="thirdparty\JoltPhysics\Jolt\ObjectStream\SerializableAttributeEnum.h">
      <Filter>Source Files\Thirdparty\Jolt</Filter>
    </ClInclude>
    <ClInclude Include="thirdparty\JoltPhysics\Jolt\ObjectStream\SerializableAttributeTyped.h">
      <Filter>Source Files\Thirdparty\Jolt</Filter>
    </ClInclude>
    <ClInclude Include="thirdparty\JoltPhysics\Jolt\ObjectStream\SerializableObject.h">
      <Filter>Source Files\Thirdparty\Jolt</Filter>
    </ClInclude>
    <ClInclude Include="thirdparty\JoltPhysics\Jolt\Physics\Collision\Shape\Shape.h">
      <Filter>Source Files\Thirdparty\Jolt</Filter>
    </ClInclude>
    <ClInclude Include="thirdparty\JoltPhysics\Jolt\Physics\Collision\ShapeCast.h">
      <Filter>Source Files\Thirdparty\Jolt</Filter>
    </ClInclude>
    <ClInclude Include="thirdparty\JoltPhysics\Jolt\Physics\Collision\ShapeFilter.h">
      <Filter>Source Files\Thirdparty\Jolt</Filter>
    </ClInclude>
    <ClInclude Include="thirdparty\JoltPhysics\Jolt\Physics\Constraints\SixDOFConstraint.h">
      <Filter>Source Files\Thirdparty\Jolt</Filter>
    </ClInclude>
    <ClInclude Include="thirdparty\JoltPhysics\Jolt\Skeleton\SkeletalAnimation.h">
      <Filter>Source Files\Thirdparty\Jolt</Filter>
    </ClInclude>
    <ClInclude Include="thirdparty\JoltPhysics\Jolt\Skeleton\Skeleton.h">
      <Filter>Source Files\Thirdparty\Jolt</Filter>
    </ClInclude>
    <ClInclude Include="thirdparty\JoltPhysics\Jolt\Skeleton\SkeletonMapper.h">
      <Filter>Source Files\Thirdparty\Jolt</Filter>
    </ClInclude>
    <ClInclude Include="thirdparty\JoltPhysics\Jolt\Skeleton\SkeletonPose.h">
      <Filter>Source Files\Thirdparty\Jolt</Filter>
    </ClInclude>
    <ClInclude Include="thirdparty\JoltPhysics\Jolt\Physics\Constraints\SliderConstraint.h">
      <Filter>Source Files\Thirdparty\Jolt</Filter>
    </ClInclude>
    <ClInclude Include="thirdparty\JoltPhysics\Jolt\Physics\Collision\SortReverseAndStore.h">
      <Filter>Source Files\Thirdparty\Jolt</Filter>
    </ClInclude>
    <ClInclude Include="thirdparty\JoltPhysics\Jolt\Geometry\Sphere.h">
      <Filter>Source Files\Thirdparty\Jolt</Filter>
    </ClInclude>
    <ClInclude Include="thirdparty\JoltPhysics\Jolt\Physics\Collision\Shape\SphereShape.h">
      <Filter>Source Files\Thirdparty\Jolt</Filter>
    </ClInclude>
    <ClInclude Include="thirdparty\JoltPhysics\Jolt\Physics\Constraints\ConstraintPart\SpringPart.h">
      <Filter>Source Files\Thirdparty\Jolt</Filter>
    </ClInclude>
    <ClInclude Include="thirdparty\JoltPhysics\Jolt\Physics\StateRecorder.h">
      <Filter>Source Files\Thirdparty\Jolt</Filter>
    </ClInclude>
    <ClInclude Include="thirdparty\JoltPhysics\Jolt\Physics\StateRecorderImpl.h">
      <Filter>Source Files\Thirdparty\Jolt</Filter>
    </ClInclude>
    <ClInclude Include="thirdparty\JoltPhysics\Jolt\Core\StaticArray.h">
      <Filter>Source Files\Thirdparty\Jolt</Filter>
    </ClInclude>
    <ClInclude Include="thirdparty\JoltPhysics\Jolt\Physics\Collision\Shape\StaticCompoundShape.h">
      <Filter>Source Files\Thirdparty\Jolt</Filter>
    </ClInclude>
    <ClInclude Include="thirdparty\JoltPhysics\Jolt\Core\STLAlignedAllocator.h">
      <Filter>Source Files\Thirdparty\Jolt</Filter>
    </ClInclude>
    <ClInclude Include="thirdparty\JoltPhysics\Jolt\Core\STLAllocator.h">
      <Filter>Source Files\Thirdparty\Jolt</Filter>
    </ClInclude>
    <ClInclude Include="thirdparty\JoltPhysics\Jolt\Core\STLTempAllocator.h">
      <Filter>Source Files\Thirdparty\Jolt</Filter>
    </ClInclude>
    <ClInclude Include="thirdparty\JoltPhysics\Jolt\Core\StreamIn.h">
      <Filter>Source Files\Thirdparty\Jolt</Filter>
    </ClInclude>
    <ClInclude Include="thirdparty\JoltPhysics\Jolt\Core\StreamOut.h">
      <Filter>Source Files\Thirdparty\Jolt</Filter>
    </ClInclude>
    <ClInclude Include="thirdparty\JoltPhysics\Jolt\Core\StreamWrapper.h">
      <Filter>Source Files\Thirdparty\Jolt</Filter>
    </ClInclude>
    <ClInclude Include="thirdparty\JoltPhysics\Jolt\Core\StringTools.h">
      <Filter>Source Files\Thirdparty\Jolt</Filter>
    </ClInclude>
    <ClInclude Include="thirdparty\JoltPhysics\Jolt\Physics\Collision\Shape\SubShapeID.h">
      <Filter>Source Files\Thirdparty\Jolt</Filter>
    </ClInclude>
    <ClInclude Include="thirdparty\JoltPhysics\Jolt\Physics\Collision\Shape\SubShapeIDPair.h">
      <Filter>Source Files\Thirdparty\Jolt</Filter>
    </ClInclude>
    <ClInclude Include="thirdparty\JoltPhysics\Jolt\Physics\Constraints\SwingTwistConstraint.h">
      <Filter>Source Files\Thirdparty\Jolt</Filter>
    </ClInclude>
    <ClInclude Include="thirdparty\JoltPhysics\Jolt\Physics\Constraints\ConstraintPart\SwingTwistConstraintPart.h">
      <Filter>Source Files\Thirdparty\Jolt</Filter>
    </ClInclude>
    <ClInclude Include="thirdparty\JoltPhysics\Jolt\Math\Swizzle.h">
      <Filter>Source Files\Thirdparty\Jolt</Filter>
    </ClInclude>
    <ClInclude Include="thirdparty\JoltPhysics\Jolt\Physics\Collision\Shape\TaperedCapsuleShape.h">
      <Filter>Source Files\Thirdparty\Jolt</Filter>
    </ClInclude>
    <ClInclude Include="thirdparty\JoltPhysics\Jolt\Core\TempAllocator.h">
      <Filter>Source Files\Thirdparty\Jolt</Filter>
    </ClInclude>
    <ClInclude Include="thirdparty\JoltPhysics\Jolt\Core\TickCounter.h">
      <Filter>Source Files\Thirdparty\Jolt</Filter>
    </ClInclude>
    <ClInclude Include="thirdparty\JoltPhysics\Jolt\Physics\Vehicle\TrackedVehicleController.h">
      <Filter>Source Files\Thirdparty\Jolt</Filter>
    </ClInclude>
    <ClInclude Include="thirdparty\JoltPhysics\Jolt\Physics\Collision\TransformedShape.h">
      <Filter>Source Files\Thirdparty\Jolt</Filter>
    </ClInclude>
    <ClInclude Include="thirdparty\JoltPhysics\Jolt\Geometry\Triangle.h">
      <Filter>Source Files\Thirdparty\Jolt</Filter>
    </ClInclude>
    <ClInclude Include="thirdparty\JoltPhysics\Jolt\AABBTree\TriangleCodec\TriangleCodecIndexed8BitPackSOA4Flags.h">
      <Filter>Source Files\Thirdparty\Jolt</Filter>
    </ClInclude>
    <ClInclude Include="thirdparty\JoltPhysics\Jolt\TriangleGrouper\TriangleGrouper.h">
      <Filter>Source Files\Thirdparty\Jolt</Filter>
    </ClInclude>
    <ClInclude Include="thirdparty\JoltPhysics\Jolt\TriangleGrouper\TriangleGrouperClosestCentroid.h">
      <Filter>Source Files\Thirdparty\Jolt</Filter>
    </ClInclude>
    <ClInclude Include="thirdparty\JoltPhysics\Jolt\TriangleGrouper\TriangleGrouperMorton.h">
      <Filter>Source Files\Thirdparty\Jolt</Filter>
    </ClInclude>
    <ClInclude Include="thirdparty\JoltPhysics\Jolt\Physics\Collision\Shape\TriangleShape.h">
      <Filter>Source Files\Thirdparty\Jolt</Filter>
    </ClInclude>
    <ClInclude Include="thirdparty\JoltPhysics\Jolt\TriangleSplitter\TriangleSplitter.h">
      <Filter>Source Files\Thirdparty\Jolt</Filter>
    </ClInclude>
    <ClInclude Include="thirdparty\JoltPhysics\Jolt\TriangleSplitter\TriangleSplitterBinning.h">
      <Filter>Source Files\Thirdparty\Jolt</Filter>
    </ClInclude>
    <ClInclude Include="thirdparty\JoltPhysics\Jolt\TriangleSplitter\TriangleSplitterFixedLeafSize.h">
      <Filter>Source Files\Thirdparty\Jolt</Filter>
    </ClInclude>
    <ClInclude Include="thirdparty\JoltPhysics\Jolt\TriangleSplitter\TriangleSplitterLongestAxis.h">
      <Filter>Source Files\Thirdparty\Jolt</Filter>
    </ClInclude>
    <ClInclude Include="thirdparty\JoltPhysics\Jolt\TriangleSplitter\TriangleSplitterMean.h">
      <Filter>Source Files\Thirdparty\Jolt</Filter>
    </ClInclude>
    <ClInclude Include="thirdparty\JoltPhysics\Jolt\TriangleSplitter\TriangleSplitterMorton.h">
      <Filter>Source Files\Thirdparty\Jolt</Filter>
    </ClInclude>
    <ClInclude Include="thirdparty\JoltPhysics\Jolt\Math\Trigonometry.h">
      <Filter>Source Files\Thirdparty\Jolt</Filter>
    </ClInclude>
    <ClInclude Include="thirdparty\JoltPhysics\Jolt\Physics\Constraints\TwoBodyConstraint.h">
      <Filter>Source Files\Thirdparty\Jolt</Filter>
    </ClInclude>
    <ClInclude Include="thirdparty\JoltPhysics\Jolt\ObjectStream\TypeDeclarations.h">
      <Filter>Source Files\Thirdparty\Jolt</Filter>
    </ClInclude>
    <ClInclude Include="thirdparty\JoltPhysics\Jolt\Core\UnorderedMap.h">
      <Filter>Source Files\Thirdparty\Jolt</Filter>
    </ClInclude>
    <ClInclude Include="thirdparty\JoltPhysics\Jolt\Core\UnorderedSet.h">
      <Filter>Source Files\Thirdparty\Jolt</Filter>
    </ClInclude>
    <ClInclude Include="thirdparty\JoltPhysics\Jolt\Math\UVec4.h">
      <Filter>Source Files\Thirdparty\Jolt</Filter>
    </ClInclude>
    <ClInclude Include="thirdparty\JoltPhysics\Jolt\Math\UVec8.h">
      <Filter>Source Files\Thirdparty\Jolt</Filter>
    </ClInclude>
    <ClInclude Include="thirdparty\JoltPhysics\Jolt\Math\Vec3.h">
      <Filter>Source Files\Thirdparty\Jolt</Filter>
    </ClInclude>
    <ClInclude Include="thirdparty\JoltPhysics\Jolt\Math\Vec4.h">
      <Filter>Source Files\Thirdparty\Jolt</Filter>
    </ClInclude>
    <ClInclude Include="thirdparty\JoltPhysics\Jolt\Math\Vec8.h">
      <Filter>Source Files\Thirdparty\Jolt</Filter>
    </ClInclude>
    <ClInclude Include="thirdparty\JoltPhysics\Jolt\Math\Vector.h">
      <Filter>Source Files\Thirdparty\Jolt</Filter>
    </ClInclude>
    <ClInclude Include="thirdparty\JoltPhysics\Jolt\Physics\Vehicle\VehicleAntiRollBar.h">
      <Filter>Source Files\Thirdparty\Jolt</Filter>
    </ClInclude>
    <ClInclude Include="thirdparty\JoltPhysics\Jolt\Physics\Vehicle\VehicleCollisionTester.h">
      <Filter>Source Files\Thirdparty\Jolt</Filter>
    </ClInclude>
    <ClInclude Include="thirdparty\JoltPhysics\Jolt\Physics\Vehicle\VehicleConstraint.h">
      <Filter>Source Files\Thirdparty\Jolt</Filter>
    </ClInclude>
    <ClInclude Include="thirdparty\JoltPhysics\Jolt\Physics\Vehicle\VehicleController.h">
      <Filter>Source Files\Thirdparty\Jolt</Filter>
    </ClInclude>
    <ClInclude Include="thirdparty\JoltPhysics\Jolt\Physics\Vehicle\VehicleDifferential.h">
      <Filter>Source Files\Thirdparty\Jolt</Filter>
    </ClInclude>
    <ClInclude Include="thirdparty\JoltPhysics\Jolt\Physics\Vehicle\VehicleEngine.h">
      <Filter>Source Files\Thirdparty\Jolt</Filter>
    </ClInclude>
    <ClInclude Include="thirdparty\JoltPhysics\Jolt\Physics\Vehicle\VehicleTrack.h">
      <Filter>Source Files\Thirdparty\Jolt</Filter>
    </ClInclude>
    <ClInclude Include="thirdparty\JoltPhysics\Jolt\Physics\Vehicle\VehicleTransmission.h">
      <Filter>Source Files\Thirdparty\Jolt</Filter>
    </ClInclude>
    <ClInclude Include="thirdparty\JoltPhysics\Jolt\Physics\Vehicle\Wheel.h">
      <Filter>Source Files\Thirdparty\Jolt</Filter>
    </ClInclude>
    <ClInclude Include="thirdparty\JoltPhysics\Jolt\Physics\Vehicle\WheeledVehicleController.h">
      <Filter>Source Files\Thirdparty\Jolt</Filter>
    </ClInclude>
  </ItemGroup>
  <ItemGroup>
    <CopyFileToFolders Include="C:\Program Files\RenderDoc\renderdoc.dll" />
  </ItemGroup>
  <ItemGroup>
    <None Include="thirdparty\JoltPhysics\Jolt\Physics\Body\Body.inl">
      <Filter>Source Files\Thirdparty\Jolt</Filter>
    </None>
    <None Include="thirdparty\JoltPhysics\Jolt\Math\DMat44.inl">
      <Filter>Source Files\Thirdparty\Jolt</Filter>
    </None>
    <None Include="thirdparty\JoltPhysics\Jolt\Math\DVec3.inl">
      <Filter>Source Files\Thirdparty\Jolt</Filter>
    </None>
    <None Include="thirdparty\JoltPhysics\Jolt\Core\FixedSizeFreeList.inl">
      <Filter>Source Files\Thirdparty\Jolt</Filter>
    </None>
    <None Include="thirdparty\JoltPhysics\Jolt\Core\JobSystem.inl">
      <Filter>Source Files\Thirdparty\Jolt</Filter>
    </None>
    <None Include="thirdparty\JoltPhysics\Jolt\Core\LockFreeHashMap.inl">
      <Filter>Source Files\Thirdparty\Jolt</Filter>
    </None>
    <None Include="thirdparty\JoltPhysics\Jolt\Math\Mat44.inl">
      <Filter>Source Files\Thirdparty\Jolt</Filter>
    </None>
    <None Include="thirdparty\JoltPhysics\Jolt\Physics\Body\MotionProperties.inl">
      <Filter>Source Files\Thirdparty\Jolt</Filter>
    </None>
    <None Include="thirdparty\JoltPhysics\Jolt\Core\Profiler.inl">
      <Filter>Source Files\Thirdparty\Jolt</Filter>
    </None>
    <None Include="thirdparty\JoltPhysics\Jolt\Math\Quat.inl">
      <Filter>Source Files\Thirdparty\Jolt</Filter>
    </None>
    <None Include="thirdparty\JoltPhysics\Jolt\Math\UVec4.inl">
      <Filter>Source Files\Thirdparty\Jolt</Filter>
    </None>
    <None Include="thirdparty\JoltPhysics\Jolt\Math\UVec8.inl">
      <Filter>Source Files\Thirdparty\Jolt</Filter>
    </None>
    <None Include="thirdparty\JoltPhysics\Jolt\Math\Vec3.inl">
      <Filter>Source Files\Thirdparty\Jolt</Filter>
    </None>
    <None Include="thirdparty\JoltPhysics\Jolt\Math\Vec4.inl">
      <Filter>Source Files\Thirdparty\Jolt</Filter>
    </None>
    <None Include="thirdparty\JoltPhysics\Jolt\Math\Vec8.inl">
      <Filter>Source Files\Thirdparty\Jolt</Filter>
    </None>
  </ItemGroup>
</Project>