<?xml version="1.0" encoding="utf-8"?>
<Project ToolsVersion="4.0" xmlns="http://schemas.microsoft.com/developer/msbuild/2003">
  <ItemGroup>
    <Filter Include="Source Files">
      <UniqueIdentifier>{4FC737F1-C7A5-4376-A066-2A32D752A2FF}</UniqueIdentifier>
      <Extensions>cpp;c;cc;cxx;c++;cppm;ixx;def;odl;idl;hpj;bat;asm;asmx</Extensions>
    </Filter>
    <Filter Include="Header Files">
      <UniqueIdentifier>{93995380-89BD-4b04-88EB-625FBE52EBFB}</UniqueIdentifier>
      <Extensions>h;hh;hpp;hxx;h++;hm;inl;inc;ipp;xsd</Extensions>
    </Filter>
    <Filter Include="Resource Files">
      <UniqueIdentifier>{67DA6AB6-F800-4c08-8B7A-83BB121AAD01}</UniqueIdentifier>
      <Extensions>rc;ico;cur;bmp;dlg;rc2;rct;bin;rgs;gif;jpg;jpeg;jpe;resx;tiff;tif;png;wav;mfcribbon-ms</Extensions>
    </Filter>
    <Filter Include="Header Files\Misc">
      <UniqueIdentifier>{b6b8cf1a-9f56-4457-932d-657e5e0998ed}</UniqueIdentifier>
    </Filter>
    <Filter Include="Header Files\Rendering">
      <UniqueIdentifier>{ce326de6-3517-4e0e-9a9f-40428575b804}</UniqueIdentifier>
    </Filter>
    <Filter Include="Source Files\Rendering">
      <UniqueIdentifier>{61f20d70-f8a1-4eaf-8de1-c5e7d71f52f2}</UniqueIdentifier>
    </Filter>
    <Filter Include="Header Files\C# APIs">
      <UniqueIdentifier>{95e91be9-955c-4e9b-a310-c2307bf4a64f}</UniqueIdentifier>
    </Filter>
    <Filter Include="Header Files\External">
      <UniqueIdentifier>{094a845c-7489-491c-988f-24f280eb18cb}</UniqueIdentifier>
    </Filter>
    <Filter Include="Source Files\Misc">
      <UniqueIdentifier>{26a83210-cd7f-4f7a-836a-5de0db297304}</UniqueIdentifier>
    </Filter>
  </ItemGroup>
  <ItemGroup>
    <ClInclude Include="CMochaEngine.h">
      <Filter>Header Files</Filter>
    </ClInclude>
    <ClInclude Include="CImgui.h">
      <Filter>Header Files</Filter>
    </ClInclude>
    <ClInclude Include="CLogger.h">
      <Filter>Header Files</Filter>
    </ClInclude>
    <ClInclude Include="CWindow.h">
      <Filter>Header Files</Filter>
    </ClInclude>
    <ClInclude Include="Assert.h">
      <Filter>Header Files\Misc</Filter>
    </ClInclude>
    <ClInclude Include="CEditor.h">
      <Filter>Header Files</Filter>
    </ClInclude>
    <ClInclude Include="Mocha.h">
      <Filter>Header Files</Filter>
    </ClInclude>
    <ClInclude Include="CDeviceBuffer.h">
      <Filter>Header Files\Rendering</Filter>
    </ClInclude>
    <ClInclude Include="CShader.h">
      <Filter>Header Files\Rendering</Filter>
    </ClInclude>
    <ClInclude Include="CRenderer.h">
      <Filter>Header Files\Rendering</Filter>
    </ClInclude>
    <ClInclude Include="Observer.h">
      <Filter>Header Files\Misc</Filter>
    </ClInclude>
    <ClInclude Include="EditorUI.h">
      <Filter>Header Files\C# APIs</Filter>
    </ClInclude>
    <ClInclude Include="coreclr_delegates.h">
      <Filter>Header Files\External</Filter>
    </ClInclude>
    <ClInclude Include="FontAwesome.h">
      <Filter>Header Files\External</Filter>
    </ClInclude>
    <ClInclude Include="renderdoc_app.h">
      <Filter>Header Files\External</Filter>
    </ClInclude>
    <ClInclude Include="Globals.h">
      <Filter>Header Files\Misc</Filter>
    </ClInclude>
    <ClInclude Include="Transform.h">
      <Filter>Header Files\Misc</Filter>
    </ClInclude>
    <ClInclude Include="Vector.h">
      <Filter>Header Files\Misc</Filter>
    </ClInclude>
    <ClInclude Include="CNetCoreHost.h">
      <Filter>Header Files</Filter>
    </ClInclude>
    <ClInclude Include="hostfxr.h">
      <Filter>Header Files\External</Filter>
    </ClInclude>
  </ItemGroup>
  <ItemGroup>
    <ClCompile Include="CMochaEngine.cpp">
      <Filter>Source Files</Filter>
    </ClCompile>
    <ClCompile Include="CImgui.cpp">
      <Filter>Source Files</Filter>
    </ClCompile>
    <ClCompile Include="CLogger.cpp">
      <Filter>Source Files</Filter>
    </ClCompile>
    <ClCompile Include="CWindow.cpp">
      <Filter>Source Files</Filter>
    </ClCompile>
    <ClCompile Include="CNetCoreHost.cpp">
      <Filter>Source Files</Filter>
    </ClCompile>
    <ClCompile Include="main.cpp">
      <Filter>Source Files</Filter>
    </ClCompile>
    <ClCompile Include="CEditor.cpp">
      <Filter>Source Files</Filter>
    </ClCompile>
    <ClCompile Include="CShader.cpp">
      <Filter>Source Files\Rendering</Filter>
    </ClCompile>
    <ClCompile Include="CRenderer.cpp">
      <Filter>Source Files\Rendering</Filter>
    </ClCompile>
    <ClCompile Include="CDeviceBuffer.cpp">
      <Filter>Source Files\Rendering</Filter>
    </ClCompile>
  </ItemGroup>
  <ItemGroup>
    <CopyFileToFolders Include="C:\Program Files\RenderDoc\renderdoc.dll">
      <Filter>Resource Files</Filter>
    </CopyFileToFolders>
  </ItemGroup>
</Project>