
Microsoft Visual Studio Solution File, Format Version 12.00
# Visual Studio Version 17
VisualStudioVersion = 17.0.32112.339
MinimumVisualStudioVersion = 10.0.40219.1
Project("{9A19103F-16F7-4668-BE54-9A1E7A4F7556}") = "Mocha.Engine", "Mocha.Engine\Mocha.Engine.csproj", "{B8C94B77-D94F-48BA-B2E9-9CF0752C2189}"
	ProjectSection(ProjectDependencies) = postProject
		{4A73958E-BC60-4383-949B-4C57E1B484E1} = {4A73958E-BC60-4383-949B-4C57E1B484E1}
	EndProjectSection
EndProject
Project("{9A19103F-16F7-4668-BE54-9A1E7A4F7556}") = "MochaTool.AssetCompiler", "MochaTool.AssetCompiler\MochaTool.AssetCompiler.csproj", "{06D1B36D-62C6-4687-A21B-7D1C36AC0D4F}"
	ProjectSection(ProjectDependencies) = postProject
		{4A73958E-BC60-4383-949B-4C57E1B484E1} = {4A73958E-BC60-4383-949B-4C57E1B484E1}
	EndProjectSection
EndProject
Project("{9A19103F-16F7-4668-BE54-9A1E7A4F7556}") = "Mocha.Common", "Mocha.Common\Mocha.Common.csproj", "{05117E76-6DE2-4B04-BF23-93621AF84576}"
	ProjectSection(ProjectDependencies) = postProject
		{4A73958E-BC60-4383-949B-4C57E1B484E1} = {4A73958E-BC60-4383-949B-4C57E1B484E1}
	EndProjectSection
EndProject
Project("{2150E333-8FDC-42A3-9474-1A3956D46DE8}") = "Tools", "Tools", "{CB07C6D5-36BE-4B1E-B29D-7372756F892F}"
EndProject
Project("{2150E333-8FDC-42A3-9474-1A3956D46DE8}") = "Engine", "Engine", "{2F5C4610-1254-4D33-A1A6-5B38197346EE}"
EndProject
Project("{8BC9CEB8-8B4A-11D0-8D11-00A0C91BC942}") = "Mocha.Host", "Mocha.Host\Mocha.Host.vcxproj", "{E07C31BC-2908-46EC-A186-D27077AA3EBA}"
	ProjectSection(ProjectDependencies) = postProject
		{05117E76-6DE2-4B04-BF23-93621AF84576} = {05117E76-6DE2-4B04-BF23-93621AF84576}
		{06D1B36D-62C6-4687-A21B-7D1C36AC0D4F} = {06D1B36D-62C6-4687-A21B-7D1C36AC0D4F}
		{0FD2339A-B0C8-4AFC-B2AB-AF3C0DDCD6F2} = {0FD2339A-B0C8-4AFC-B2AB-AF3C0DDCD6F2}
		{4A73958E-BC60-4383-949B-4C57E1B484E1} = {4A73958E-BC60-4383-949B-4C57E1B484E1}
		{574073D7-C7B5-456F-8568-420E34A3A081} = {574073D7-C7B5-456F-8568-420E34A3A081}
		{B8C94B77-D94F-48BA-B2E9-9CF0752C2189} = {B8C94B77-D94F-48BA-B2E9-9CF0752C2189}
		{E37A990E-4041-4F9C-8202-CACA45803376} = {E37A990E-4041-4F9C-8202-CACA45803376}
	EndProjectSection
EndProject
Project("{2150E333-8FDC-42A3-9474-1A3956D46DE8}") = "Native", "Native", "{E5E9BDE7-3F7F-4044-ACFD-FE2F0F66AB53}"
EndProject
Project("{9A19103F-16F7-4668-BE54-9A1E7A4F7556}") = "MochaTool.InteropGen", "MochaTool.InteropGen\MochaTool.InteropGen.csproj", "{4A73958E-BC60-4383-949B-4C57E1B484E1}"
EndProject
Project("{9A19103F-16F7-4668-BE54-9A1E7A4F7556}") = "Mocha.UI", "Mocha.UI\Mocha.UI.csproj", "{574073D7-C7B5-456F-8568-420E34A3A081}"
EndProject
Project("{9A19103F-16F7-4668-BE54-9A1E7A4F7556}") = "Mocha.Hotload", "Mocha.Hotload\Mocha.Hotload.csproj", "{0FD2339A-B0C8-4AFC-B2AB-AF3C0DDCD6F2}"
	ProjectSection(ProjectDependencies) = postProject
		{05117E76-6DE2-4B04-BF23-93621AF84576} = {05117E76-6DE2-4B04-BF23-93621AF84576}
		{4A73958E-BC60-4383-949B-4C57E1B484E1} = {4A73958E-BC60-4383-949B-4C57E1B484E1}
		{574073D7-C7B5-456F-8568-420E34A3A081} = {574073D7-C7B5-456F-8568-420E34A3A081}
	EndProjectSection
EndProject
Project("{9A19103F-16F7-4668-BE54-9A1E7A4F7556}") = "Mocha.Editor", "Mocha.Editor\Mocha.Editor.csproj", "{E37A990E-4041-4F9C-8202-CACA45803376}"
EndProject
Project("{2150E333-8FDC-42A3-9474-1A3956D46DE8}") = "Editor", "Editor", "{FE285D47-E211-4111-9A3B-C71F65380D60}"
EndProject
Project("{8BC9CEB8-8B4A-11D0-8D11-00A0C91BC942}") = "Mocha", "Mocha\Mocha.vcxproj", "{2BF31211-78F2-42DE-AA9A-E9718C2A9055}"
EndProject
Project("{8BC9CEB8-8B4A-11D0-8D11-00A0C91BC942}") = "MochaDedicatedServer", "MochaDedicatedServer\MochaDedicatedServer.vcxproj", "{860C57C4-6E4B-445F-9614-9084AF4CD46B}"
EndProject
Project("{2150E333-8FDC-42A3-9474-1A3956D46DE8}") = "Executables", "Executables", "{40918016-AB8B-47EC-9B4C-EDF1532D3FAF}"
EndProject
Project("{9A19103F-16F7-4668-BE54-9A1E7A4F7556}") = "Mocha.Tests", "Mocha.Tests\Mocha.Tests.csproj", "{267A391D-CD51-4A29-A41B-11D57E9F9AAF}"
EndProject
Project("{2150E333-8FDC-42A3-9474-1A3956D46DE8}") = "Tests", "Tests", "{72F58AEF-9202-4AD4-8D52-8AA54B30550B}"
EndProject
Global
	GlobalSection(SolutionConfigurationPlatforms) = preSolution
		Debug|Any CPU = Debug|Any CPU
		Debug|x64 = Debug|x64
		Debug|x86 = Debug|x86
		Release|Any CPU = Release|Any CPU
		Release|x64 = Release|x64
		Release|x86 = Release|x86
	EndGlobalSection
	GlobalSection(ProjectConfigurationPlatforms) = postSolution
		{B8C94B77-D94F-48BA-B2E9-9CF0752C2189}.Debug|Any CPU.ActiveCfg = Debug|Any CPU
		{B8C94B77-D94F-48BA-B2E9-9CF0752C2189}.Debug|Any CPU.Build.0 = Debug|Any CPU
		{B8C94B77-D94F-48BA-B2E9-9CF0752C2189}.Debug|x64.ActiveCfg = Debug|x64
		{B8C94B77-D94F-48BA-B2E9-9CF0752C2189}.Debug|x64.Build.0 = Debug|x64
		{B8C94B77-D94F-48BA-B2E9-9CF0752C2189}.Debug|x86.ActiveCfg = Debug|x86
		{B8C94B77-D94F-48BA-B2E9-9CF0752C2189}.Debug|x86.Build.0 = Debug|x86
		{B8C94B77-D94F-48BA-B2E9-9CF0752C2189}.Release|Any CPU.ActiveCfg = Release|Any CPU
		{B8C94B77-D94F-48BA-B2E9-9CF0752C2189}.Release|Any CPU.Build.0 = Release|Any CPU
		{B8C94B77-D94F-48BA-B2E9-9CF0752C2189}.Release|x64.ActiveCfg = Release|x64
		{B8C94B77-D94F-48BA-B2E9-9CF0752C2189}.Release|x64.Build.0 = Release|x64
		{B8C94B77-D94F-48BA-B2E9-9CF0752C2189}.Release|x86.ActiveCfg = Release|x86
		{B8C94B77-D94F-48BA-B2E9-9CF0752C2189}.Release|x86.Build.0 = Release|x86
		{06D1B36D-62C6-4687-A21B-7D1C36AC0D4F}.Debug|Any CPU.ActiveCfg = Debug|Any CPU
		{06D1B36D-62C6-4687-A21B-7D1C36AC0D4F}.Debug|Any CPU.Build.0 = Debug|Any CPU
		{06D1B36D-62C6-4687-A21B-7D1C36AC0D4F}.Debug|x64.ActiveCfg = Debug|x64
		{06D1B36D-62C6-4687-A21B-7D1C36AC0D4F}.Debug|x64.Build.0 = Debug|x64
		{06D1B36D-62C6-4687-A21B-7D1C36AC0D4F}.Debug|x86.ActiveCfg = Debug|x86
		{06D1B36D-62C6-4687-A21B-7D1C36AC0D4F}.Debug|x86.Build.0 = Debug|x86
		{06D1B36D-62C6-4687-A21B-7D1C36AC0D4F}.Release|Any CPU.ActiveCfg = Release|Any CPU
		{06D1B36D-62C6-4687-A21B-7D1C36AC0D4F}.Release|Any CPU.Build.0 = Release|Any CPU
		{06D1B36D-62C6-4687-A21B-7D1C36AC0D4F}.Release|x64.ActiveCfg = Release|x64
		{06D1B36D-62C6-4687-A21B-7D1C36AC0D4F}.Release|x64.Build.0 = Release|x64
		{06D1B36D-62C6-4687-A21B-7D1C36AC0D4F}.Release|x86.ActiveCfg = Release|x86
		{06D1B36D-62C6-4687-A21B-7D1C36AC0D4F}.Release|x86.Build.0 = Release|x86
		{05117E76-6DE2-4B04-BF23-93621AF84576}.Debug|Any CPU.ActiveCfg = Debug|Any CPU
		{05117E76-6DE2-4B04-BF23-93621AF84576}.Debug|Any CPU.Build.0 = Debug|Any CPU
		{05117E76-6DE2-4B04-BF23-93621AF84576}.Debug|x64.ActiveCfg = Debug|x64
		{05117E76-6DE2-4B04-BF23-93621AF84576}.Debug|x64.Build.0 = Debug|x64
		{05117E76-6DE2-4B04-BF23-93621AF84576}.Debug|x86.ActiveCfg = Debug|x86
		{05117E76-6DE2-4B04-BF23-93621AF84576}.Debug|x86.Build.0 = Debug|x86
		{05117E76-6DE2-4B04-BF23-93621AF84576}.Release|Any CPU.ActiveCfg = Release|Any CPU
		{05117E76-6DE2-4B04-BF23-93621AF84576}.Release|Any CPU.Build.0 = Release|Any CPU
		{05117E76-6DE2-4B04-BF23-93621AF84576}.Release|x64.ActiveCfg = Release|x64
		{05117E76-6DE2-4B04-BF23-93621AF84576}.Release|x64.Build.0 = Release|x64
		{05117E76-6DE2-4B04-BF23-93621AF84576}.Release|x86.ActiveCfg = Release|x86
		{05117E76-6DE2-4B04-BF23-93621AF84576}.Release|x86.Build.0 = Release|x86
		{E07C31BC-2908-46EC-A186-D27077AA3EBA}.Debug|Any CPU.ActiveCfg = Debug|x64
		{E07C31BC-2908-46EC-A186-D27077AA3EBA}.Debug|Any CPU.Build.0 = Debug|x64
		{E07C31BC-2908-46EC-A186-D27077AA3EBA}.Debug|x64.ActiveCfg = Debug|x64
		{E07C31BC-2908-46EC-A186-D27077AA3EBA}.Debug|x64.Build.0 = Debug|x64
		{E07C31BC-2908-46EC-A186-D27077AA3EBA}.Debug|x86.ActiveCfg = Debug|Win32
		{E07C31BC-2908-46EC-A186-D27077AA3EBA}.Debug|x86.Build.0 = Debug|Win32
		{E07C31BC-2908-46EC-A186-D27077AA3EBA}.Release|Any CPU.ActiveCfg = Release|x64
		{E07C31BC-2908-46EC-A186-D27077AA3EBA}.Release|Any CPU.Build.0 = Release|x64
		{E07C31BC-2908-46EC-A186-D27077AA3EBA}.Release|x64.ActiveCfg = Release|x64
		{E07C31BC-2908-46EC-A186-D27077AA3EBA}.Release|x64.Build.0 = Release|x64
		{E07C31BC-2908-46EC-A186-D27077AA3EBA}.Release|x86.ActiveCfg = Release|Win32
		{E07C31BC-2908-46EC-A186-D27077AA3EBA}.Release|x86.Build.0 = Release|Win32
		{4A73958E-BC60-4383-949B-4C57E1B484E1}.Debug|Any CPU.ActiveCfg = Debug|Any CPU
		{4A73958E-BC60-4383-949B-4C57E1B484E1}.Debug|Any CPU.Build.0 = Debug|Any CPU
		{4A73958E-BC60-4383-949B-4C57E1B484E1}.Debug|x64.ActiveCfg = Debug|x64
		{4A73958E-BC60-4383-949B-4C57E1B484E1}.Debug|x64.Build.0 = Debug|x64
		{4A73958E-BC60-4383-949B-4C57E1B484E1}.Debug|x86.ActiveCfg = Debug|x86
		{4A73958E-BC60-4383-949B-4C57E1B484E1}.Debug|x86.Build.0 = Debug|x86
		{4A73958E-BC60-4383-949B-4C57E1B484E1}.Release|Any CPU.ActiveCfg = Release|Any CPU
		{4A73958E-BC60-4383-949B-4C57E1B484E1}.Release|Any CPU.Build.0 = Release|Any CPU
		{4A73958E-BC60-4383-949B-4C57E1B484E1}.Release|x64.ActiveCfg = Release|Any CPU
		{4A73958E-BC60-4383-949B-4C57E1B484E1}.Release|x64.Build.0 = Release|Any CPU
		{4A73958E-BC60-4383-949B-4C57E1B484E1}.Release|x86.ActiveCfg = Release|x86
		{4A73958E-BC60-4383-949B-4C57E1B484E1}.Release|x86.Build.0 = Release|x86
		{574073D7-C7B5-456F-8568-420E34A3A081}.Debug|Any CPU.ActiveCfg = Debug|Any CPU
		{574073D7-C7B5-456F-8568-420E34A3A081}.Debug|Any CPU.Build.0 = Debug|Any CPU
		{574073D7-C7B5-456F-8568-420E34A3A081}.Debug|x64.ActiveCfg = Debug|x64
		{574073D7-C7B5-456F-8568-420E34A3A081}.Debug|x64.Build.0 = Debug|x64
		{574073D7-C7B5-456F-8568-420E34A3A081}.Debug|x86.ActiveCfg = Debug|x86
		{574073D7-C7B5-456F-8568-420E34A3A081}.Debug|x86.Build.0 = Debug|x86
		{574073D7-C7B5-456F-8568-420E34A3A081}.Release|Any CPU.ActiveCfg = Release|Any CPU
		{574073D7-C7B5-456F-8568-420E34A3A081}.Release|Any CPU.Build.0 = Release|Any CPU
		{574073D7-C7B5-456F-8568-420E34A3A081}.Release|x64.ActiveCfg = Release|Any CPU
		{574073D7-C7B5-456F-8568-420E34A3A081}.Release|x64.Build.0 = Release|Any CPU
		{574073D7-C7B5-456F-8568-420E34A3A081}.Release|x86.ActiveCfg = Release|x86
		{574073D7-C7B5-456F-8568-420E34A3A081}.Release|x86.Build.0 = Release|x86
		{0FD2339A-B0C8-4AFC-B2AB-AF3C0DDCD6F2}.Debug|Any CPU.ActiveCfg = Debug|Any CPU
		{0FD2339A-B0C8-4AFC-B2AB-AF3C0DDCD6F2}.Debug|Any CPU.Build.0 = Debug|Any CPU
		{0FD2339A-B0C8-4AFC-B2AB-AF3C0DDCD6F2}.Debug|x64.ActiveCfg = Debug|x64
		{0FD2339A-B0C8-4AFC-B2AB-AF3C0DDCD6F2}.Debug|x64.Build.0 = Debug|x64
		{0FD2339A-B0C8-4AFC-B2AB-AF3C0DDCD6F2}.Debug|x86.ActiveCfg = Debug|Any CPU
		{0FD2339A-B0C8-4AFC-B2AB-AF3C0DDCD6F2}.Debug|x86.Build.0 = Debug|Any CPU
		{0FD2339A-B0C8-4AFC-B2AB-AF3C0DDCD6F2}.Release|Any CPU.ActiveCfg = Release|Any CPU
		{0FD2339A-B0C8-4AFC-B2AB-AF3C0DDCD6F2}.Release|Any CPU.Build.0 = Release|Any CPU
		{0FD2339A-B0C8-4AFC-B2AB-AF3C0DDCD6F2}.Release|x64.ActiveCfg = Release|Any CPU
		{0FD2339A-B0C8-4AFC-B2AB-AF3C0DDCD6F2}.Release|x64.Build.0 = Release|Any CPU
		{0FD2339A-B0C8-4AFC-B2AB-AF3C0DDCD6F2}.Release|x86.ActiveCfg = Release|Any CPU
		{0FD2339A-B0C8-4AFC-B2AB-AF3C0DDCD6F2}.Release|x86.Build.0 = Release|Any CPU
		{E37A990E-4041-4F9C-8202-CACA45803376}.Debug|Any CPU.ActiveCfg = Debug|Any CPU
		{E37A990E-4041-4F9C-8202-CACA45803376}.Debug|Any CPU.Build.0 = Debug|Any CPU
		{E37A990E-4041-4F9C-8202-CACA45803376}.Debug|x64.ActiveCfg = Debug|x64
		{E37A990E-4041-4F9C-8202-CACA45803376}.Debug|x64.Build.0 = Debug|x64
		{E37A990E-4041-4F9C-8202-CACA45803376}.Debug|x86.ActiveCfg = Debug|Any CPU
		{E37A990E-4041-4F9C-8202-CACA45803376}.Debug|x86.Build.0 = Debug|Any CPU
		{E37A990E-4041-4F9C-8202-CACA45803376}.Release|Any CPU.ActiveCfg = Release|Any CPU
		{E37A990E-4041-4F9C-8202-CACA45803376}.Release|Any CPU.Build.0 = Release|Any CPU
		{E37A990E-4041-4F9C-8202-CACA45803376}.Release|x64.ActiveCfg = Release|Any CPU
		{E37A990E-4041-4F9C-8202-CACA45803376}.Release|x64.Build.0 = Release|Any CPU
		{E37A990E-4041-4F9C-8202-CACA45803376}.Release|x86.ActiveCfg = Release|Any CPU
		{E37A990E-4041-4F9C-8202-CACA45803376}.Release|x86.Build.0 = Release|Any CPU
		{2BF31211-78F2-42DE-AA9A-E9718C2A9055}.Debug|Any CPU.ActiveCfg = Debug|x64
		{2BF31211-78F2-42DE-AA9A-E9718C2A9055}.Debug|Any CPU.Build.0 = Debug|x64
		{2BF31211-78F2-42DE-AA9A-E9718C2A9055}.Debug|x64.ActiveCfg = Debug|x64
		{2BF31211-78F2-42DE-AA9A-E9718C2A9055}.Debug|x64.Build.0 = Debug|x64
		{2BF31211-78F2-42DE-AA9A-E9718C2A9055}.Debug|x86.ActiveCfg = Debug|Win32
		{2BF31211-78F2-42DE-AA9A-E9718C2A9055}.Debug|x86.Build.0 = Debug|Win32
		{2BF31211-78F2-42DE-AA9A-E9718C2A9055}.Release|Any CPU.ActiveCfg = Release|x64
		{2BF31211-78F2-42DE-AA9A-E9718C2A9055}.Release|Any CPU.Build.0 = Release|x64
		{2BF31211-78F2-42DE-AA9A-E9718C2A9055}.Release|x64.ActiveCfg = Release|x64
		{2BF31211-78F2-42DE-AA9A-E9718C2A9055}.Release|x64.Build.0 = Release|x64
		{2BF31211-78F2-42DE-AA9A-E9718C2A9055}.Release|x86.ActiveCfg = Release|Win32
		{2BF31211-78F2-42DE-AA9A-E9718C2A9055}.Release|x86.Build.0 = Release|Win32
		{860C57C4-6E4B-445F-9614-9084AF4CD46B}.Debug|Any CPU.ActiveCfg = Debug|x64
		{860C57C4-6E4B-445F-9614-9084AF4CD46B}.Debug|Any CPU.Build.0 = Debug|x64
		{860C57C4-6E4B-445F-9614-9084AF4CD46B}.Debug|x64.ActiveCfg = Debug|x64
		{860C57C4-6E4B-445F-9614-9084AF4CD46B}.Debug|x64.Build.0 = Debug|x64
		{860C57C4-6E4B-445F-9614-9084AF4CD46B}.Debug|x86.ActiveCfg = Debug|Win32
		{860C57C4-6E4B-445F-9614-9084AF4CD46B}.Debug|x86.Build.0 = Debug|Win32
		{860C57C4-6E4B-445F-9614-9084AF4CD46B}.Release|Any CPU.ActiveCfg = Release|x64
		{860C57C4-6E4B-445F-9614-9084AF4CD46B}.Release|Any CPU.Build.0 = Release|x64
		{860C57C4-6E4B-445F-9614-9084AF4CD46B}.Release|x64.ActiveCfg = Release|x64
		{860C57C4-6E4B-445F-9614-9084AF4CD46B}.Release|x64.Build.0 = Release|x64
		{860C57C4-6E4B-445F-9614-9084AF4CD46B}.Release|x86.ActiveCfg = Release|Win32
		{860C57C4-6E4B-445F-9614-9084AF4CD46B}.Release|x86.Build.0 = Release|Win32
		{267A391D-CD51-4A29-A41B-11D57E9F9AAF}.Debug|Any CPU.ActiveCfg = Debug|Any CPU
		{267A391D-CD51-4A29-A41B-11D57E9F9AAF}.Debug|Any CPU.Build.0 = Debug|Any CPU
		{267A391D-CD51-4A29-A41B-11D57E9F9AAF}.Debug|x64.ActiveCfg = Debug|Any CPU
		{267A391D-CD51-4A29-A41B-11D57E9F9AAF}.Debug|x64.Build.0 = Debug|Any CPU
		{267A391D-CD51-4A29-A41B-11D57E9F9AAF}.Debug|x86.ActiveCfg = Debug|Any CPU
		{267A391D-CD51-4A29-A41B-11D57E9F9AAF}.Debug|x86.Build.0 = Debug|Any CPU
		{267A391D-CD51-4A29-A41B-11D57E9F9AAF}.Release|Any CPU.ActiveCfg = Release|Any CPU
		{267A391D-CD51-4A29-A41B-11D57E9F9AAF}.Release|Any CPU.Build.0 = Release|Any CPU
		{267A391D-CD51-4A29-A41B-11D57E9F9AAF}.Release|x64.ActiveCfg = Release|Any CPU
		{267A391D-CD51-4A29-A41B-11D57E9F9AAF}.Release|x64.Build.0 = Release|Any CPU
		{267A391D-CD51-4A29-A41B-11D57E9F9AAF}.Release|x86.ActiveCfg = Release|Any CPU
		{267A391D-CD51-4A29-A41B-11D57E9F9AAF}.Release|x86.Build.0 = Release|Any CPU
	EndGlobalSection
	GlobalSection(SolutionProperties) = preSolution
		HideSolutionNode = FALSE
	EndGlobalSection
	GlobalSection(NestedProjects) = preSolution
		{B8C94B77-D94F-48BA-B2E9-9CF0752C2189} = {2F5C4610-1254-4D33-A1A6-5B38197346EE}
		{06D1B36D-62C6-4687-A21B-7D1C36AC0D4F} = {CB07C6D5-36BE-4B1E-B29D-7372756F892F}
		{05117E76-6DE2-4B04-BF23-93621AF84576} = {2F5C4610-1254-4D33-A1A6-5B38197346EE}
		{E07C31BC-2908-46EC-A186-D27077AA3EBA} = {E5E9BDE7-3F7F-4044-ACFD-FE2F0F66AB53}
		{4A73958E-BC60-4383-949B-4C57E1B484E1} = {CB07C6D5-36BE-4B1E-B29D-7372756F892F}
		{574073D7-C7B5-456F-8568-420E34A3A081} = {2F5C4610-1254-4D33-A1A6-5B38197346EE}
		{0FD2339A-B0C8-4AFC-B2AB-AF3C0DDCD6F2} = {2F5C4610-1254-4D33-A1A6-5B38197346EE}
		{E37A990E-4041-4F9C-8202-CACA45803376} = {FE285D47-E211-4111-9A3B-C71F65380D60}
		{FE285D47-E211-4111-9A3B-C71F65380D60} = {2F5C4610-1254-4D33-A1A6-5B38197346EE}
		{2BF31211-78F2-42DE-AA9A-E9718C2A9055} = {40918016-AB8B-47EC-9B4C-EDF1532D3FAF}
		{860C57C4-6E4B-445F-9614-9084AF4CD46B} = {40918016-AB8B-47EC-9B4C-EDF1532D3FAF}
		{40918016-AB8B-47EC-9B4C-EDF1532D3FAF} = {E5E9BDE7-3F7F-4044-ACFD-FE2F0F66AB53}
		{267A391D-CD51-4A29-A41B-11D57E9F9AAF} = {72F58AEF-9202-4AD4-8D52-8AA54B30550B}
	EndGlobalSection
	GlobalSection(ExtensibilityGlobals) = postSolution
		SolutionGuid = {501E447E-DCFC-42D2-AF68-88486D3529DD}
	EndGlobalSection
EndGlobal
