
Microsoft Visual Studio Solution File, Format Version 12.00
# Visual Studio Version 17
VisualStudioVersion = 17.0.32112.339
MinimumVisualStudioVersion = 10.0.40219.1
Project("{9A19103F-16F7-4668-BE54-9A1E7A4F7556}") = "Engine", "Engine\Engine.csproj", "{B8C94B77-D94F-48BA-B2E9-9CF0752C2189}"
	ProjectSection(ProjectDependencies) = postProject
		{6A9167C6-40D1-4D1A-B105-318837AE4C91} = {6A9167C6-40D1-4D1A-B105-318837AE4C91}
	EndProjectSection
EndProject
Project("{9A19103F-16F7-4668-BE54-9A1E7A4F7556}") = "AssetCompiler", "AssetCompiler\AssetCompiler.csproj", "{06D1B36D-62C6-4687-A21B-7D1C36AC0D4F}"
	ProjectSection(ProjectDependencies) = postProject
		{6A9167C6-40D1-4D1A-B105-318837AE4C91} = {6A9167C6-40D1-4D1A-B105-318837AE4C91}
	EndProjectSection
EndProject
Project("{9A19103F-16F7-4668-BE54-9A1E7A4F7556}") = "Common", "Common\Common.csproj", "{05117E76-6DE2-4B04-BF23-93621AF84576}"
	ProjectSection(ProjectDependencies) = postProject
		{6A9167C6-40D1-4D1A-B105-318837AE4C91} = {6A9167C6-40D1-4D1A-B105-318837AE4C91}
	EndProjectSection
EndProject
Project("{9A19103F-16F7-4668-BE54-9A1E7A4F7556}") = "Editor", "Editor\Editor.csproj", "{86D9A27F-6F46-4F60-BD58-94DF366704EB}"
	ProjectSection(ProjectDependencies) = postProject
		{6A9167C6-40D1-4D1A-B105-318837AE4C91} = {6A9167C6-40D1-4D1A-B105-318837AE4C91}
	EndProjectSection
EndProject
Project("{2150E333-8FDC-42A3-9474-1A3956D46DE8}") = "Tools", "Tools", "{CB07C6D5-36BE-4B1E-B29D-7372756F892F}"
EndProject
Project("{2150E333-8FDC-42A3-9474-1A3956D46DE8}") = "Engine", "Engine", "{2F5C4610-1254-4D33-A1A6-5B38197346EE}"
EndProject
Project("{8BC9CEB8-8B4A-11D0-8D11-00A0C91BC942}") = "Mocha", "Mocha\Mocha.vcxproj", "{15316C0B-5D5C-4F76-B00F-DCD2FD3E5401}"
	ProjectSection(ProjectDependencies) = postProject
		{05117E76-6DE2-4B04-BF23-93621AF84576} = {05117E76-6DE2-4B04-BF23-93621AF84576}
		{06D1B36D-62C6-4687-A21B-7D1C36AC0D4F} = {06D1B36D-62C6-4687-A21B-7D1C36AC0D4F}
		{6A9167C6-40D1-4D1A-B105-318837AE4C91} = {6A9167C6-40D1-4D1A-B105-318837AE4C91}
		{86D9A27F-6F46-4F60-BD58-94DF366704EB} = {86D9A27F-6F46-4F60-BD58-94DF366704EB}
		{B8C94B77-D94F-48BA-B2E9-9CF0752C2189} = {B8C94B77-D94F-48BA-B2E9-9CF0752C2189}
	EndProjectSection
EndProject
Project("{9A19103F-16F7-4668-BE54-9A1E7A4F7556}") = "InteropGen", "InteropGen\InteropGen.csproj", "{6A9167C6-40D1-4D1A-B105-318837AE4C91}"
EndProject
Global
	GlobalSection(SolutionConfigurationPlatforms) = preSolution
		Debug|x64 = Debug|x64
		Debug|x86 = Debug|x86
		Release|x64 = Release|x64
		Release|x86 = Release|x86
	EndGlobalSection
	GlobalSection(ProjectConfigurationPlatforms) = postSolution
		{B8C94B77-D94F-48BA-B2E9-9CF0752C2189}.Debug|x64.ActiveCfg = Debug|Any CPU
		{B8C94B77-D94F-48BA-B2E9-9CF0752C2189}.Debug|x64.Build.0 = Debug|Any CPU
		{B8C94B77-D94F-48BA-B2E9-9CF0752C2189}.Debug|x86.ActiveCfg = Debug|x86
		{B8C94B77-D94F-48BA-B2E9-9CF0752C2189}.Debug|x86.Build.0 = Debug|x86
		{B8C94B77-D94F-48BA-B2E9-9CF0752C2189}.Release|x64.ActiveCfg = Release|x64
		{B8C94B77-D94F-48BA-B2E9-9CF0752C2189}.Release|x64.Build.0 = Release|x64
		{B8C94B77-D94F-48BA-B2E9-9CF0752C2189}.Release|x86.ActiveCfg = Release|x86
		{B8C94B77-D94F-48BA-B2E9-9CF0752C2189}.Release|x86.Build.0 = Release|x86
		{06D1B36D-62C6-4687-A21B-7D1C36AC0D4F}.Debug|x64.ActiveCfg = Debug|Any CPU
		{06D1B36D-62C6-4687-A21B-7D1C36AC0D4F}.Debug|x64.Build.0 = Debug|Any CPU
		{06D1B36D-62C6-4687-A21B-7D1C36AC0D4F}.Debug|x86.ActiveCfg = Debug|x86
		{06D1B36D-62C6-4687-A21B-7D1C36AC0D4F}.Debug|x86.Build.0 = Debug|x86
		{06D1B36D-62C6-4687-A21B-7D1C36AC0D4F}.Release|x64.ActiveCfg = Release|x64
		{06D1B36D-62C6-4687-A21B-7D1C36AC0D4F}.Release|x64.Build.0 = Release|x64
		{06D1B36D-62C6-4687-A21B-7D1C36AC0D4F}.Release|x86.ActiveCfg = Release|x86
		{06D1B36D-62C6-4687-A21B-7D1C36AC0D4F}.Release|x86.Build.0 = Release|x86
		{05117E76-6DE2-4B04-BF23-93621AF84576}.Debug|x64.ActiveCfg = Debug|Any CPU
		{05117E76-6DE2-4B04-BF23-93621AF84576}.Debug|x64.Build.0 = Debug|Any CPU
		{05117E76-6DE2-4B04-BF23-93621AF84576}.Debug|x86.ActiveCfg = Debug|x86
		{05117E76-6DE2-4B04-BF23-93621AF84576}.Debug|x86.Build.0 = Debug|x86
		{05117E76-6DE2-4B04-BF23-93621AF84576}.Release|x64.ActiveCfg = Release|x64
		{05117E76-6DE2-4B04-BF23-93621AF84576}.Release|x64.Build.0 = Release|x64
		{05117E76-6DE2-4B04-BF23-93621AF84576}.Release|x86.ActiveCfg = Release|x86
		{05117E76-6DE2-4B04-BF23-93621AF84576}.Release|x86.Build.0 = Release|x86
		{86D9A27F-6F46-4F60-BD58-94DF366704EB}.Debug|x64.ActiveCfg = Debug|Any CPU
		{86D9A27F-6F46-4F60-BD58-94DF366704EB}.Debug|x64.Build.0 = Debug|Any CPU
		{86D9A27F-6F46-4F60-BD58-94DF366704EB}.Debug|x86.ActiveCfg = Debug|x86
		{86D9A27F-6F46-4F60-BD58-94DF366704EB}.Debug|x86.Build.0 = Debug|x86
		{86D9A27F-6F46-4F60-BD58-94DF366704EB}.Release|x64.ActiveCfg = Release|x64
		{86D9A27F-6F46-4F60-BD58-94DF366704EB}.Release|x64.Build.0 = Release|x64
		{86D9A27F-6F46-4F60-BD58-94DF366704EB}.Release|x86.ActiveCfg = Release|x86
		{86D9A27F-6F46-4F60-BD58-94DF366704EB}.Release|x86.Build.0 = Release|x86
		{15316C0B-5D5C-4F76-B00F-DCD2FD3E5401}.Debug|x64.ActiveCfg = Debug|x64
		{15316C0B-5D5C-4F76-B00F-DCD2FD3E5401}.Debug|x64.Build.0 = Debug|x64
		{15316C0B-5D5C-4F76-B00F-DCD2FD3E5401}.Debug|x86.ActiveCfg = Debug|Win32
		{15316C0B-5D5C-4F76-B00F-DCD2FD3E5401}.Debug|x86.Build.0 = Debug|Win32
		{15316C0B-5D5C-4F76-B00F-DCD2FD3E5401}.Release|x64.ActiveCfg = Release|x64
		{15316C0B-5D5C-4F76-B00F-DCD2FD3E5401}.Release|x64.Build.0 = Release|x64
		{15316C0B-5D5C-4F76-B00F-DCD2FD3E5401}.Release|x86.ActiveCfg = Release|Win32
		{15316C0B-5D5C-4F76-B00F-DCD2FD3E5401}.Release|x86.Build.0 = Release|Win32
		{6A9167C6-40D1-4D1A-B105-318837AE4C91}.Debug|x64.ActiveCfg = Debug|Any CPU
		{6A9167C6-40D1-4D1A-B105-318837AE4C91}.Debug|x64.Build.0 = Debug|Any CPU
		{6A9167C6-40D1-4D1A-B105-318837AE4C91}.Debug|x86.ActiveCfg = Debug|Any CPU
		{6A9167C6-40D1-4D1A-B105-318837AE4C91}.Debug|x86.Build.0 = Debug|Any CPU
		{6A9167C6-40D1-4D1A-B105-318837AE4C91}.Release|x64.ActiveCfg = Release|x64
		{6A9167C6-40D1-4D1A-B105-318837AE4C91}.Release|x64.Build.0 = Release|x64
		{6A9167C6-40D1-4D1A-B105-318837AE4C91}.Release|x86.ActiveCfg = Release|Any CPU
		{6A9167C6-40D1-4D1A-B105-318837AE4C91}.Release|x86.Build.0 = Release|Any CPU
	EndGlobalSection
	GlobalSection(SolutionProperties) = preSolution
		HideSolutionNode = FALSE
	EndGlobalSection
	GlobalSection(NestedProjects) = preSolution
		{B8C94B77-D94F-48BA-B2E9-9CF0752C2189} = {2F5C4610-1254-4D33-A1A6-5B38197346EE}
		{06D1B36D-62C6-4687-A21B-7D1C36AC0D4F} = {CB07C6D5-36BE-4B1E-B29D-7372756F892F}
		{05117E76-6DE2-4B04-BF23-93621AF84576} = {2F5C4610-1254-4D33-A1A6-5B38197346EE}
		{86D9A27F-6F46-4F60-BD58-94DF366704EB} = {2F5C4610-1254-4D33-A1A6-5B38197346EE}
		{6A9167C6-40D1-4D1A-B105-318837AE4C91} = {CB07C6D5-36BE-4B1E-B29D-7372756F892F}
	EndGlobalSection
	GlobalSection(ExtensibilityGlobals) = postSolution
		SolutionGuid = {501E447E-DCFC-42D2-AF68-88486D3529DD}
	EndGlobalSection
EndGlobal
